[0m[1mdata.aws_availability_zones.available: Reading...[0m[0m
[0m[1mdata.aws_availability_zones.available: Read complete after 0s [id=eu-central-1][0m

Terraform used the selected providers to generate the following execution
plan. Resource actions are indicated with the following symbols:
  [32m+[0m create[0m

Terraform will perform the following actions:

[1m  # aws_cloudformation_stack.guidance_deployment_metrics[0m will be created
[0m  [32m+[0m[0m resource "aws_cloudformation_stack" "guidance_deployment_metrics" {
      [32m+[0m[0m id            = (known after apply)
      [32m+[0m[0m name          = (sensitive value)
      [32m+[0m[0m on_failure    = "DO_NOTHING"
      [32m+[0m[0m outputs       = (known after apply)
      [32m+[0m[0m parameters    = (known after apply)
      [32m+[0m[0m policy_body   = (known after apply)
      [32m+[0m[0m tags_all      = {
          [32m+[0m[0m "Environment"    = "gitops-test"
          [32m+[0m[0m "Name"           = "ai-gitops-gitops-test"
          [32m+[0m[0m "provisioned-by" = "aws-solutions-library-samples/guidance-for-automated-provisioning-of-application-ready-amazon-eks-clusters"
          [32m+[0m[0m "purpose"        = "ai-platform-validation"
        }
      [32m+[0m[0m template_body = jsonencode(
            {
              [32m+[0m[0m AWSTemplateFormatVersion = "2010-09-09"
              [32m+[0m[0m Description              = "This is Guidance for Automated Provisioning of Application-Ready Amazon EKS Clusters (SO9530)"
              [32m+[0m[0m Resources                = {
                  [32m+[0m[0m EmptyResource = {
                      [32m+[0m[0m Type = "AWS::CloudFormation::WaitConditionHandle"
                    }
                }
            }
        )
    }

[1m  # random_bytes.this[0m will be created
[0m  [32m+[0m[0m resource "random_bytes" "this" {
      [32m+[0m[0m base64 = (sensitive value)
      [32m+[0m[0m hex    = (sensitive value)
      [32m+[0m[0m length = 2
    }

[1m  # module.vpc.aws_default_network_acl.this[0][0m will be created
[0m  [32m+[0m[0m resource "aws_default_network_acl" "this" {
      [32m+[0m[0m arn                    = (known after apply)
      [32m+[0m[0m default_network_acl_id = (known after apply)
      [32m+[0m[0m id                     = (known after apply)
      [32m+[0m[0m owner_id               = (known after apply)
      [32m+[0m[0m tags                   = {
          [32m+[0m[0m "Name" = "ai-gitops-gitops-test-default"
        }
      [32m+[0m[0m tags_all               = {
          [32m+[0m[0m "Environment"    = "gitops-test"
          [32m+[0m[0m "Name"           = "ai-gitops-gitops-test-default"
          [32m+[0m[0m "provisioned-by" = "aws-solutions-library-samples/guidance-for-automated-provisioning-of-application-ready-amazon-eks-clusters"
          [32m+[0m[0m "purpose"        = "ai-platform-validation"
        }
      [32m+[0m[0m vpc_id                 = (known after apply)

      [32m+[0m[0m egress {
          [32m+[0m[0m action          = "allow"
          [32m+[0m[0m from_port       = 0
          [32m+[0m[0m ipv6_cidr_block = "::/0"
          [32m+[0m[0m protocol        = "-1"
          [32m+[0m[0m rule_no         = 101
          [32m+[0m[0m to_port         = 0
        }
      [32m+[0m[0m egress {
          [32m+[0m[0m action     = "allow"
          [32m+[0m[0m cidr_block = "0.0.0.0/0"
          [32m+[0m[0m from_port  = 0
          [32m+[0m[0m protocol   = "-1"
          [32m+[0m[0m rule_no    = 100
          [32m+[0m[0m to_port    = 0
        }

      [32m+[0m[0m ingress {
          [32m+[0m[0m action          = "allow"
          [32m+[0m[0m from_port       = 0
          [32m+[0m[0m ipv6_cidr_block = "::/0"
          [32m+[0m[0m protocol        = "-1"
          [32m+[0m[0m rule_no         = 101
          [32m+[0m[0m to_port         = 0
        }
      [32m+[0m[0m ingress {
          [32m+[0m[0m action     = "allow"
          [32m+[0m[0m cidr_block = "0.0.0.0/0"
          [32m+[0m[0m from_port  = 0
          [32m+[0m[0m protocol   = "-1"
          [32m+[0m[0m rule_no    = 100
          [32m+[0m[0m to_port    = 0
        }
    }

[1m  # module.vpc.aws_default_route_table.default[0][0m will be created
[0m  [32m+[0m[0m resource "aws_default_route_table" "default" {
      [32m+[0m[0m arn                    = (known after apply)
      [32m+[0m[0m default_route_table_id = (known after apply)
      [32m+[0m[0m id                     = (known after apply)
      [32m+[0m[0m owner_id               = (known after apply)
      [32m+[0m[0m route                  = (known after apply)
      [32m+[0m[0m tags                   = {
          [32m+[0m[0m "Name" = "ai-gitops-gitops-test-default"
        }
      [32m+[0m[0m tags_all               = {
          [32m+[0m[0m "Environment"    = "gitops-test"
          [32m+[0m[0m "Name"           = "ai-gitops-gitops-test-default"
          [32m+[0m[0m "provisioned-by" = "aws-solutions-library-samples/guidance-for-automated-provisioning-of-application-ready-amazon-eks-clusters"
          [32m+[0m[0m "purpose"        = "ai-platform-validation"
        }
      [32m+[0m[0m vpc_id                 = (known after apply)

      [32m+[0m[0m timeouts {
          [32m+[0m[0m create = "5m"
          [32m+[0m[0m update = "5m"
        }
    }

[1m  # module.vpc.aws_default_security_group.this[0][0m will be created
[0m  [32m+[0m[0m resource "aws_default_security_group" "this" {
      [32m+[0m[0m arn                    = (known after apply)
      [32m+[0m[0m description            = (known after apply)
      [32m+[0m[0m egress                 = (known after apply)
      [32m+[0m[0m id                     = (known after apply)
      [32m+[0m[0m ingress                = (known after apply)
      [32m+[0m[0m name                   = (known after apply)
      [32m+[0m[0m name_prefix            = (known after apply)
      [32m+[0m[0m owner_id               = (known after apply)
      [32m+[0m[0m revoke_rules_on_delete = false
      [32m+[0m[0m tags                   = {
          [32m+[0m[0m "Name" = "ai-gitops-gitops-test-default"
        }
      [32m+[0m[0m tags_all               = {
          [32m+[0m[0m "Environment"    = "gitops-test"
          [32m+[0m[0m "Name"           = "ai-gitops-gitops-test-default"
          [32m+[0m[0m "provisioned-by" = "aws-solutions-library-samples/guidance-for-automated-provisioning-of-application-ready-amazon-eks-clusters"
          [32m+[0m[0m "purpose"        = "ai-platform-validation"
        }
      [32m+[0m[0m vpc_id                 = (known after apply)
    }

[1m  # module.vpc.aws_eip.nat[0][0m will be created
[0m  [32m+[0m[0m resource "aws_eip" "nat" {
      [32m+[0m[0m allocation_id        = (known after apply)
      [32m+[0m[0m arn                  = (known after apply)
      [32m+[0m[0m association_id       = (known after apply)
      [32m+[0m[0m carrier_ip           = (known after apply)
      [32m+[0m[0m customer_owned_ip    = (known after apply)
      [32m+[0m[0m domain               = "vpc"
      [32m+[0m[0m id                   = (known after apply)
      [32m+[0m[0m instance             = (known after apply)
      [32m+[0m[0m ipam_pool_id         = (known after apply)
      [32m+[0m[0m network_border_group = (known after apply)
      [32m+[0m[0m network_interface    = (known after apply)
      [32m+[0m[0m private_dns          = (known after apply)
      [32m+[0m[0m private_ip           = (known after apply)
      [32m+[0m[0m ptr_record           = (known after apply)
      [32m+[0m[0m public_dns           = (known after apply)
      [32m+[0m[0m public_ip            = (known after apply)
      [32m+[0m[0m public_ipv4_pool     = (known after apply)
      [32m+[0m[0m tags                 = {
          [32m+[0m[0m "Name" = "ai-gitops-gitops-test-eu-central-1a"
        }
      [32m+[0m[0m tags_all             = {
          [32m+[0m[0m "Environment"    = "gitops-test"
          [32m+[0m[0m "Name"           = "ai-gitops-gitops-test-eu-central-1a"
          [32m+[0m[0m "provisioned-by" = "aws-solutions-library-samples/guidance-for-automated-provisioning-of-application-ready-amazon-eks-clusters"
          [32m+[0m[0m "purpose"        = "ai-platform-validation"
        }
      [32m+[0m[0m vpc                  = (known after apply)
    }

[1m  # module.vpc.aws_eip.nat[1][0m will be created
[0m  [32m+[0m[0m resource "aws_eip" "nat" {
      [32m+[0m[0m allocation_id        = (known after apply)
      [32m+[0m[0m arn                  = (known after apply)
      [32m+[0m[0m association_id       = (known after apply)
      [32m+[0m[0m carrier_ip           = (known after apply)
      [32m+[0m[0m customer_owned_ip    = (known after apply)
      [32m+[0m[0m domain               = "vpc"
      [32m+[0m[0m id                   = (known after apply)
      [32m+[0m[0m instance             = (known after apply)
      [32m+[0m[0m ipam_pool_id         = (known after apply)
      [32m+[0m[0m network_border_group = (known after apply)
      [32m+[0m[0m network_interface    = (known after apply)
      [32m+[0m[0m private_dns          = (known after apply)
      [32m+[0m[0m private_ip           = (known after apply)
      [32m+[0m[0m ptr_record           = (known after apply)
      [32m+[0m[0m public_dns           = (known after apply)
      [32m+[0m[0m public_ip            = (known after apply)
      [32m+[0m[0m public_ipv4_pool     = (known after apply)
      [32m+[0m[0m tags                 = {
          [32m+[0m[0m "Name" = "ai-gitops-gitops-test-eu-central-1b"
        }
      [32m+[0m[0m tags_all             = {
          [32m+[0m[0m "Environment"    = "gitops-test"
          [32m+[0m[0m "Name"           = "ai-gitops-gitops-test-eu-central-1b"
          [32m+[0m[0m "provisioned-by" = "aws-solutions-library-samples/guidance-for-automated-provisioning-of-application-ready-amazon-eks-clusters"
          [32m+[0m[0m "purpose"        = "ai-platform-validation"
        }
      [32m+[0m[0m vpc                  = (known after apply)
    }

[1m  # module.vpc.aws_eip.nat[2][0m will be created
[0m  [32m+[0m[0m resource "aws_eip" "nat" {
      [32m+[0m[0m allocation_id        = (known after apply)
      [32m+[0m[0m arn                  = (known after apply)
      [32m+[0m[0m association_id       = (known after apply)
      [32m+[0m[0m carrier_ip           = (known after apply)
      [32m+[0m[0m customer_owned_ip    = (known after apply)
      [32m+[0m[0m domain               = "vpc"
      [32m+[0m[0m id                   = (known after apply)
      [32m+[0m[0m instance             = (known after apply)
      [32m+[0m[0m ipam_pool_id         = (known after apply)
      [32m+[0m[0m network_border_group = (known after apply)
      [32m+[0m[0m network_interface    = (known after apply)
      [32m+[0m[0m private_dns          = (known after apply)
      [32m+[0m[0m private_ip           = (known after apply)
      [32m+[0m[0m ptr_record           = (known after apply)
      [32m+[0m[0m public_dns           = (known after apply)
      [32m+[0m[0m public_ip            = (known after apply)
      [32m+[0m[0m public_ipv4_pool     = (known after apply)
      [32m+[0m[0m tags                 = {
          [32m+[0m[0m "Name" = "ai-gitops-gitops-test-eu-central-1c"
        }
      [32m+[0m[0m tags_all             = {
          [32m+[0m[0m "Environment"    = "gitops-test"
          [32m+[0m[0m "Name"           = "ai-gitops-gitops-test-eu-central-1c"
          [32m+[0m[0m "provisioned-by" = "aws-solutions-library-samples/guidance-for-automated-provisioning-of-application-ready-amazon-eks-clusters"
          [32m+[0m[0m "purpose"        = "ai-platform-validation"
        }
      [32m+[0m[0m vpc                  = (known after apply)
    }

[1m  # module.vpc.aws_internet_gateway.this[0][0m will be created
[0m  [32m+[0m[0m resource "aws_internet_gateway" "this" {
      [32m+[0m[0m arn      = (known after apply)
      [32m+[0m[0m id       = (known after apply)
      [32m+[0m[0m owner_id = (known after apply)
      [32m+[0m[0m tags     = {
          [32m+[0m[0m "Name" = "ai-gitops-gitops-test"
        }
      [32m+[0m[0m tags_all = {
          [32m+[0m[0m "Environment"    = "gitops-test"
          [32m+[0m[0m "Name"           = "ai-gitops-gitops-test"
          [32m+[0m[0m "provisioned-by" = "aws-solutions-library-samples/guidance-for-automated-provisioning-of-application-ready-amazon-eks-clusters"
          [32m+[0m[0m "purpose"        = "ai-platform-validation"
        }
      [32m+[0m[0m vpc_id   = (known after apply)
    }

[1m  # module.vpc.aws_nat_gateway.this[0][0m will be created
[0m  [32m+[0m[0m resource "aws_nat_gateway" "this" {
      [32m+[0m[0m allocation_id                      = (known after apply)
      [32m+[0m[0m association_id                     = (known after apply)
      [32m+[0m[0m connectivity_type                  = "public"
      [32m+[0m[0m id                                 = (known after apply)
      [32m+[0m[0m network_interface_id               = (known after apply)
      [32m+[0m[0m private_ip                         = (known after apply)
      [32m+[0m[0m public_ip                          = (known after apply)
      [32m+[0m[0m secondary_private_ip_address_count = (known after apply)
      [32m+[0m[0m secondary_private_ip_addresses     = (known after apply)
      [32m+[0m[0m subnet_id                          = (known after apply)
      [32m+[0m[0m tags                               = {
          [32m+[0m[0m "Name" = "ai-gitops-gitops-test-eu-central-1a"
        }
      [32m+[0m[0m tags_all                           = {
          [32m+[0m[0m "Environment"    = "gitops-test"
          [32m+[0m[0m "Name"           = "ai-gitops-gitops-test-eu-central-1a"
          [32m+[0m[0m "provisioned-by" = "aws-solutions-library-samples/guidance-for-automated-provisioning-of-application-ready-amazon-eks-clusters"
          [32m+[0m[0m "purpose"        = "ai-platform-validation"
        }
    }

[1m  # module.vpc.aws_nat_gateway.this[1][0m will be created
[0m  [32m+[0m[0m resource "aws_nat_gateway" "this" {
      [32m+[0m[0m allocation_id                      = (known after apply)
      [32m+[0m[0m association_id                     = (known after apply)
      [32m+[0m[0m connectivity_type                  = "public"
      [32m+[0m[0m id                                 = (known after apply)
      [32m+[0m[0m network_interface_id               = (known after apply)
      [32m+[0m[0m private_ip                         = (known after apply)
      [32m+[0m[0m public_ip                          = (known after apply)
      [32m+[0m[0m secondary_private_ip_address_count = (known after apply)
      [32m+[0m[0m secondary_private_ip_addresses     = (known after apply)
      [32m+[0m[0m subnet_id                          = (known after apply)
      [32m+[0m[0m tags                               = {
          [32m+[0m[0m "Name" = "ai-gitops-gitops-test-eu-central-1b"
        }
      [32m+[0m[0m tags_all                           = {
          [32m+[0m[0m "Environment"    = "gitops-test"
          [32m+[0m[0m "Name"           = "ai-gitops-gitops-test-eu-central-1b"
          [32m+[0m[0m "provisioned-by" = "aws-solutions-library-samples/guidance-for-automated-provisioning-of-application-ready-amazon-eks-clusters"
          [32m+[0m[0m "purpose"        = "ai-platform-validation"
        }
    }

[1m  # module.vpc.aws_nat_gateway.this[2][0m will be created
[0m  [32m+[0m[0m resource "aws_nat_gateway" "this" {
      [32m+[0m[0m allocation_id                      = (known after apply)
      [32m+[0m[0m association_id                     = (known after apply)
      [32m+[0m[0m connectivity_type                  = "public"
      [32m+[0m[0m id                                 = (known after apply)
      [32m+[0m[0m network_interface_id               = (known after apply)
      [32m+[0m[0m private_ip                         = (known after apply)
      [32m+[0m[0m public_ip                          = (known after apply)
      [32m+[0m[0m secondary_private_ip_address_count = (known after apply)
      [32m+[0m[0m secondary_private_ip_addresses     = (known after apply)
      [32m+[0m[0m subnet_id                          = (known after apply)
      [32m+[0m[0m tags                               = {
          [32m+[0m[0m "Name" = "ai-gitops-gitops-test-eu-central-1c"
        }
      [32m+[0m[0m tags_all                           = {
          [32m+[0m[0m "Environment"    = "gitops-test"
          [32m+[0m[0m "Name"           = "ai-gitops-gitops-test-eu-central-1c"
          [32m+[0m[0m "provisioned-by" = "aws-solutions-library-samples/guidance-for-automated-provisioning-of-application-ready-amazon-eks-clusters"
          [32m+[0m[0m "purpose"        = "ai-platform-validation"
        }
    }

[1m  # module.vpc.aws_route.private_nat_gateway[0][0m will be created
[0m  [32m+[0m[0m resource "aws_route" "private_nat_gateway" {
      [32m+[0m[0m destination_cidr_block = "0.0.0.0/0"
      [32m+[0m[0m id                     = (known after apply)
      [32m+[0m[0m instance_id            = (known after apply)
      [32m+[0m[0m instance_owner_id      = (known after apply)
      [32m+[0m[0m nat_gateway_id         = (known after apply)
      [32m+[0m[0m network_interface_id   = (known after apply)
      [32m+[0m[0m origin                 = (known after apply)
      [32m+[0m[0m route_table_id         = (known after apply)
      [32m+[0m[0m state                  = (known after apply)

      [32m+[0m[0m timeouts {
          [32m+[0m[0m create = "5m"
        }
    }

[1m  # module.vpc.aws_route.private_nat_gateway[1][0m will be created
[0m  [32m+[0m[0m resource "aws_route" "private_nat_gateway" {
      [32m+[0m[0m destination_cidr_block = "0.0.0.0/0"
      [32m+[0m[0m id                     = (known after apply)
      [32m+[0m[0m instance_id            = (known after apply)
      [32m+[0m[0m instance_owner_id      = (known after apply)
      [32m+[0m[0m nat_gateway_id         = (known after apply)
      [32m+[0m[0m network_interface_id   = (known after apply)
      [32m+[0m[0m origin                 = (known after apply)
      [32m+[0m[0m route_table_id         = (known after apply)
      [32m+[0m[0m state                  = (known after apply)

      [32m+[0m[0m timeouts {
          [32m+[0m[0m create = "5m"
        }
    }

[1m  # module.vpc.aws_route.private_nat_gateway[2][0m will be created
[0m  [32m+[0m[0m resource "aws_route" "private_nat_gateway" {
      [32m+[0m[0m destination_cidr_block = "0.0.0.0/0"
      [32m+[0m[0m id                     = (known after apply)
      [32m+[0m[0m instance_id            = (known after apply)
      [32m+[0m[0m instance_owner_id      = (known after apply)
      [32m+[0m[0m nat_gateway_id         = (known after apply)
      [32m+[0m[0m network_interface_id   = (known after apply)
      [32m+[0m[0m origin                 = (known after apply)
      [32m+[0m[0m route_table_id         = (known after apply)
      [32m+[0m[0m state                  = (known after apply)

      [32m+[0m[0m timeouts {
          [32m+[0m[0m create = "5m"
        }
    }

[1m  # module.vpc.aws_route.public_internet_gateway[0][0m will be created
[0m  [32m+[0m[0m resource "aws_route" "public_internet_gateway" {
      [32m+[0m[0m destination_cidr_block = "0.0.0.0/0"
      [32m+[0m[0m gateway_id             = (known after apply)
      [32m+[0m[0m id                     = (known after apply)
      [32m+[0m[0m instance_id            = (known after apply)
      [32m+[0m[0m instance_owner_id      = (known after apply)
      [32m+[0m[0m network_interface_id   = (known after apply)
      [32m+[0m[0m origin                 = (known after apply)
      [32m+[0m[0m route_table_id         = (known after apply)
      [32m+[0m[0m state                  = (known after apply)

      [32m+[0m[0m timeouts {
          [32m+[0m[0m create = "5m"
        }
    }

[1m  # module.vpc.aws_route_table.intra[0][0m will be created
[0m  [32m+[0m[0m resource "aws_route_table" "intra" {
      [32m+[0m[0m arn              = (known after apply)
      [32m+[0m[0m id               = (known after apply)
      [32m+[0m[0m owner_id         = (known after apply)
      [32m+[0m[0m propagating_vgws = (known after apply)
      [32m+[0m[0m route            = (known after apply)
      [32m+[0m[0m tags             = {
          [32m+[0m[0m "Name" = "ai-gitops-gitops-test-intra"
        }
      [32m+[0m[0m tags_all         = {
          [32m+[0m[0m "Environment"    = "gitops-test"
          [32m+[0m[0m "Name"           = "ai-gitops-gitops-test-intra"
          [32m+[0m[0m "provisioned-by" = "aws-solutions-library-samples/guidance-for-automated-provisioning-of-application-ready-amazon-eks-clusters"
          [32m+[0m[0m "purpose"        = "ai-platform-validation"
        }
      [32m+[0m[0m vpc_id           = (known after apply)
    }

[1m  # module.vpc.aws_route_table.private[0][0m will be created
[0m  [32m+[0m[0m resource "aws_route_table" "private" {
      [32m+[0m[0m arn              = (known after apply)
      [32m+[0m[0m id               = (known after apply)
      [32m+[0m[0m owner_id         = (known after apply)
      [32m+[0m[0m propagating_vgws = (known after apply)
      [32m+[0m[0m route            = (known after apply)
      [32m+[0m[0m tags             = {
          [32m+[0m[0m "Name" = "ai-gitops-gitops-test-private-eu-central-1a"
        }
      [32m+[0m[0m tags_all         = {
          [32m+[0m[0m "Environment"    = "gitops-test"
          [32m+[0m[0m "Name"           = "ai-gitops-gitops-test-private-eu-central-1a"
          [32m+[0m[0m "provisioned-by" = "aws-solutions-library-samples/guidance-for-automated-provisioning-of-application-ready-amazon-eks-clusters"
          [32m+[0m[0m "purpose"        = "ai-platform-validation"
        }
      [32m+[0m[0m vpc_id           = (known after apply)
    }

[1m  # module.vpc.aws_route_table.private[1][0m will be created
[0m  [32m+[0m[0m resource "aws_route_table" "private" {
      [32m+[0m[0m arn              = (known after apply)
      [32m+[0m[0m id               = (known after apply)
      [32m+[0m[0m owner_id         = (known after apply)
      [32m+[0m[0m propagating_vgws = (known after apply)
      [32m+[0m[0m route            = (known after apply)
      [32m+[0m[0m tags             = {
          [32m+[0m[0m "Name" = "ai-gitops-gitops-test-private-eu-central-1b"
        }
      [32m+[0m[0m tags_all         = {
          [32m+[0m[0m "Environment"    = "gitops-test"
          [32m+[0m[0m "Name"           = "ai-gitops-gitops-test-private-eu-central-1b"
          [32m+[0m[0m "provisioned-by" = "aws-solutions-library-samples/guidance-for-automated-provisioning-of-application-ready-amazon-eks-clusters"
          [32m+[0m[0m "purpose"        = "ai-platform-validation"
        }
      [32m+[0m[0m vpc_id           = (known after apply)
    }

[1m  # module.vpc.aws_route_table.private[2][0m will be created
[0m  [32m+[0m[0m resource "aws_route_table" "private" {
      [32m+[0m[0m arn              = (known after apply)
      [32m+[0m[0m id               = (known after apply)
      [32m+[0m[0m owner_id         = (known after apply)
      [32m+[0m[0m propagating_vgws = (known after apply)
      [32m+[0m[0m route            = (known after apply)
      [32m+[0m[0m tags             = {
          [32m+[0m[0m "Name" = "ai-gitops-gitops-test-private-eu-central-1c"
        }
      [32m+[0m[0m tags_all         = {
          [32m+[0m[0m "Environment"    = "gitops-test"
          [32m+[0m[0m "Name"           = "ai-gitops-gitops-test-private-eu-central-1c"
          [32m+[0m[0m "provisioned-by" = "aws-solutions-library-samples/guidance-for-automated-provisioning-of-application-ready-amazon-eks-clusters"
          [32m+[0m[0m "purpose"        = "ai-platform-validation"
        }
      [32m+[0m[0m vpc_id           = (known after apply)
    }

[1m  # module.vpc.aws_route_table.public[0][0m will be created
[0m  [32m+[0m[0m resource "aws_route_table" "public" {
      [32m+[0m[0m arn              = (known after apply)
      [32m+[0m[0m id               = (known after apply)
      [32m+[0m[0m owner_id         = (known after apply)
      [32m+[0m[0m propagating_vgws = (known after apply)
      [32m+[0m[0m route            = (known after apply)
      [32m+[0m[0m tags             = {
          [32m+[0m[0m "Name" = "ai-gitops-gitops-test-public"
        }
      [32m+[0m[0m tags_all         = {
          [32m+[0m[0m "Environment"    = "gitops-test"
          [32m+[0m[0m "Name"           = "ai-gitops-gitops-test-public"
          [32m+[0m[0m "provisioned-by" = "aws-solutions-library-samples/guidance-for-automated-provisioning-of-application-ready-amazon-eks-clusters"
          [32m+[0m[0m "purpose"        = "ai-platform-validation"
        }
      [32m+[0m[0m vpc_id           = (known after apply)
    }

[1m  # module.vpc.aws_route_table_association.intra[0][0m will be created
[0m  [32m+[0m[0m resource "aws_route_table_association" "intra" {
      [32m+[0m[0m id             = (known after apply)
      [32m+[0m[0m route_table_id = (known after apply)
      [32m+[0m[0m subnet_id      = (known after apply)
    }

[1m  # module.vpc.aws_route_table_association.intra[1][0m will be created
[0m  [32m+[0m[0m resource "aws_route_table_association" "intra" {
      [32m+[0m[0m id             = (known after apply)
      [32m+[0m[0m route_table_id = (known after apply)
      [32m+[0m[0m subnet_id      = (known after apply)
    }

[1m  # module.vpc.aws_route_table_association.intra[2][0m will be created
[0m  [32m+[0m[0m resource "aws_route_table_association" "intra" {
      [32m+[0m[0m id             = (known after apply)
      [32m+[0m[0m route_table_id = (known after apply)
      [32m+[0m[0m subnet_id      = (known after apply)
    }

[1m  # module.vpc.aws_route_table_association.private[0][0m will be created
[0m  [32m+[0m[0m resource "aws_route_table_association" "private" {
      [32m+[0m[0m id             = (known after apply)
      [32m+[0m[0m route_table_id = (known after apply)
      [32m+[0m[0m subnet_id      = (known after apply)
    }

[1m  # module.vpc.aws_route_table_association.private[1][0m will be created
[0m  [32m+[0m[0m resource "aws_route_table_association" "private" {
      [32m+[0m[0m id             = (known after apply)
      [32m+[0m[0m route_table_id = (known after apply)
      [32m+[0m[0m subnet_id      = (known after apply)
    }

[1m  # module.vpc.aws_route_table_association.private[2][0m will be created
[0m  [32m+[0m[0m resource "aws_route_table_association" "private" {
      [32m+[0m[0m id             = (known after apply)
      [32m+[0m[0m route_table_id = (known after apply)
      [32m+[0m[0m subnet_id      = (known after apply)
    }

[1m  # module.vpc.aws_route_table_association.public[0][0m will be created
[0m  [32m+[0m[0m resource "aws_route_table_association" "public" {
      [32m+[0m[0m id             = (known after apply)
      [32m+[0m[0m route_table_id = (known after apply)
      [32m+[0m[0m subnet_id      = (known after apply)
    }

[1m  # module.vpc.aws_route_table_association.public[1][0m will be created
[0m  [32m+[0m[0m resource "aws_route_table_association" "public" {
      [32m+[0m[0m id             = (known after apply)
      [32m+[0m[0m route_table_id = (known after apply)
      [32m+[0m[0m subnet_id      = (known after apply)
    }

[1m  # module.vpc.aws_route_table_association.public[2][0m will be created
[0m  [32m+[0m[0m resource "aws_route_table_association" "public" {
      [32m+[0m[0m id             = (known after apply)
      [32m+[0m[0m route_table_id = (known after apply)
      [32m+[0m[0m subnet_id      = (known after apply)
    }

[1m  # module.vpc.aws_subnet.intra[0][0m will be created
[0m  [32m+[0m[0m resource "aws_subnet" "intra" {
      [32m+[0m[0m arn                                            = (known after apply)
      [32m+[0m[0m assign_ipv6_address_on_creation                = false
      [32m+[0m[0m availability_zone                              = "eu-central-1a"
      [32m+[0m[0m availability_zone_id                           = (known after apply)
      [32m+[0m[0m cidr_block                                     = "10.4.51.0/28"
      [32m+[0m[0m enable_dns64                                   = false
      [32m+[0m[0m enable_resource_name_dns_a_record_on_launch    = false
      [32m+[0m[0m enable_resource_name_dns_aaaa_record_on_launch = false
      [32m+[0m[0m id                                             = (known after apply)
      [32m+[0m[0m ipv6_cidr_block_association_id                 = (known after apply)
      [32m+[0m[0m ipv6_native                                    = false
      [32m+[0m[0m map_public_ip_on_launch                        = false
      [32m+[0m[0m owner_id                                       = (known after apply)
      [32m+[0m[0m private_dns_hostname_type_on_launch            = (known after apply)
      [32m+[0m[0m tags                                           = {
          [32m+[0m[0m "Name" = "ai-gitops-gitops-test-intra-eu-central-1a"
        }
      [32m+[0m[0m tags_all                                       = {
          [32m+[0m[0m "Environment"    = "gitops-test"
          [32m+[0m[0m "Name"           = "ai-gitops-gitops-test-intra-eu-central-1a"
          [32m+[0m[0m "provisioned-by" = "aws-solutions-library-samples/guidance-for-automated-provisioning-of-application-ready-amazon-eks-clusters"
          [32m+[0m[0m "purpose"        = "ai-platform-validation"
        }
      [32m+[0m[0m vpc_id                                         = (known after apply)
    }

[1m  # module.vpc.aws_subnet.intra[1][0m will be created
[0m  [32m+[0m[0m resource "aws_subnet" "intra" {
      [32m+[0m[0m arn                                            = (known after apply)
      [32m+[0m[0m assign_ipv6_address_on_creation                = false
      [32m+[0m[0m availability_zone                              = "eu-central-1b"
      [32m+[0m[0m availability_zone_id                           = (known after apply)
      [32m+[0m[0m cidr_block                                     = "10.4.51.16/28"
      [32m+[0m[0m enable_dns64                                   = false
      [32m+[0m[0m enable_resource_name_dns_a_record_on_launch    = false
      [32m+[0m[0m enable_resource_name_dns_aaaa_record_on_launch = false
      [32m+[0m[0m id                                             = (known after apply)
      [32m+[0m[0m ipv6_cidr_block_association_id                 = (known after apply)
      [32m+[0m[0m ipv6_native                                    = false
      [32m+[0m[0m map_public_ip_on_launch                        = false
      [32m+[0m[0m owner_id                                       = (known after apply)
      [32m+[0m[0m private_dns_hostname_type_on_launch            = (known after apply)
      [32m+[0m[0m tags                                           = {
          [32m+[0m[0m "Name" = "ai-gitops-gitops-test-intra-eu-central-1b"
        }
      [32m+[0m[0m tags_all                                       = {
          [32m+[0m[0m "Environment"    = "gitops-test"
          [32m+[0m[0m "Name"           = "ai-gitops-gitops-test-intra-eu-central-1b"
          [32m+[0m[0m "provisioned-by" = "aws-solutions-library-samples/guidance-for-automated-provisioning-of-application-ready-amazon-eks-clusters"
          [32m+[0m[0m "purpose"        = "ai-platform-validation"
        }
      [32m+[0m[0m vpc_id                                         = (known after apply)
    }

[1m  # module.vpc.aws_subnet.intra[2][0m will be created
[0m  [32m+[0m[0m resource "aws_subnet" "intra" {
      [32m+[0m[0m arn                                            = (known after apply)
      [32m+[0m[0m assign_ipv6_address_on_creation                = false
      [32m+[0m[0m availability_zone                              = "eu-central-1c"
      [32m+[0m[0m availability_zone_id                           = (known after apply)
      [32m+[0m[0m cidr_block                                     = "10.4.51.32/28"
      [32m+[0m[0m enable_dns64                                   = false
      [32m+[0m[0m enable_resource_name_dns_a_record_on_launch    = false
      [32m+[0m[0m enable_resource_name_dns_aaaa_record_on_launch = false
      [32m+[0m[0m id                                             = (known after apply)
      [32m+[0m[0m ipv6_cidr_block_association_id                 = (known after apply)
      [32m+[0m[0m ipv6_native                                    = false
      [32m+[0m[0m map_public_ip_on_launch                        = false
      [32m+[0m[0m owner_id                                       = (known after apply)
      [32m+[0m[0m private_dns_hostname_type_on_launch            = (known after apply)
      [32m+[0m[0m tags                                           = {
          [32m+[0m[0m "Name" = "ai-gitops-gitops-test-intra-eu-central-1c"
        }
      [32m+[0m[0m tags_all                                       = {
          [32m+[0m[0m "Environment"    = "gitops-test"
          [32m+[0m[0m "Name"           = "ai-gitops-gitops-test-intra-eu-central-1c"
          [32m+[0m[0m "provisioned-by" = "aws-solutions-library-samples/guidance-for-automated-provisioning-of-application-ready-amazon-eks-clusters"
          [32m+[0m[0m "purpose"        = "ai-platform-validation"
        }
      [32m+[0m[0m vpc_id                                         = (known after apply)
    }

[1m  # module.vpc.aws_subnet.private[0][0m will be created
[0m  [32m+[0m[0m resource "aws_subnet" "private" {
      [32m+[0m[0m arn                                            = (known after apply)
      [32m+[0m[0m assign_ipv6_address_on_creation                = false
      [32m+[0m[0m availability_zone                              = "eu-central-1a"
      [32m+[0m[0m availability_zone_id                           = (known after apply)
      [32m+[0m[0m cidr_block                                     = "10.4.0.0/20"
      [32m+[0m[0m enable_dns64                                   = false
      [32m+[0m[0m enable_resource_name_dns_a_record_on_launch    = false
      [32m+[0m[0m enable_resource_name_dns_aaaa_record_on_launch = false
      [32m+[0m[0m id                                             = (known after apply)
      [32m+[0m[0m ipv6_cidr_block_association_id                 = (known after apply)
      [32m+[0m[0m ipv6_native                                    = false
      [32m+[0m[0m map_public_ip_on_launch                        = false
      [32m+[0m[0m owner_id                                       = (known after apply)
      [32m+[0m[0m private_dns_hostname_type_on_launch            = (known after apply)
      [32m+[0m[0m tags                                           = {
          [32m+[0m[0m "Name"                            = "ai-gitops-gitops-test-private-eu-central-1a"
          [32m+[0m[0m "karpenter.sh/discovery"          = "ai-gitops-gitops-test"
          [32m+[0m[0m "kubernetes.io/role/internal-elb" = "1"
        }
      [32m+[0m[0m tags_all                                       = {
          [32m+[0m[0m "Environment"                     = "gitops-test"
          [32m+[0m[0m "Name"                            = "ai-gitops-gitops-test-private-eu-central-1a"
          [32m+[0m[0m "karpenter.sh/discovery"          = "ai-gitops-gitops-test"
          [32m+[0m[0m "kubernetes.io/role/internal-elb" = "1"
          [32m+[0m[0m "provisioned-by"                  = "aws-solutions-library-samples/guidance-for-automated-provisioning-of-application-ready-amazon-eks-clusters"
          [32m+[0m[0m "purpose"                         = "ai-platform-validation"
        }
      [32m+[0m[0m vpc_id                                         = (known after apply)
    }

[1m  # module.vpc.aws_subnet.private[1][0m will be created
[0m  [32m+[0m[0m resource "aws_subnet" "private" {
      [32m+[0m[0m arn                                            = (known after apply)
      [32m+[0m[0m assign_ipv6_address_on_creation                = false
      [32m+[0m[0m availability_zone                              = "eu-central-1b"
      [32m+[0m[0m availability_zone_id                           = (known after apply)
      [32m+[0m[0m cidr_block                                     = "10.4.16.0/20"
      [32m+[0m[0m enable_dns64                                   = false
      [32m+[0m[0m enable_resource_name_dns_a_record_on_launch    = false
      [32m+[0m[0m enable_resource_name_dns_aaaa_record_on_launch = false
      [32m+[0m[0m id                                             = (known after apply)
      [32m+[0m[0m ipv6_cidr_block_association_id                 = (known after apply)
      [32m+[0m[0m ipv6_native                                    = false
      [32m+[0m[0m map_public_ip_on_launch                        = false
      [32m+[0m[0m owner_id                                       = (known after apply)
      [32m+[0m[0m private_dns_hostname_type_on_launch            = (known after apply)
      [32m+[0m[0m tags                                           = {
          [32m+[0m[0m "Name"                            = "ai-gitops-gitops-test-private-eu-central-1b"
          [32m+[0m[0m "karpenter.sh/discovery"          = "ai-gitops-gitops-test"
          [32m+[0m[0m "kubernetes.io/role/internal-elb" = "1"
        }
      [32m+[0m[0m tags_all                                       = {
          [32m+[0m[0m "Environment"                     = "gitops-test"
          [32m+[0m[0m "Name"                            = "ai-gitops-gitops-test-private-eu-central-1b"
          [32m+[0m[0m "karpenter.sh/discovery"          = "ai-gitops-gitops-test"
          [32m+[0m[0m "kubernetes.io/role/internal-elb" = "1"
          [32m+[0m[0m "provisioned-by"                  = "aws-solutions-library-samples/guidance-for-automated-provisioning-of-application-ready-amazon-eks-clusters"
          [32m+[0m[0m "purpose"                         = "ai-platform-validation"
        }
      [32m+[0m[0m vpc_id                                         = (known after apply)
    }

[1m  # module.vpc.aws_subnet.private[2][0m will be created
[0m  [32m+[0m[0m resource "aws_subnet" "private" {
      [32m+[0m[0m arn                                            = (known after apply)
      [32m+[0m[0m assign_ipv6_address_on_creation                = false
      [32m+[0m[0m availability_zone                              = "eu-central-1c"
      [32m+[0m[0m availability_zone_id                           = (known after apply)
      [32m+[0m[0m cidr_block                                     = "10.4.32.0/20"
      [32m+[0m[0m enable_dns64                                   = false
      [32m+[0m[0m enable_resource_name_dns_a_record_on_launch    = false
      [32m+[0m[0m enable_resource_name_dns_aaaa_record_on_launch = false
      [32m+[0m[0m id                                             = (known after apply)
      [32m+[0m[0m ipv6_cidr_block_association_id                 = (known after apply)
      [32m+[0m[0m ipv6_native                                    = false
      [32m+[0m[0m map_public_ip_on_launch                        = false
      [32m+[0m[0m owner_id                                       = (known after apply)
      [32m+[0m[0m private_dns_hostname_type_on_launch            = (known after apply)
      [32m+[0m[0m tags                                           = {
          [32m+[0m[0m "Name"                            = "ai-gitops-gitops-test-private-eu-central-1c"
          [32m+[0m[0m "karpenter.sh/discovery"          = "ai-gitops-gitops-test"
          [32m+[0m[0m "kubernetes.io/role/internal-elb" = "1"
        }
      [32m+[0m[0m tags_all                                       = {
          [32m+[0m[0m "Environment"                     = "gitops-test"
          [32m+[0m[0m "Name"                            = "ai-gitops-gitops-test-private-eu-central-1c"
          [32m+[0m[0m "karpenter.sh/discovery"          = "ai-gitops-gitops-test"
          [32m+[0m[0m "kubernetes.io/role/internal-elb" = "1"
          [32m+[0m[0m "provisioned-by"                  = "aws-solutions-library-samples/guidance-for-automated-provisioning-of-application-ready-amazon-eks-clusters"
          [32m+[0m[0m "purpose"                         = "ai-platform-validation"
        }
      [32m+[0m[0m vpc_id                                         = (known after apply)
    }

[1m  # module.vpc.aws_subnet.public[0][0m will be created
[0m  [32m+[0m[0m resource "aws_subnet" "public" {
      [32m+[0m[0m arn                                            = (known after apply)
      [32m+[0m[0m assign_ipv6_address_on_creation                = false
      [32m+[0m[0m availability_zone                              = "eu-central-1a"
      [32m+[0m[0m availability_zone_id                           = (known after apply)
      [32m+[0m[0m cidr_block                                     = "10.4.48.0/24"
      [32m+[0m[0m enable_dns64                                   = false
      [32m+[0m[0m enable_resource_name_dns_a_record_on_launch    = false
      [32m+[0m[0m enable_resource_name_dns_aaaa_record_on_launch = false
      [32m+[0m[0m id                                             = (known after apply)
      [32m+[0m[0m ipv6_cidr_block_association_id                 = (known after apply)
      [32m+[0m[0m ipv6_native                                    = false
      [32m+[0m[0m map_public_ip_on_launch                        = false
      [32m+[0m[0m owner_id                                       = (known after apply)
      [32m+[0m[0m private_dns_hostname_type_on_launch            = (known after apply)
      [32m+[0m[0m tags                                           = {
          [32m+[0m[0m "Name"                   = "ai-gitops-gitops-test-public-eu-central-1a"
          [32m+[0m[0m "kubernetes.io/role/elb" = "1"
        }
      [32m+[0m[0m tags_all                                       = {
          [32m+[0m[0m "Environment"            = "gitops-test"
          [32m+[0m[0m "Name"                   = "ai-gitops-gitops-test-public-eu-central-1a"
          [32m+[0m[0m "kubernetes.io/role/elb" = "1"
          [32m+[0m[0m "provisioned-by"         = "aws-solutions-library-samples/guidance-for-automated-provisioning-of-application-ready-amazon-eks-clusters"
          [32m+[0m[0m "purpose"                = "ai-platform-validation"
        }
      [32m+[0m[0m vpc_id                                         = (known after apply)
    }

[1m  # module.vpc.aws_subnet.public[1][0m will be created
[0m  [32m+[0m[0m resource "aws_subnet" "public" {
      [32m+[0m[0m arn                                            = (known after apply)
      [32m+[0m[0m assign_ipv6_address_on_creation                = false
      [32m+[0m[0m availability_zone                              = "eu-central-1b"
      [32m+[0m[0m availability_zone_id                           = (known after apply)
      [32m+[0m[0m cidr_block                                     = "10.4.49.0/24"
      [32m+[0m[0m enable_dns64                                   = false
      [32m+[0m[0m enable_resource_name_dns_a_record_on_launch    = false
      [32m+[0m[0m enable_resource_name_dns_aaaa_record_on_launch = false
      [32m+[0m[0m id                                             = (known after apply)
      [32m+[0m[0m ipv6_cidr_block_association_id                 = (known after apply)
      [32m+[0m[0m ipv6_native                                    = false
      [32m+[0m[0m map_public_ip_on_launch                        = false
      [32m+[0m[0m owner_id                                       = (known after apply)
      [32m+[0m[0m private_dns_hostname_type_on_launch            = (known after apply)
      [32m+[0m[0m tags                                           = {
          [32m+[0m[0m "Name"                   = "ai-gitops-gitops-test-public-eu-central-1b"
          [32m+[0m[0m "kubernetes.io/role/elb" = "1"
        }
      [32m+[0m[0m tags_all                                       = {
          [32m+[0m[0m "Environment"            = "gitops-test"
          [32m+[0m[0m "Name"                   = "ai-gitops-gitops-test-public-eu-central-1b"
          [32m+[0m[0m "kubernetes.io/role/elb" = "1"
          [32m+[0m[0m "provisioned-by"         = "aws-solutions-library-samples/guidance-for-automated-provisioning-of-application-ready-amazon-eks-clusters"
          [32m+[0m[0m "purpose"                = "ai-platform-validation"
        }
      [32m+[0m[0m vpc_id                                         = (known after apply)
    }

[1m  # module.vpc.aws_subnet.public[2][0m will be created
[0m  [32m+[0m[0m resource "aws_subnet" "public" {
      [32m+[0m[0m arn                                            = (known after apply)
      [32m+[0m[0m assign_ipv6_address_on_creation                = false
      [32m+[0m[0m availability_zone                              = "eu-central-1c"
      [32m+[0m[0m availability_zone_id                           = (known after apply)
      [32m+[0m[0m cidr_block                                     = "10.4.50.0/24"
      [32m+[0m[0m enable_dns64                                   = false
      [32m+[0m[0m enable_resource_name_dns_a_record_on_launch    = false
      [32m+[0m[0m enable_resource_name_dns_aaaa_record_on_launch = false
      [32m+[0m[0m id                                             = (known after apply)
      [32m+[0m[0m ipv6_cidr_block_association_id                 = (known after apply)
      [32m+[0m[0m ipv6_native                                    = false
      [32m+[0m[0m map_public_ip_on_launch                        = false
      [32m+[0m[0m owner_id                                       = (known after apply)
      [32m+[0m[0m private_dns_hostname_type_on_launch            = (known after apply)
      [32m+[0m[0m tags                                           = {
          [32m+[0m[0m "Name"                   = "ai-gitops-gitops-test-public-eu-central-1c"
          [32m+[0m[0m "kubernetes.io/role/elb" = "1"
        }
      [32m+[0m[0m tags_all                                       = {
          [32m+[0m[0m "Environment"            = "gitops-test"
          [32m+[0m[0m "Name"                   = "ai-gitops-gitops-test-public-eu-central-1c"
          [32m+[0m[0m "kubernetes.io/role/elb" = "1"
          [32m+[0m[0m "provisioned-by"         = "aws-solutions-library-samples/guidance-for-automated-provisioning-of-application-ready-amazon-eks-clusters"
          [32m+[0m[0m "purpose"                = "ai-platform-validation"
        }
      [32m+[0m[0m vpc_id                                         = (known after apply)
    }

[1m  # module.vpc.aws_vpc.this[0][0m will be created
[0m  [32m+[0m[0m resource "aws_vpc" "this" {
      [32m+[0m[0m arn                                  = (known after apply)
      [32m+[0m[0m cidr_block                           = "10.4.0.0/16"
      [32m+[0m[0m default_network_acl_id               = (known after apply)
      [32m+[0m[0m default_route_table_id               = (known after apply)
      [32m+[0m[0m default_security_group_id            = (known after apply)
      [32m+[0m[0m dhcp_options_id                      = (known after apply)
      [32m+[0m[0m enable_dns_hostnames                 = true
      [32m+[0m[0m enable_dns_support                   = true
      [32m+[0m[0m enable_network_address_usage_metrics = (known after apply)
      [32m+[0m[0m id                                   = (known after apply)
      [32m+[0m[0m instance_tenancy                     = "default"
      [32m+[0m[0m ipv6_association_id                  = (known after apply)
      [32m+[0m[0m ipv6_cidr_block                      = (known after apply)
      [32m+[0m[0m ipv6_cidr_block_network_border_group = (known after apply)
      [32m+[0m[0m main_route_table_id                  = (known after apply)
      [32m+[0m[0m owner_id                             = (known after apply)
      [32m+[0m[0m tags                                 = {
          [32m+[0m[0m "Name" = "ai-gitops-gitops-test"
        }
      [32m+[0m[0m tags_all                             = {
          [32m+[0m[0m "Environment"    = "gitops-test"
          [32m+[0m[0m "Name"           = "ai-gitops-gitops-test"
          [32m+[0m[0m "provisioned-by" = "aws-solutions-library-samples/guidance-for-automated-provisioning-of-application-ready-amazon-eks-clusters"
          [32m+[0m[0m "purpose"        = "ai-platform-validation"
        }
    }

[1mPlan:[0m 40 to add, 0 to change, 0 to destroy.
[0m
Changes to Outputs:
  [32m+[0m[0m intra_subnet_ids   = [
      [32m+[0m[0m (known after apply),
      [32m+[0m[0m (known after apply),
      [32m+[0m[0m (known after apply),
    ]
  [32m+[0m[0m private_subnet_ids = [
      [32m+[0m[0m (known after apply),
      [32m+[0m[0m (known after apply),
      [32m+[0m[0m (known after apply),
    ]
  [32m+[0m[0m public_subnet_ids  = [
      [32m+[0m[0m (known after apply),
      [32m+[0m[0m (known after apply),
      [32m+[0m[0m (known after apply),
    ]
  [32m+[0m[0m vpc_id             = (known after apply)
[0m[1mrandom_bytes.this: Creating...[0m[0m
[0m[1mrandom_bytes.this: Creation complete after 0s[0m
[0m[1mmodule.vpc.aws_vpc.this[0]: Creating...[0m[0m
[0m[1maws_cloudformation_stack.guidance_deployment_metrics: Creating...[0m[0m
[0m[1mmodule.vpc.aws_vpc.this[0]: Still creating... [10s elapsed][0m[0m
[0m[1maws_cloudformation_stack.guidance_deployment_metrics: Still creating... [10s elapsed][0m[0m
[0m[1maws_cloudformation_stack.guidance_deployment_metrics: Creation complete after 10s [id=arn:aws:cloudformation:eu-central-1:802019299867:stack/tracking-stack-8c9c/5568b760-11a8-11f1-b9aa-0206e3ef7d2d][0m
[0m[1mmodule.vpc.aws_vpc.this[0]: Creation complete after 12s [id=vpc-0507279412316f43b][0m
[0m[1mmodule.vpc.aws_subnet.intra[0]: Creating...[0m[0m
[0m[1mmodule.vpc.aws_default_route_table.default[0]: Creating...[0m[0m
[0m[1mmodule.vpc.aws_subnet.private[1]: Creating...[0m[0m
[0m[1mmodule.vpc.aws_subnet.intra[2]: Creating...[0m[0m
[0m[1mmodule.vpc.aws_default_security_group.this[0]: Creating...[0m[0m
[0m[1mmodule.vpc.aws_route_table.intra[0]: Creating...[0m[0m
[0m[1mmodule.vpc.aws_route_table.public[0]: Creating...[0m[0m
[0m[1mmodule.vpc.aws_route_table.private[1]: Creating...[0m[0m
[0m[1mmodule.vpc.aws_subnet.public[0]: Creating...[0m[0m
[0m[1mmodule.vpc.aws_default_network_acl.this[0]: Creating...[0m[0m
[0m[1mmodule.vpc.aws_default_route_table.default[0]: Creation complete after 0s [id=rtb-0793c5dd5d6cf9bd6][0m
[0m[1mmodule.vpc.aws_subnet.public[1]: Creating...[0m[0m
[0m[1mmodule.vpc.aws_subnet.public[0]: Creation complete after 0s [id=subnet-0a6d2408a76314d24][0m
[0m[1mmodule.vpc.aws_subnet.private[0]: Creating...[0m[0m
[0m[1mmodule.vpc.aws_route_table.public[0]: Creation complete after 0s [id=rtb-0ae8d4be6a7c165f6][0m
[0m[1mmodule.vpc.aws_subnet.intra[1]: Creating...[0m[0m
[0m[1mmodule.vpc.aws_route_table.intra[0]: Creation complete after 0s [id=rtb-0eaaabbd7039ed7f4][0m
[0m[1mmodule.vpc.aws_route_table.private[0]: Creating...[0m[0m
[0m[1mmodule.vpc.aws_route_table.private[1]: Creation complete after 0s [id=rtb-0fa82a12331a8bf09][0m
[0m[1mmodule.vpc.aws_route_table.private[2]: Creating...[0m[0m
[0m[1mmodule.vpc.aws_subnet.private[1]: Creation complete after 1s [id=subnet-08435f420b457f1c6][0m
[0m[1mmodule.vpc.aws_subnet.public[2]: Creating...[0m[0m
[0m[1mmodule.vpc.aws_route_table.private[2]: Creation complete after 1s [id=rtb-07335bd65cff037d2][0m
[0m[1mmodule.vpc.aws_subnet.private[2]: Creating...[0m[0m
[0m[1mmodule.vpc.aws_subnet.public[1]: Creation complete after 1s [id=subnet-069a3581f8cadb30a][0m
[0m[1mmodule.vpc.aws_internet_gateway.this[0]: Creating...[0m[0m
[0m[1mmodule.vpc.aws_route_table.private[0]: Creation complete after 1s [id=rtb-084d358b564152ddc][0m
[0m[1mmodule.vpc.aws_default_network_acl.this[0]: Creation complete after 1s [id=acl-02adcbdfaf3c4dbdf][0m
[0m[1mmodule.vpc.aws_subnet.intra[1]: Creation complete after 1s [id=subnet-05dada338c3fd0e5f][0m
[0m[1mmodule.vpc.aws_subnet.private[0]: Creation complete after 1s [id=subnet-02a9da5d76eec6c3a][0m
[0m[1mmodule.vpc.aws_default_security_group.this[0]: Creation complete after 1s [id=sg-033bfb2dec336f800][0m
[0m[1mmodule.vpc.aws_internet_gateway.this[0]: Creation complete after 1s [id=igw-025f59d75d4097663][0m
[0m[1mmodule.vpc.aws_route.public_internet_gateway[0]: Creating...[0m[0m
[0m[1mmodule.vpc.aws_eip.nat[2]: Creating...[0m[0m
[0m[1mmodule.vpc.aws_eip.nat[0]: Creating...[0m[0m
[0m[1mmodule.vpc.aws_eip.nat[1]: Creating...[0m[0m
[0m[1mmodule.vpc.aws_subnet.public[2]: Creation complete after 1s [id=subnet-059bf408a36feca0d][0m
[0m[1mmodule.vpc.aws_route_table_association.public[1]: Creating...[0m[0m
[0m[1mmodule.vpc.aws_route_table_association.public[2]: Creating...[0m[0m
[0m[1mmodule.vpc.aws_route_table_association.public[0]: Creating...[0m[0m
[0m[1mmodule.vpc.aws_subnet.private[2]: Creation complete after 1s [id=subnet-012668b3972c10631][0m
[0m[1mmodule.vpc.aws_route_table_association.private[2]: Creating...[0m[0m
[0m[1mmodule.vpc.aws_route_table_association.public[2]: Creation complete after 0s [id=rtbassoc-0d33f475d54262b63][0m
[0m[1mmodule.vpc.aws_route_table_association.private[0]: Creating...[0m[0m
[0m[1mmodule.vpc.aws_route_table_association.public[1]: Creation complete after 0s [id=rtbassoc-0ac5a37f927fcf6d1][0m
[0m[1mmodule.vpc.aws_route_table_association.private[1]: Creating...[0m[0m
[0m[1mmodule.vpc.aws_route_table_association.private[2]: Creation complete after 0s [id=rtbassoc-0d16ed5bc7fd22f32][0m
[0m[1mmodule.vpc.aws_route_table_association.public[0]: Creation complete after 0s [id=rtbassoc-080737a3610cc6bf3][0m
[0m[1mmodule.vpc.aws_route.public_internet_gateway[0]: Creation complete after 0s [id=r-rtb-0ae8d4be6a7c165f61080289494][0m
[0m[1mmodule.vpc.aws_route_table_association.private[0]: Creation complete after 0s [id=rtbassoc-08e60223940d8b378][0m
[0m[1mmodule.vpc.aws_route_table_association.private[1]: Creation complete after 0s [id=rtbassoc-0915a0e2c95077aba][0m
[0m[1mmodule.vpc.aws_subnet.intra[0]: Creation complete after 2s [id=subnet-0ebef846e7cd17006][0m
[0m[1mmodule.vpc.aws_eip.nat[2]: Creation complete after 1s [id=eipalloc-0f91bd829c4845c46][0m
[0m[1mmodule.vpc.aws_subnet.intra[2]: Creation complete after 3s [id=subnet-068cd5ae13150e6b5][0m
[0m[1mmodule.vpc.aws_route_table_association.intra[1]: Creating...[0m[0m
[0m[1mmodule.vpc.aws_route_table_association.intra[0]: Creating...[0m[0m
[0m[1mmodule.vpc.aws_route_table_association.intra[2]: Creating...[0m[0m
[0m[1mmodule.vpc.aws_eip.nat[1]: Creation complete after 1s [id=eipalloc-0216cc0e62b8049f3][0m
[0m[1mmodule.vpc.aws_eip.nat[0]: Creation complete after 1s [id=eipalloc-0b6dacd9e17dc8102][0m
[0m[1mmodule.vpc.aws_nat_gateway.this[0]: Creating...[0m[0m
[0m[1mmodule.vpc.aws_nat_gateway.this[1]: Creating...[0m[0m
[0m[1mmodule.vpc.aws_nat_gateway.this[2]: Creating...[0m[0m
[0m[1mmodule.vpc.aws_route_table_association.intra[0]: Creation complete after 0s [id=rtbassoc-034605e091a65c16e][0m
[0m[1mmodule.vpc.aws_route_table_association.intra[2]: Creation complete after 0s [id=rtbassoc-0ca6dce761987bbeb][0m
[0m[1mmodule.vpc.aws_route_table_association.intra[1]: Creation complete after 0s [id=rtbassoc-0928f76afeacb39c9][0m
[0m[1mmodule.vpc.aws_nat_gateway.this[1]: Still creating... [10s elapsed][0m[0m
[0m[1mmodule.vpc.aws_nat_gateway.this[2]: Still creating... [10s elapsed][0m[0m
[0m[1mmodule.vpc.aws_nat_gateway.this[0]: Still creating... [10s elapsed][0m[0m
[0m[1mmodule.vpc.aws_nat_gateway.this[0]: Still creating... [20s elapsed][0m[0m
[0m[1mmodule.vpc.aws_nat_gateway.this[1]: Still creating... [20s elapsed][0m[0m
[0m[1mmodule.vpc.aws_nat_gateway.this[2]: Still creating... [20s elapsed][0m[0m
[0m[1mmodule.vpc.aws_nat_gateway.this[1]: Still creating... [30s elapsed][0m[0m
[0m[1mmodule.vpc.aws_nat_gateway.this[0]: Still creating... [30s elapsed][0m[0m
[0m[1mmodule.vpc.aws_nat_gateway.this[2]: Still creating... [30s elapsed][0m[0m
[0m[1mmodule.vpc.aws_nat_gateway.this[2]: Still creating... [40s elapsed][0m[0m
[0m[1mmodule.vpc.aws_nat_gateway.this[0]: Still creating... [40s elapsed][0m[0m
[0m[1mmodule.vpc.aws_nat_gateway.this[1]: Still creating... [40s elapsed][0m[0m
[0m[1mmodule.vpc.aws_nat_gateway.this[0]: Still creating... [50s elapsed][0m[0m
[0m[1mmodule.vpc.aws_nat_gateway.this[1]: Still creating... [50s elapsed][0m[0m
[0m[1mmodule.vpc.aws_nat_gateway.this[2]: Still creating... [50s elapsed][0m[0m
[0m[1mmodule.vpc.aws_nat_gateway.this[2]: Still creating... [1m0s elapsed][0m[0m
[0m[1mmodule.vpc.aws_nat_gateway.this[1]: Still creating... [1m0s elapsed][0m[0m
[0m[1mmodule.vpc.aws_nat_gateway.this[0]: Still creating... [1m0s elapsed][0m[0m
[0m[1mmodule.vpc.aws_nat_gateway.this[0]: Still creating... [1m10s elapsed][0m[0m
[0m[1mmodule.vpc.aws_nat_gateway.this[1]: Still creating... [1m10s elapsed][0m[0m
[0m[1mmodule.vpc.aws_nat_gateway.this[2]: Still creating... [1m10s elapsed][0m[0m
[0m[1mmodule.vpc.aws_nat_gateway.this[1]: Still creating... [1m20s elapsed][0m[0m
[0m[1mmodule.vpc.aws_nat_gateway.this[2]: Still creating... [1m20s elapsed][0m[0m
[0m[1mmodule.vpc.aws_nat_gateway.this[0]: Still creating... [1m20s elapsed][0m[0m
[0m[1mmodule.vpc.aws_nat_gateway.this[2]: Still creating... [1m30s elapsed][0m[0m
[0m[1mmodule.vpc.aws_nat_gateway.this[0]: Still creating... [1m30s elapsed][0m[0m
[0m[1mmodule.vpc.aws_nat_gateway.this[1]: Still creating... [1m30s elapsed][0m[0m
[0m[1mmodule.vpc.aws_nat_gateway.this[1]: Creation complete after 1m34s [id=nat-0adcdca38d7fd8654][0m
[0m[1mmodule.vpc.aws_nat_gateway.this[0]: Still creating... [1m40s elapsed][0m[0m
[0m[1mmodule.vpc.aws_nat_gateway.this[2]: Still creating... [1m40s elapsed][0m[0m
[0m[1mmodule.vpc.aws_nat_gateway.this[0]: Still creating... [1m50s elapsed][0m[0m
[0m[1mmodule.vpc.aws_nat_gateway.this[2]: Still creating... [1m50s elapsed][0m[0m
[0m[1mmodule.vpc.aws_nat_gateway.this[2]: Creation complete after 1m54s [id=nat-01ba0c2e359297e07][0m
[0m[1mmodule.vpc.aws_nat_gateway.this[0]: Creation complete after 1m54s [id=nat-02c8223453314208c][0m
[0m[1mmodule.vpc.aws_route.private_nat_gateway[2]: Creating...[0m[0m
[0m[1mmodule.vpc.aws_route.private_nat_gateway[0]: Creating...[0m[0m
[0m[1mmodule.vpc.aws_route.private_nat_gateway[1]: Creating...[0m[0m
[0m[1mmodule.vpc.aws_route.private_nat_gateway[1]: Creation complete after 1s [id=r-rtb-0fa82a12331a8bf091080289494][0m
[0m[1mmodule.vpc.aws_route.private_nat_gateway[2]: Creation complete after 1s [id=r-rtb-07335bd65cff037d21080289494][0m
[0m[1mmodule.vpc.aws_route.private_nat_gateway[0]: Creation complete after 1s [id=r-rtb-084d358b564152ddc1080289494][0m

[1m[33mWarnings:[0m

[0m- Value for undeclared variable

To see the full warning notes, run Terraform without -compact-warnings.
[0m[1m[32m
Apply complete! Resources: 40 added, 0 changed, 0 destroyed.
[0m[0m[1m[32m
Outputs:

[0mintra_subnet_ids = [
  "subnet-0ebef846e7cd17006",
  "subnet-05dada338c3fd0e5f",
  "subnet-068cd5ae13150e6b5",
]
private_subnet_ids = [
  "subnet-02a9da5d76eec6c3a",
  "subnet-08435f420b457f1c6",
  "subnet-012668b3972c10631",
]
public_subnet_ids = [
  "subnet-0a6d2408a76314d24",
  "subnet-069a3581f8cadb30a",
  "subnet-059bf408a36feca0d",
]
vpc_id = "vpc-0507279412316f43b"
