[0m[1mdata.aws_caller_identity.current: Reading...[0m[0m
[0m[1mdata.aws_caller_identity.current: Read complete after 0s [id=802019299867][0m

Terraform used the selected providers to generate the following execution
plan. Resource actions are indicated with the following symbols:
  [32m+[0m create[0m

Terraform will perform the following actions:

[1m  # aws_iam_role.iam_roles["EKSAdmin"][0m will be created
[0m  [32m+[0m[0m resource "aws_iam_role" "iam_roles" {
      [32m+[0m[0m arn                   = (known after apply)
      [32m+[0m[0m assume_role_policy    = jsonencode(
            {
              [32m+[0m[0m Statement = [
                  [32m+[0m[0m {
                      [32m+[0m[0m Action    = "sts:AssumeRole"
                      [32m+[0m[0m Effect    = "Allow"
                      [32m+[0m[0m Principal = {
                          [32m+[0m[0m AWS = "arn:aws:iam::802019299867:root"
                        }
                    },
                ]
              [32m+[0m[0m Version   = "2012-10-17"
            }
        )
      [32m+[0m[0m create_date           = (known after apply)
      [32m+[0m[0m force_detach_policies = false
      [32m+[0m[0m id                    = (known after apply)
      [32m+[0m[0m managed_policy_arns   = (known after apply)
      [32m+[0m[0m max_session_duration  = 3600
      [32m+[0m[0m name                  = "ai-gitops-gitops-test-EKSAdmin"
      [32m+[0m[0m name_prefix           = (known after apply)
      [32m+[0m[0m path                  = "/"
      [32m+[0m[0m tags_all              = {
          [32m+[0m[0m "Environment"    = "gitops-test"
          [32m+[0m[0m "provisioned-by" = "aws-solutions-library-samples/guidance-for-automated-provisioning-of-application-ready-amazon-eks-clusters"
          [32m+[0m[0m "purpose"        = "ai-platform-validation"
        }
      [32m+[0m[0m unique_id             = (known after apply)
    }

[1m  # aws_iam_role.iam_roles["EKSClusterAdmin"][0m will be created
[0m  [32m+[0m[0m resource "aws_iam_role" "iam_roles" {
      [32m+[0m[0m arn                   = (known after apply)
      [32m+[0m[0m assume_role_policy    = jsonencode(
            {
              [32m+[0m[0m Statement = [
                  [32m+[0m[0m {
                      [32m+[0m[0m Action    = "sts:AssumeRole"
                      [32m+[0m[0m Effect    = "Allow"
                      [32m+[0m[0m Principal = {
                          [32m+[0m[0m AWS = "arn:aws:iam::802019299867:root"
                        }
                    },
                ]
              [32m+[0m[0m Version   = "2012-10-17"
            }
        )
      [32m+[0m[0m create_date           = (known after apply)
      [32m+[0m[0m force_detach_policies = false
      [32m+[0m[0m id                    = (known after apply)
      [32m+[0m[0m managed_policy_arns   = (known after apply)
      [32m+[0m[0m max_session_duration  = 3600
      [32m+[0m[0m name                  = "ai-gitops-gitops-test-EKSClusterAdmin"
      [32m+[0m[0m name_prefix           = (known after apply)
      [32m+[0m[0m path                  = "/"
      [32m+[0m[0m tags_all              = {
          [32m+[0m[0m "Environment"    = "gitops-test"
          [32m+[0m[0m "provisioned-by" = "aws-solutions-library-samples/guidance-for-automated-provisioning-of-application-ready-amazon-eks-clusters"
          [32m+[0m[0m "purpose"        = "ai-platform-validation"
        }
      [32m+[0m[0m unique_id             = (known after apply)
    }

[1m  # aws_iam_role.iam_roles["EKSEdit"][0m will be created
[0m  [32m+[0m[0m resource "aws_iam_role" "iam_roles" {
      [32m+[0m[0m arn                   = (known after apply)
      [32m+[0m[0m assume_role_policy    = jsonencode(
            {
              [32m+[0m[0m Statement = [
                  [32m+[0m[0m {
                      [32m+[0m[0m Action    = "sts:AssumeRole"
                      [32m+[0m[0m Effect    = "Allow"
                      [32m+[0m[0m Principal = {
                          [32m+[0m[0m AWS = "arn:aws:iam::802019299867:root"
                        }
                    },
                ]
              [32m+[0m[0m Version   = "2012-10-17"
            }
        )
      [32m+[0m[0m create_date           = (known after apply)
      [32m+[0m[0m force_detach_policies = false
      [32m+[0m[0m id                    = (known after apply)
      [32m+[0m[0m managed_policy_arns   = (known after apply)
      [32m+[0m[0m max_session_duration  = 3600
      [32m+[0m[0m name                  = "ai-gitops-gitops-test-EKSEdit"
      [32m+[0m[0m name_prefix           = (known after apply)
      [32m+[0m[0m path                  = "/"
      [32m+[0m[0m tags_all              = {
          [32m+[0m[0m "Environment"    = "gitops-test"
          [32m+[0m[0m "provisioned-by" = "aws-solutions-library-samples/guidance-for-automated-provisioning-of-application-ready-amazon-eks-clusters"
          [32m+[0m[0m "purpose"        = "ai-platform-validation"
        }
      [32m+[0m[0m unique_id             = (known after apply)
    }

[1m  # aws_iam_role.iam_roles["EKSView"][0m will be created
[0m  [32m+[0m[0m resource "aws_iam_role" "iam_roles" {
      [32m+[0m[0m arn                   = (known after apply)
      [32m+[0m[0m assume_role_policy    = jsonencode(
            {
              [32m+[0m[0m Statement = [
                  [32m+[0m[0m {
                      [32m+[0m[0m Action    = "sts:AssumeRole"
                      [32m+[0m[0m Effect    = "Allow"
                      [32m+[0m[0m Principal = {
                          [32m+[0m[0m AWS = "arn:aws:iam::802019299867:root"
                        }
                    },
                ]
              [32m+[0m[0m Version   = "2012-10-17"
            }
        )
      [32m+[0m[0m create_date           = (known after apply)
      [32m+[0m[0m force_detach_policies = false
      [32m+[0m[0m id                    = (known after apply)
      [32m+[0m[0m managed_policy_arns   = (known after apply)
      [32m+[0m[0m max_session_duration  = 3600
      [32m+[0m[0m name                  = "ai-gitops-gitops-test-EKSView"
      [32m+[0m[0m name_prefix           = (known after apply)
      [32m+[0m[0m path                  = "/"
      [32m+[0m[0m tags_all              = {
          [32m+[0m[0m "Environment"    = "gitops-test"
          [32m+[0m[0m "provisioned-by" = "aws-solutions-library-samples/guidance-for-automated-provisioning-of-application-ready-amazon-eks-clusters"
          [32m+[0m[0m "purpose"        = "ai-platform-validation"
        }
      [32m+[0m[0m unique_id             = (known after apply)
    }

[1mPlan:[0m 4 to add, 0 to change, 0 to destroy.
[0m
Changes to Outputs:
  [32m+[0m[0m iam_roles_map = {
      [32m+[0m[0m EKSAdmin        = (known after apply)
      [32m+[0m[0m EKSClusterAdmin = (known after apply)
      [32m+[0m[0m EKSEdit         = (known after apply)
      [32m+[0m[0m EKSView         = (known after apply)
    }
[0m[1maws_iam_role.iam_roles["EKSEdit"]: Creating...[0m[0m
[0m[1maws_iam_role.iam_roles["EKSClusterAdmin"]: Creating...[0m[0m
[0m[1maws_iam_role.iam_roles["EKSAdmin"]: Creating...[0m[0m
[0m[1maws_iam_role.iam_roles["EKSView"]: Creating...[0m[0m
[0m[1maws_iam_role.iam_roles["EKSClusterAdmin"]: Creation complete after 1s [id=ai-gitops-gitops-test-EKSClusterAdmin][0m
[0m[1maws_iam_role.iam_roles["EKSAdmin"]: Creation complete after 1s [id=ai-gitops-gitops-test-EKSAdmin][0m
[0m[1maws_iam_role.iam_roles["EKSView"]: Creation complete after 1s [id=ai-gitops-gitops-test-EKSView][0m
[0m[1maws_iam_role.iam_roles["EKSEdit"]: Creation complete after 1s [id=ai-gitops-gitops-test-EKSEdit][0m

[1m[33mWarnings:[0m

[0m- Value for undeclared variable
- Value for undeclared variable
- Values for undeclared variables

To see the full warning notes, run Terraform without -compact-warnings.
[0m[1m[32m
Apply complete! Resources: 4 added, 0 changed, 0 destroyed.
[0m[0m[1m[32m
Outputs:

[0miam_roles_map = {
  "EKSAdmin" = "arn:aws:iam::802019299867:role/ai-gitops-gitops-test-EKSAdmin"
  "EKSClusterAdmin" = "arn:aws:iam::802019299867:role/ai-gitops-gitops-test-EKSClusterAdmin"
  "EKSEdit" = "arn:aws:iam::802019299867:role/ai-gitops-gitops-test-EKSEdit"
  "EKSView" = "arn:aws:iam::802019299867:role/ai-gitops-gitops-test-EKSView"
}
