[0m[1mmodule.ebs_csi_driver_irsa[0].data.aws_caller_identity.current: Reading...[0m[0m
[0m[1mmodule.eks.data.aws_partition.current[0]: Reading...[0m[0m
[0m[1mmodule.ebs_csi_driver_irsa[0].data.aws_partition.current: Reading...[0m[0m
[0m[1mdata.aws_region.current: Reading...[0m[0m
[0m[1mdata.aws_iam_policy_document.capability_trust[0]: Reading...[0m[0m
[0m[1mmodule.eks.module.kms.data.aws_partition.current[0]: Reading...[0m[0m
[0m[1mmodule.eks.data.aws_partition.current[0]: Read complete after 0s [id=aws][0m
[0m[1mmodule.ebs_csi_driver_irsa[0].data.aws_partition.current: Read complete after 0s [id=aws][0m
[0m[1mdata.aws_caller_identity.current: Reading...[0m[0m
[0m[1mmodule.eks.module.kms.data.aws_caller_identity.current[0]: Reading...[0m[0m
[0m[1mmodule.eks.module.kms.data.aws_partition.current[0]: Read complete after 0s [id=aws][0m
[0m[1mdata.aws_iam_policy_document.capability_trust[0]: Read complete after 0s [id=3176798964][0m
[0m[1mdata.aws_region.current: Read complete after 0s [id=eu-central-1][0m
[0m[1mmodule.ebs_csi_driver_irsa[0].data.aws_region.current: Reading...[0m[0m
[0m[1mmodule.eks.data.aws_iam_policy_document.assume_role_policy[0]: Reading...[0m[0m
[0m[1mmodule.ebs_csi_driver_irsa[0].data.aws_region.current: Read complete after 0s [id=eu-central-1][0m
[0m[1mmodule.eks.data.aws_caller_identity.current[0]: Reading...[0m[0m
[0m[1mmodule.eks.data.aws_iam_policy_document.assume_role_policy[0]: Read complete after 0s [id=2830595799][0m
[0m[1mmodule.ebs_csi_driver_irsa[0].data.aws_caller_identity.current: Read complete after 0s [id=802019299867][0m
[0m[1mdata.aws_caller_identity.current: Read complete after 0s [id=802019299867][0m
[0m[1mdata.terraform_remote_state.iam: Reading...[0m[0m
[0m[1mdata.terraform_remote_state.vpc: Reading...[0m[0m
[0m[1mdata.aws_iam_session_context.current: Reading...[0m[0m
[0m[1mdata.aws_iam_session_context.current: Read complete after 0s [id=arn:aws:iam::802019299867:user/cli-user][0m
[0m[1mmodule.eks.module.kms.data.aws_caller_identity.current[0]: Read complete after 0s [id=802019299867][0m
[0m[1mmodule.eks.data.aws_caller_identity.current[0]: Read complete after 0s [id=802019299867][0m
[0m[1mmodule.eks.data.aws_iam_session_context.current[0]: Reading...[0m[0m
[0m[1mmodule.eks.data.aws_iam_session_context.current[0]: Read complete after 0s [id=arn:aws:iam::802019299867:user/cli-user][0m
[0m[1mdata.aws_ecrpublic_authorization_token.token: Reading...[0m[0m
[0m[1mdata.aws_ecrpublic_authorization_token.token: Read complete after 1s [id=us-east-1][0m
[0m[1mdata.terraform_remote_state.iam: Read complete after 1s[0m
[0m[1mdata.terraform_remote_state.vpc: Read complete after 1s[0m
[0m[1mmodule.eks.module.eks_managed_node_group["ai-gitops-gitops-test-criticaladdons"].data.aws_iam_policy_document.assume_role_policy[0]: Reading...[0m[0m
[0m[1mmodule.eks.module.eks_managed_node_group["ai-gitops-gitops-test-criticaladdons"].data.aws_iam_policy_document.assume_role_policy[0]: Read complete after 0s [id=2560088296][0m
[0m[1mmodule.eks.module.eks_managed_node_group["ai-gitops-gitops-test-criticaladdons"].data.aws_ssm_parameter.ami[0]: Reading...[0m[0m
[0m[1mdata.kubectl_path_documents.karpenter_manifests_dummy[0]: Reading...[0m[0m
[0m[1mdata.kubectl_path_documents.karpenter_manifests_dummy[0]: Read complete after 0s [id=6f9bd90b0f83a49344299094e58678647b2644cbed778621e735b75f8a6ba2d9][0m
[0m[1mmodule.eks.module.eks_managed_node_group["ai-gitops-gitops-test-criticaladdons"].data.aws_ssm_parameter.ami[0]: Read complete after 0s [id=/aws/service/eks/optimized-ami/1.35/amazon-linux-2023/arm64/standard/recommended/release_version][0m

Terraform used the selected providers to generate the following execution
plan. Resource actions are indicated with the following symbols:
  [32m+[0m create[0m
 [36m<=[0m read (data resources)[0m

Terraform will perform the following actions:

[1m  # data.kubectl_path_documents.karpenter_manifests[0][0m will be read during apply
  # (depends on a resource or a module with changes pending)
[0m [36m<=[0m[0m data "kubectl_path_documents" "karpenter_manifests" {
      [32m+[0m[0m documents = (known after apply)
      [32m+[0m[0m id        = (known after apply)
      [32m+[0m[0m manifests = (known after apply)
      [32m+[0m[0m pattern   = "./karpenter/*.yaml"
      [32m+[0m[0m vars      = {
          [32m+[0m[0m "cluster_name" = "ai-gitops-gitops-test"
          [32m+[0m[0m "environment"  = "gitops-test"
          [32m+[0m[0m "role"         = "KarpenterNode-ai-gitops-gitops-test"
        }
    }

[1m  # aws_ec2_tag.cluster_primary_security_group[0][0m will be created
[0m  [32m+[0m[0m resource "aws_ec2_tag" "cluster_primary_security_group" {
      [32m+[0m[0m id          = (known after apply)
      [32m+[0m[0m key         = "karpenter.sh/discovery"
      [32m+[0m[0m region      = "eu-central-1"
      [32m+[0m[0m resource_id = (known after apply)
      [32m+[0m[0m value       = "ai-gitops-gitops-test"
    }

[1m  # aws_eks_access_policy_association.kro_edit[0][0m will be created
[0m  [32m+[0m[0m resource "aws_eks_access_policy_association" "kro_edit" {
      [32m+[0m[0m associated_at = (known after apply)
      [32m+[0m[0m cluster_name  = "ai-gitops-gitops-test"
      [32m+[0m[0m id            = (known after apply)
      [32m+[0m[0m modified_at   = (known after apply)
      [32m+[0m[0m policy_arn    = "arn:aws:eks::aws:cluster-access-policy/AmazonEKSClusterAdminPolicy"
      [32m+[0m[0m principal_arn = (known after apply)
      [32m+[0m[0m region        = "eu-central-1"

      [32m+[0m[0m access_scope {
          [32m+[0m[0m type = "cluster"
        }
    }

[1m  # aws_eks_capability.simple["ack"][0m will be created
[0m  [32m+[0m[0m resource "aws_eks_capability" "simple" {
      [32m+[0m[0m arn                       = (known after apply)
      [32m+[0m[0m capability_name           = "ack"
      [32m+[0m[0m cluster_name              = "ai-gitops-gitops-test"
      [32m+[0m[0m delete_propagation_policy = "RETAIN"
      [32m+[0m[0m region                    = "eu-central-1"
      [32m+[0m[0m role_arn                  = (known after apply)
      [32m+[0m[0m tags                      = {
          [32m+[0m[0m "Environment"    = "gitops-test"
          [32m+[0m[0m "provisioned-by" = "aws-solutions-library-samples/guidance-for-automated-provisioning-of-application-ready-amazon-eks-clusters"
          [32m+[0m[0m "purpose"        = "ai-platform-validation"
        }
      [32m+[0m[0m tags_all                  = {
          [32m+[0m[0m "Environment"    = "gitops-test"
          [32m+[0m[0m "provisioned-by" = "aws-solutions-library-samples/guidance-for-automated-provisioning-of-application-ready-amazon-eks-clusters"
          [32m+[0m[0m "purpose"        = "ai-platform-validation"
        }
      [32m+[0m[0m type                      = "ACK"
      [32m+[0m[0m version                   = (known after apply)
    }

[1m  # aws_eks_capability.simple["kro"][0m will be created
[0m  [32m+[0m[0m resource "aws_eks_capability" "simple" {
      [32m+[0m[0m arn                       = (known after apply)
      [32m+[0m[0m capability_name           = "kro"
      [32m+[0m[0m cluster_name              = "ai-gitops-gitops-test"
      [32m+[0m[0m delete_propagation_policy = "RETAIN"
      [32m+[0m[0m region                    = "eu-central-1"
      [32m+[0m[0m role_arn                  = (known after apply)
      [32m+[0m[0m tags                      = {
          [32m+[0m[0m "Environment"    = "gitops-test"
          [32m+[0m[0m "provisioned-by" = "aws-solutions-library-samples/guidance-for-automated-provisioning-of-application-ready-amazon-eks-clusters"
          [32m+[0m[0m "purpose"        = "ai-platform-validation"
        }
      [32m+[0m[0m tags_all                  = {
          [32m+[0m[0m "Environment"    = "gitops-test"
          [32m+[0m[0m "provisioned-by" = "aws-solutions-library-samples/guidance-for-automated-provisioning-of-application-ready-amazon-eks-clusters"
          [32m+[0m[0m "purpose"        = "ai-platform-validation"
        }
      [32m+[0m[0m type                      = "KRO"
      [32m+[0m[0m version                   = (known after apply)
    }

[1m  # aws_iam_role.capability["ack"][0m will be created
[0m  [32m+[0m[0m resource "aws_iam_role" "capability" {
      [32m+[0m[0m arn                   = (known after apply)
      [32m+[0m[0m assume_role_policy    = jsonencode(
            {
              [32m+[0m[0m Statement = [
                  [32m+[0m[0m {
                      [32m+[0m[0m Action    = [
                          [32m+[0m[0m "sts:TagSession",
                          [32m+[0m[0m "sts:AssumeRole",
                        ]
                      [32m+[0m[0m Effect    = "Allow"
                      [32m+[0m[0m Principal = {
                          [32m+[0m[0m Service = "capabilities.eks.amazonaws.com"
                        }
                    },
                ]
              [32m+[0m[0m Version   = "2012-10-17"
            }
        )
      [32m+[0m[0m create_date           = (known after apply)
      [32m+[0m[0m force_detach_policies = false
      [32m+[0m[0m id                    = (known after apply)
      [32m+[0m[0m managed_policy_arns   = (known after apply)
      [32m+[0m[0m max_session_duration  = 3600
      [32m+[0m[0m name                  = "ai-gitops-gitops-test-capability-ack"
      [32m+[0m[0m name_prefix           = (known after apply)
      [32m+[0m[0m path                  = "/"
      [32m+[0m[0m tags                  = {
          [32m+[0m[0m "Environment"    = "gitops-test"
          [32m+[0m[0m "provisioned-by" = "aws-solutions-library-samples/guidance-for-automated-provisioning-of-application-ready-amazon-eks-clusters"
          [32m+[0m[0m "purpose"        = "ai-platform-validation"
        }
      [32m+[0m[0m tags_all              = {
          [32m+[0m[0m "Environment"    = "gitops-test"
          [32m+[0m[0m "provisioned-by" = "aws-solutions-library-samples/guidance-for-automated-provisioning-of-application-ready-amazon-eks-clusters"
          [32m+[0m[0m "purpose"        = "ai-platform-validation"
        }
      [32m+[0m[0m unique_id             = (known after apply)
    }

[1m  # aws_iam_role.capability["kro"][0m will be created
[0m  [32m+[0m[0m resource "aws_iam_role" "capability" {
      [32m+[0m[0m arn                   = (known after apply)
      [32m+[0m[0m assume_role_policy    = jsonencode(
            {
              [32m+[0m[0m Statement = [
                  [32m+[0m[0m {
                      [32m+[0m[0m Action    = [
                          [32m+[0m[0m "sts:TagSession",
                          [32m+[0m[0m "sts:AssumeRole",
                        ]
                      [32m+[0m[0m Effect    = "Allow"
                      [32m+[0m[0m Principal = {
                          [32m+[0m[0m Service = "capabilities.eks.amazonaws.com"
                        }
                    },
                ]
              [32m+[0m[0m Version   = "2012-10-17"
            }
        )
      [32m+[0m[0m create_date           = (known after apply)
      [32m+[0m[0m force_detach_policies = false
      [32m+[0m[0m id                    = (known after apply)
      [32m+[0m[0m managed_policy_arns   = (known after apply)
      [32m+[0m[0m max_session_duration  = 3600
      [32m+[0m[0m name                  = "ai-gitops-gitops-test-capability-kro"
      [32m+[0m[0m name_prefix           = (known after apply)
      [32m+[0m[0m path                  = "/"
      [32m+[0m[0m tags                  = {
          [32m+[0m[0m "Environment"    = "gitops-test"
          [32m+[0m[0m "provisioned-by" = "aws-solutions-library-samples/guidance-for-automated-provisioning-of-application-ready-amazon-eks-clusters"
          [32m+[0m[0m "purpose"        = "ai-platform-validation"
        }
      [32m+[0m[0m tags_all              = {
          [32m+[0m[0m "Environment"    = "gitops-test"
          [32m+[0m[0m "provisioned-by" = "aws-solutions-library-samples/guidance-for-automated-provisioning-of-application-ready-amazon-eks-clusters"
          [32m+[0m[0m "purpose"        = "ai-platform-validation"
        }
      [32m+[0m[0m unique_id             = (known after apply)
    }

[1m  # helm_release.karpenter[0][0m will be created
[0m  [32m+[0m[0m resource "helm_release" "karpenter" {
      [32m+[0m[0m atomic                     = false
      [32m+[0m[0m chart                      = "karpenter"
      [32m+[0m[0m cleanup_on_fail            = false
      [32m+[0m[0m create_namespace           = false
      [32m+[0m[0m dependency_update          = false
      [32m+[0m[0m disable_crd_hooks          = false
      [32m+[0m[0m disable_openapi_validation = false
      [32m+[0m[0m disable_webhooks           = false
      [32m+[0m[0m force_update               = false
      [32m+[0m[0m id                         = (known after apply)
      [32m+[0m[0m lint                       = false
      [32m+[0m[0m manifest                   = (known after apply)
      [32m+[0m[0m max_history                = 0
      [32m+[0m[0m metadata                   = (known after apply)
      [32m+[0m[0m name                       = "karpenter"
      [32m+[0m[0m namespace                  = "kube-system"
      [32m+[0m[0m pass_credentials           = false
      [32m+[0m[0m recreate_pods              = false
      [32m+[0m[0m render_subchart_notes      = true
      [32m+[0m[0m replace                    = false
      [32m+[0m[0m repository                 = "oci://public.ecr.aws/karpenter"
      [32m+[0m[0m repository_password        = (sensitive value)
      [32m+[0m[0m repository_username        = "AWS"
      [32m+[0m[0m reset_values               = false
      [32m+[0m[0m reuse_values               = false
      [32m+[0m[0m skip_crds                  = false
      [32m+[0m[0m status                     = "deployed"
      [32m+[0m[0m timeout                    = 300
      [32m+[0m[0m values                     = (known after apply)
      [32m+[0m[0m verify                     = false
      [32m+[0m[0m version                    = "1.5.0"
      [32m+[0m[0m wait                       = false
      [32m+[0m[0m wait_for_jobs              = false
    }

[1m  # kubectl_manifest.karpenter_manifests[0][0m will be created
[0m  [32m+[0m[0m resource "kubectl_manifest" "karpenter_manifests" {
      [32m+[0m[0m api_version             = (known after apply)
      [32m+[0m[0m apply_only              = false
      [32m+[0m[0m field_manager           = "kubectl"
      [32m+[0m[0m force_conflicts         = false
      [32m+[0m[0m force_new               = false
      [32m+[0m[0m id                      = (known after apply)
      [32m+[0m[0m kind                    = (known after apply)
      [32m+[0m[0m live_manifest_incluster = (sensitive value)
      [32m+[0m[0m live_uid                = (known after apply)
      [32m+[0m[0m name                    = (known after apply)
      [32m+[0m[0m namespace               = (known after apply)
      [32m+[0m[0m server_side_apply       = false
      [32m+[0m[0m uid                     = (known after apply)
      [32m+[0m[0m validate_schema         = true
      [32m+[0m[0m wait_for_rollout        = true
      [32m+[0m[0m yaml_body               = (sensitive value)
      [32m+[0m[0m yaml_body_parsed        = (known after apply)
      [32m+[0m[0m yaml_incluster          = (sensitive value)
    }

[1m  # kubectl_manifest.karpenter_manifests[1][0m will be created
[0m  [32m+[0m[0m resource "kubectl_manifest" "karpenter_manifests" {
      [32m+[0m[0m api_version             = (known after apply)
      [32m+[0m[0m apply_only              = false
      [32m+[0m[0m field_manager           = "kubectl"
      [32m+[0m[0m force_conflicts         = false
      [32m+[0m[0m force_new               = false
      [32m+[0m[0m id                      = (known after apply)
      [32m+[0m[0m kind                    = (known after apply)
      [32m+[0m[0m live_manifest_incluster = (sensitive value)
      [32m+[0m[0m live_uid                = (known after apply)
      [32m+[0m[0m name                    = (known after apply)
      [32m+[0m[0m namespace               = (known after apply)
      [32m+[0m[0m server_side_apply       = false
      [32m+[0m[0m uid                     = (known after apply)
      [32m+[0m[0m validate_schema         = true
      [32m+[0m[0m wait_for_rollout        = true
      [32m+[0m[0m yaml_body               = (sensitive value)
      [32m+[0m[0m yaml_body_parsed        = (known after apply)
      [32m+[0m[0m yaml_incluster          = (sensitive value)
    }

[1m  # kubectl_manifest.karpenter_manifests[2][0m will be created
[0m  [32m+[0m[0m resource "kubectl_manifest" "karpenter_manifests" {
      [32m+[0m[0m api_version             = (known after apply)
      [32m+[0m[0m apply_only              = false
      [32m+[0m[0m field_manager           = "kubectl"
      [32m+[0m[0m force_conflicts         = false
      [32m+[0m[0m force_new               = false
      [32m+[0m[0m id                      = (known after apply)
      [32m+[0m[0m kind                    = (known after apply)
      [32m+[0m[0m live_manifest_incluster = (sensitive value)
      [32m+[0m[0m live_uid                = (known after apply)
      [32m+[0m[0m name                    = (known after apply)
      [32m+[0m[0m namespace               = (known after apply)
      [32m+[0m[0m server_side_apply       = false
      [32m+[0m[0m uid                     = (known after apply)
      [32m+[0m[0m validate_schema         = true
      [32m+[0m[0m wait_for_rollout        = true
      [32m+[0m[0m yaml_body               = (sensitive value)
      [32m+[0m[0m yaml_body_parsed        = (known after apply)
      [32m+[0m[0m yaml_incluster          = (sensitive value)
    }

[1m  # kubectl_manifest.karpenter_manifests[3][0m will be created
[0m  [32m+[0m[0m resource "kubectl_manifest" "karpenter_manifests" {
      [32m+[0m[0m api_version             = (known after apply)
      [32m+[0m[0m apply_only              = false
      [32m+[0m[0m field_manager           = "kubectl"
      [32m+[0m[0m force_conflicts         = false
      [32m+[0m[0m force_new               = false
      [32m+[0m[0m id                      = (known after apply)
      [32m+[0m[0m kind                    = (known after apply)
      [32m+[0m[0m live_manifest_incluster = (sensitive value)
      [32m+[0m[0m live_uid                = (known after apply)
      [32m+[0m[0m name                    = (known after apply)
      [32m+[0m[0m namespace               = (known after apply)
      [32m+[0m[0m server_side_apply       = false
      [32m+[0m[0m uid                     = (known after apply)
      [32m+[0m[0m validate_schema         = true
      [32m+[0m[0m wait_for_rollout        = true
      [32m+[0m[0m yaml_body               = (sensitive value)
      [32m+[0m[0m yaml_body_parsed        = (known after apply)
      [32m+[0m[0m yaml_incluster          = (sensitive value)
    }

[1m  # kubernetes_annotations.gp2[0][0m will be created
[0m  [32m+[0m[0m resource "kubernetes_annotations" "gp2" {
      [32m+[0m[0m annotations   = {
          [32m+[0m[0m "storageclass.kubernetes.io/is-default-class" = "false"
        }
      [32m+[0m[0m api_version   = "storage.k8s.io/v1"
      [32m+[0m[0m field_manager = "Terraform"
      [32m+[0m[0m force         = true
      [32m+[0m[0m id            = (known after apply)
      [32m+[0m[0m kind          = "StorageClass"

      [32m+[0m[0m metadata {
          [32m+[0m[0m name = "gp2"
        }
    }

[1m  # kubernetes_storage_class_v1.gp3[0][0m will be created
[0m  [32m+[0m[0m resource "kubernetes_storage_class_v1" "gp3" {
      [32m+[0m[0m allow_volume_expansion = true
      [32m+[0m[0m id                     = (known after apply)
      [32m+[0m[0m parameters             = {
          [32m+[0m[0m "encrypted" = "true"
          [32m+[0m[0m "fsType"    = "ext4"
          [32m+[0m[0m "type"      = "gp3"
        }
      [32m+[0m[0m reclaim_policy         = "Delete"
      [32m+[0m[0m storage_provisioner    = "ebs.csi.aws.com"
      [32m+[0m[0m volume_binding_mode    = "WaitForFirstConsumer"

      [32m+[0m[0m metadata {
          [32m+[0m[0m annotations      = {
              [32m+[0m[0m "storageclass.kubernetes.io/is-default-class" = "true"
            }
          [32m+[0m[0m generation       = (known after apply)
          [32m+[0m[0m name             = "gp3"
          [32m+[0m[0m resource_version = (known after apply)
          [32m+[0m[0m uid              = (known after apply)
        }
    }

[1m  # null_resource.update_kubeconfig[0m will be created
[0m  [32m+[0m[0m resource "null_resource" "update_kubeconfig" {
      [32m+[0m[0m id       = (known after apply)
      [32m+[0m[0m triggers = {
          [32m+[0m[0m "cluster_name" = "ai-gitops-gitops-test"
          [32m+[0m[0m "region"       = "eu-central-1"
        }
    }

[1m  # module.ebs_csi_driver_irsa[0].data.aws_iam_policy_document.this[0][0m will be read during apply
  # (config refers to values not yet known)
[0m [36m<=[0m[0m data "aws_iam_policy_document" "this" {
      [32m+[0m[0m id            = (known after apply)
      [32m+[0m[0m json          = (known after apply)
      [32m+[0m[0m minified_json = (known after apply)

      [32m+[0m[0m statement {
          [32m+[0m[0m actions = [
              [32m+[0m[0m "sts:AssumeRoleWithWebIdentity",
            ]
          [32m+[0m[0m effect  = "Allow"

          [32m+[0m[0m condition {
              [32m+[0m[0m test     = "StringEquals"
              [32m+[0m[0m values   = [
                  [32m+[0m[0m "sts.amazonaws.com",
                ]
              [32m+[0m[0m variable = (known after apply)
            }
          [32m+[0m[0m condition {
              [32m+[0m[0m test     = "StringEquals"
              [32m+[0m[0m values   = [
                  [32m+[0m[0m "system:serviceaccount:kube-system:ebs-csi-controller-sa",
                ]
              [32m+[0m[0m variable = (known after apply)
            }

          [32m+[0m[0m principals {
              [32m+[0m[0m identifiers = [
                  [32m+[0m[0m (known after apply),
                ]
              [32m+[0m[0m type        = "Federated"
            }
        }
    }

[1m  # module.ebs_csi_driver_irsa[0].aws_iam_role.this[0][0m will be created
[0m  [32m+[0m[0m resource "aws_iam_role" "this" {
      [32m+[0m[0m arn                   = (known after apply)
      [32m+[0m[0m assume_role_policy    = (known after apply)
      [32m+[0m[0m create_date           = (known after apply)
      [32m+[0m[0m force_detach_policies = true
      [32m+[0m[0m id                    = (known after apply)
      [32m+[0m[0m managed_policy_arns   = (known after apply)
      [32m+[0m[0m max_session_duration  = 3600
      [32m+[0m[0m name                  = "ai-gitops-gitops-test-ebs-csi"
      [32m+[0m[0m name_prefix           = (known after apply)
      [32m+[0m[0m path                  = "/"
      [32m+[0m[0m tags_all              = {
          [32m+[0m[0m "Environment"    = "gitops-test"
          [32m+[0m[0m "provisioned-by" = "aws-solutions-library-samples/guidance-for-automated-provisioning-of-application-ready-amazon-eks-clusters"
          [32m+[0m[0m "purpose"        = "ai-platform-validation"
        }
      [32m+[0m[0m unique_id             = (known after apply)
    }

[1m  # module.ebs_csi_driver_irsa[0].aws_iam_role_policy_attachment.this["policy"][0m will be created
[0m  [32m+[0m[0m resource "aws_iam_role_policy_attachment" "this" {
      [32m+[0m[0m id         = (known after apply)
      [32m+[0m[0m policy_arn = "arn:aws:iam::aws:policy/service-role/AmazonEBSCSIDriverPolicy"
      [32m+[0m[0m role       = "ai-gitops-gitops-test-ebs-csi"
    }

[1m  # module.eks.data.aws_eks_addon_version.this["aws-ebs-csi-driver"][0m will be read during apply
  # (depends on a resource or a module with changes pending)
[0m [36m<=[0m[0m data "aws_eks_addon_version" "this" {
      [32m+[0m[0m addon_name         = "aws-ebs-csi-driver"
      [32m+[0m[0m id                 = (known after apply)
      [32m+[0m[0m kubernetes_version = "1.35"
      [32m+[0m[0m most_recent        = true
      [32m+[0m[0m region             = (known after apply)
      [32m+[0m[0m version            = (known after apply)
    }

[1m  # module.eks.data.aws_eks_addon_version.this["coredns"][0m will be read during apply
  # (depends on a resource or a module with changes pending)
[0m [36m<=[0m[0m data "aws_eks_addon_version" "this" {
      [32m+[0m[0m addon_name         = "coredns"
      [32m+[0m[0m id                 = (known after apply)
      [32m+[0m[0m kubernetes_version = "1.35"
      [32m+[0m[0m most_recent        = true
      [32m+[0m[0m region             = (known after apply)
      [32m+[0m[0m version            = (known after apply)
    }

[1m  # module.eks.data.aws_eks_addon_version.this["eks-pod-identity-agent"][0m will be read during apply
  # (depends on a resource or a module with changes pending)
[0m [36m<=[0m[0m data "aws_eks_addon_version" "this" {
      [32m+[0m[0m addon_name         = "eks-pod-identity-agent"
      [32m+[0m[0m id                 = (known after apply)
      [32m+[0m[0m kubernetes_version = "1.35"
      [32m+[0m[0m most_recent        = true
      [32m+[0m[0m region             = (known after apply)
      [32m+[0m[0m version            = (known after apply)
    }

[1m  # module.eks.data.aws_eks_addon_version.this["kube-proxy"][0m will be read during apply
  # (depends on a resource or a module with changes pending)
[0m [36m<=[0m[0m data "aws_eks_addon_version" "this" {
      [32m+[0m[0m addon_name         = "kube-proxy"
      [32m+[0m[0m id                 = (known after apply)
      [32m+[0m[0m kubernetes_version = "1.35"
      [32m+[0m[0m most_recent        = true
      [32m+[0m[0m region             = (known after apply)
      [32m+[0m[0m version            = (known after apply)
    }

[1m  # module.eks.data.aws_eks_addon_version.this["vpc-cni"][0m will be read during apply
  # (depends on a resource or a module with changes pending)
[0m [36m<=[0m[0m data "aws_eks_addon_version" "this" {
      [32m+[0m[0m addon_name         = "vpc-cni"
      [32m+[0m[0m id                 = (known after apply)
      [32m+[0m[0m kubernetes_version = "1.35"
      [32m+[0m[0m most_recent        = true
      [32m+[0m[0m region             = (known after apply)
      [32m+[0m[0m version            = (known after apply)
    }

[1m  # module.eks.data.tls_certificate.this[0][0m will be read during apply
  # (config refers to values not yet known)
[0m [36m<=[0m[0m data "tls_certificate" "this" {
      [32m+[0m[0m certificates = (known after apply)
      [32m+[0m[0m id           = (known after apply)
      [32m+[0m[0m url          = (known after apply)
    }

[1m  # module.eks.aws_cloudwatch_log_group.this[0][0m will be created
[0m  [32m+[0m[0m resource "aws_cloudwatch_log_group" "this" {
      [32m+[0m[0m arn                         = (known after apply)
      [32m+[0m[0m deletion_protection_enabled = (known after apply)
      [32m+[0m[0m id                          = (known after apply)
      [32m+[0m[0m log_group_class             = (known after apply)
      [32m+[0m[0m name                        = "/aws/eks/ai-gitops-gitops-test/cluster"
      [32m+[0m[0m name_prefix                 = (known after apply)
      [32m+[0m[0m region                      = "eu-central-1"
      [32m+[0m[0m retention_in_days           = 90
      [32m+[0m[0m skip_destroy                = false
      [32m+[0m[0m tags                        = {
          [32m+[0m[0m "Environment"    = "gitops-test"
          [32m+[0m[0m "Name"           = "/aws/eks/ai-gitops-gitops-test/cluster"
          [32m+[0m[0m "provisioned-by" = "aws-solutions-library-samples/guidance-for-automated-provisioning-of-application-ready-amazon-eks-clusters"
          [32m+[0m[0m "purpose"        = "ai-platform-validation"
        }
      [32m+[0m[0m tags_all                    = {
          [32m+[0m[0m "Environment"    = "gitops-test"
          [32m+[0m[0m "Name"           = "/aws/eks/ai-gitops-gitops-test/cluster"
          [32m+[0m[0m "provisioned-by" = "aws-solutions-library-samples/guidance-for-automated-provisioning-of-application-ready-amazon-eks-clusters"
          [32m+[0m[0m "purpose"        = "ai-platform-validation"
        }
    }

[1m  # module.eks.aws_ec2_tag.cluster_primary_security_group["Environment"][0m will be created
[0m  [32m+[0m[0m resource "aws_ec2_tag" "cluster_primary_security_group" {
      [32m+[0m[0m id          = (known after apply)
      [32m+[0m[0m key         = "Environment"
      [32m+[0m[0m region      = "eu-central-1"
      [32m+[0m[0m resource_id = (known after apply)
      [32m+[0m[0m value       = "gitops-test"
    }

[1m  # module.eks.aws_ec2_tag.cluster_primary_security_group["provisioned-by"][0m will be created
[0m  [32m+[0m[0m resource "aws_ec2_tag" "cluster_primary_security_group" {
      [32m+[0m[0m id          = (known after apply)
      [32m+[0m[0m key         = "provisioned-by"
      [32m+[0m[0m region      = "eu-central-1"
      [32m+[0m[0m resource_id = (known after apply)
      [32m+[0m[0m value       = "aws-solutions-library-samples/guidance-for-automated-provisioning-of-application-ready-amazon-eks-clusters"
    }

[1m  # module.eks.aws_ec2_tag.cluster_primary_security_group["purpose"][0m will be created
[0m  [32m+[0m[0m resource "aws_ec2_tag" "cluster_primary_security_group" {
      [32m+[0m[0m id          = (known after apply)
      [32m+[0m[0m key         = "purpose"
      [32m+[0m[0m region      = "eu-central-1"
      [32m+[0m[0m resource_id = (known after apply)
      [32m+[0m[0m value       = "ai-platform-validation"
    }

[1m  # module.eks.aws_eks_access_entry.this["EKSAdmin"][0m will be created
[0m  [32m+[0m[0m resource "aws_eks_access_entry" "this" {
      [32m+[0m[0m access_entry_arn  = (known after apply)
      [32m+[0m[0m cluster_name      = (known after apply)
      [32m+[0m[0m created_at        = (known after apply)
      [32m+[0m[0m id                = (known after apply)
      [32m+[0m[0m kubernetes_groups = (known after apply)
      [32m+[0m[0m modified_at       = (known after apply)
      [32m+[0m[0m principal_arn     = "arn:aws:iam::802019299867:role/ai-gitops-gitops-test-EKSAdmin"
      [32m+[0m[0m region            = "eu-central-1"
      [32m+[0m[0m tags              = {
          [32m+[0m[0m "Environment"    = "gitops-test"
          [32m+[0m[0m "provisioned-by" = "aws-solutions-library-samples/guidance-for-automated-provisioning-of-application-ready-amazon-eks-clusters"
          [32m+[0m[0m "purpose"        = "ai-platform-validation"
        }
      [32m+[0m[0m tags_all          = {
          [32m+[0m[0m "Environment"    = "gitops-test"
          [32m+[0m[0m "provisioned-by" = "aws-solutions-library-samples/guidance-for-automated-provisioning-of-application-ready-amazon-eks-clusters"
          [32m+[0m[0m "purpose"        = "ai-platform-validation"
        }
      [32m+[0m[0m type              = "STANDARD"
      [32m+[0m[0m user_name         = (known after apply)
    }

[1m  # module.eks.aws_eks_access_entry.this["EKSClusterAdmin"][0m will be created
[0m  [32m+[0m[0m resource "aws_eks_access_entry" "this" {
      [32m+[0m[0m access_entry_arn  = (known after apply)
      [32m+[0m[0m cluster_name      = (known after apply)
      [32m+[0m[0m created_at        = (known after apply)
      [32m+[0m[0m id                = (known after apply)
      [32m+[0m[0m kubernetes_groups = (known after apply)
      [32m+[0m[0m modified_at       = (known after apply)
      [32m+[0m[0m principal_arn     = "arn:aws:iam::802019299867:role/ai-gitops-gitops-test-EKSClusterAdmin"
      [32m+[0m[0m region            = "eu-central-1"
      [32m+[0m[0m tags              = {
          [32m+[0m[0m "Environment"    = "gitops-test"
          [32m+[0m[0m "provisioned-by" = "aws-solutions-library-samples/guidance-for-automated-provisioning-of-application-ready-amazon-eks-clusters"
          [32m+[0m[0m "purpose"        = "ai-platform-validation"
        }
      [32m+[0m[0m tags_all          = {
          [32m+[0m[0m "Environment"    = "gitops-test"
          [32m+[0m[0m "provisioned-by" = "aws-solutions-library-samples/guidance-for-automated-provisioning-of-application-ready-amazon-eks-clusters"
          [32m+[0m[0m "purpose"        = "ai-platform-validation"
        }
      [32m+[0m[0m type              = "STANDARD"
      [32m+[0m[0m user_name         = (known after apply)
    }

[1m  # module.eks.aws_eks_access_entry.this["EKSEdit"][0m will be created
[0m  [32m+[0m[0m resource "aws_eks_access_entry" "this" {
      [32m+[0m[0m access_entry_arn  = (known after apply)
      [32m+[0m[0m cluster_name      = (known after apply)
      [32m+[0m[0m created_at        = (known after apply)
      [32m+[0m[0m id                = (known after apply)
      [32m+[0m[0m kubernetes_groups = (known after apply)
      [32m+[0m[0m modified_at       = (known after apply)
      [32m+[0m[0m principal_arn     = "arn:aws:iam::802019299867:role/ai-gitops-gitops-test-EKSEdit"
      [32m+[0m[0m region            = "eu-central-1"
      [32m+[0m[0m tags              = {
          [32m+[0m[0m "Environment"    = "gitops-test"
          [32m+[0m[0m "provisioned-by" = "aws-solutions-library-samples/guidance-for-automated-provisioning-of-application-ready-amazon-eks-clusters"
          [32m+[0m[0m "purpose"        = "ai-platform-validation"
        }
      [32m+[0m[0m tags_all          = {
          [32m+[0m[0m "Environment"    = "gitops-test"
          [32m+[0m[0m "provisioned-by" = "aws-solutions-library-samples/guidance-for-automated-provisioning-of-application-ready-amazon-eks-clusters"
          [32m+[0m[0m "purpose"        = "ai-platform-validation"
        }
      [32m+[0m[0m type              = "STANDARD"
      [32m+[0m[0m user_name         = (known after apply)
    }

[1m  # module.eks.aws_eks_access_entry.this["EKSView"][0m will be created
[0m  [32m+[0m[0m resource "aws_eks_access_entry" "this" {
      [32m+[0m[0m access_entry_arn  = (known after apply)
      [32m+[0m[0m cluster_name      = (known after apply)
      [32m+[0m[0m created_at        = (known after apply)
      [32m+[0m[0m id                = (known after apply)
      [32m+[0m[0m kubernetes_groups = (known after apply)
      [32m+[0m[0m modified_at       = (known after apply)
      [32m+[0m[0m principal_arn     = "arn:aws:iam::802019299867:role/ai-gitops-gitops-test-EKSView"
      [32m+[0m[0m region            = "eu-central-1"
      [32m+[0m[0m tags              = {
          [32m+[0m[0m "Environment"    = "gitops-test"
          [32m+[0m[0m "provisioned-by" = "aws-solutions-library-samples/guidance-for-automated-provisioning-of-application-ready-amazon-eks-clusters"
          [32m+[0m[0m "purpose"        = "ai-platform-validation"
        }
      [32m+[0m[0m tags_all          = {
          [32m+[0m[0m "Environment"    = "gitops-test"
          [32m+[0m[0m "provisioned-by" = "aws-solutions-library-samples/guidance-for-automated-provisioning-of-application-ready-amazon-eks-clusters"
          [32m+[0m[0m "purpose"        = "ai-platform-validation"
        }
      [32m+[0m[0m type              = "STANDARD"
      [32m+[0m[0m user_name         = (known after apply)
    }

[1m  # module.eks.aws_eks_access_entry.this["cluster_creator"][0m will be created
[0m  [32m+[0m[0m resource "aws_eks_access_entry" "this" {
      [32m+[0m[0m access_entry_arn  = (known after apply)
      [32m+[0m[0m cluster_name      = (known after apply)
      [32m+[0m[0m created_at        = (known after apply)
      [32m+[0m[0m id                = (known after apply)
      [32m+[0m[0m kubernetes_groups = (known after apply)
      [32m+[0m[0m modified_at       = (known after apply)
      [32m+[0m[0m principal_arn     = "arn:aws:iam::802019299867:user/cli-user"
      [32m+[0m[0m region            = "eu-central-1"
      [32m+[0m[0m tags              = {
          [32m+[0m[0m "Environment"    = "gitops-test"
          [32m+[0m[0m "provisioned-by" = "aws-solutions-library-samples/guidance-for-automated-provisioning-of-application-ready-amazon-eks-clusters"
          [32m+[0m[0m "purpose"        = "ai-platform-validation"
        }
      [32m+[0m[0m tags_all          = {
          [32m+[0m[0m "Environment"    = "gitops-test"
          [32m+[0m[0m "provisioned-by" = "aws-solutions-library-samples/guidance-for-automated-provisioning-of-application-ready-amazon-eks-clusters"
          [32m+[0m[0m "purpose"        = "ai-platform-validation"
        }
      [32m+[0m[0m type              = "STANDARD"
      [32m+[0m[0m user_name         = (known after apply)
    }

[1m  # module.eks.aws_eks_access_policy_association.this["EKSAdmin_single"][0m will be created
[0m  [32m+[0m[0m resource "aws_eks_access_policy_association" "this" {
      [32m+[0m[0m associated_at = (known after apply)
      [32m+[0m[0m cluster_name  = (known after apply)
      [32m+[0m[0m id            = (known after apply)
      [32m+[0m[0m modified_at   = (known after apply)
      [32m+[0m[0m policy_arn    = "arn:aws:eks::aws:cluster-access-policy/AmazonEKSAdminPolicy"
      [32m+[0m[0m principal_arn = "arn:aws:iam::802019299867:role/ai-gitops-gitops-test-EKSAdmin"
      [32m+[0m[0m region        = "eu-central-1"

      [32m+[0m[0m access_scope {
          [32m+[0m[0m type = "cluster"
        }
    }

[1m  # module.eks.aws_eks_access_policy_association.this["EKSClusterAdmin_single"][0m will be created
[0m  [32m+[0m[0m resource "aws_eks_access_policy_association" "this" {
      [32m+[0m[0m associated_at = (known after apply)
      [32m+[0m[0m cluster_name  = (known after apply)
      [32m+[0m[0m id            = (known after apply)
      [32m+[0m[0m modified_at   = (known after apply)
      [32m+[0m[0m policy_arn    = "arn:aws:eks::aws:cluster-access-policy/AmazonEKSClusterAdminPolicy"
      [32m+[0m[0m principal_arn = "arn:aws:iam::802019299867:role/ai-gitops-gitops-test-EKSClusterAdmin"
      [32m+[0m[0m region        = "eu-central-1"

      [32m+[0m[0m access_scope {
          [32m+[0m[0m type = "cluster"
        }
    }

[1m  # module.eks.aws_eks_access_policy_association.this["EKSEdit_single"][0m will be created
[0m  [32m+[0m[0m resource "aws_eks_access_policy_association" "this" {
      [32m+[0m[0m associated_at = (known after apply)
      [32m+[0m[0m cluster_name  = (known after apply)
      [32m+[0m[0m id            = (known after apply)
      [32m+[0m[0m modified_at   = (known after apply)
      [32m+[0m[0m policy_arn    = "arn:aws:eks::aws:cluster-access-policy/AmazonEKSEditPolicy"
      [32m+[0m[0m principal_arn = "arn:aws:iam::802019299867:role/ai-gitops-gitops-test-EKSEdit"
      [32m+[0m[0m region        = "eu-central-1"

      [32m+[0m[0m access_scope {
          [32m+[0m[0m namespaces = [
              [32m+[0m[0m "default",
            ]
          [32m+[0m[0m type       = "namespace"
        }
    }

[1m  # module.eks.aws_eks_access_policy_association.this["EKSView_single"][0m will be created
[0m  [32m+[0m[0m resource "aws_eks_access_policy_association" "this" {
      [32m+[0m[0m associated_at = (known after apply)
      [32m+[0m[0m cluster_name  = (known after apply)
      [32m+[0m[0m id            = (known after apply)
      [32m+[0m[0m modified_at   = (known after apply)
      [32m+[0m[0m policy_arn    = "arn:aws:eks::aws:cluster-access-policy/AmazonEKSViewPolicy"
      [32m+[0m[0m principal_arn = "arn:aws:iam::802019299867:role/ai-gitops-gitops-test-EKSView"
      [32m+[0m[0m region        = "eu-central-1"

      [32m+[0m[0m access_scope {
          [32m+[0m[0m namespaces = [
              [32m+[0m[0m "default",
            ]
          [32m+[0m[0m type       = "namespace"
        }
    }

[1m  # module.eks.aws_eks_access_policy_association.this["cluster_creator_admin"][0m will be created
[0m  [32m+[0m[0m resource "aws_eks_access_policy_association" "this" {
      [32m+[0m[0m associated_at = (known after apply)
      [32m+[0m[0m cluster_name  = (known after apply)
      [32m+[0m[0m id            = (known after apply)
      [32m+[0m[0m modified_at   = (known after apply)
      [32m+[0m[0m policy_arn    = "arn:aws:eks::aws:cluster-access-policy/AmazonEKSClusterAdminPolicy"
      [32m+[0m[0m principal_arn = "arn:aws:iam::802019299867:user/cli-user"
      [32m+[0m[0m region        = "eu-central-1"

      [32m+[0m[0m access_scope {
          [32m+[0m[0m type = "cluster"
        }
    }

[1m  # module.eks.aws_eks_addon.before_compute["kube-proxy"][0m will be created
[0m  [32m+[0m[0m resource "aws_eks_addon" "before_compute" {
      [32m+[0m[0m addon_name                  = "kube-proxy"
      [32m+[0m[0m addon_version               = (known after apply)
      [32m+[0m[0m arn                         = (known after apply)
      [32m+[0m[0m cluster_name                = (known after apply)
      [32m+[0m[0m configuration_values        = (known after apply)
      [32m+[0m[0m created_at                  = (known after apply)
      [32m+[0m[0m id                          = (known after apply)
      [32m+[0m[0m modified_at                 = (known after apply)
      [32m+[0m[0m preserve                    = false
      [32m+[0m[0m region                      = "eu-central-1"
      [32m+[0m[0m resolve_conflicts_on_create = "NONE"
      [32m+[0m[0m resolve_conflicts_on_update = "OVERWRITE"
      [32m+[0m[0m tags                        = {
          [32m+[0m[0m "Environment"    = "gitops-test"
          [32m+[0m[0m "provisioned-by" = "aws-solutions-library-samples/guidance-for-automated-provisioning-of-application-ready-amazon-eks-clusters"
          [32m+[0m[0m "purpose"        = "ai-platform-validation"
        }
      [32m+[0m[0m tags_all                    = {
          [32m+[0m[0m "Environment"    = "gitops-test"
          [32m+[0m[0m "provisioned-by" = "aws-solutions-library-samples/guidance-for-automated-provisioning-of-application-ready-amazon-eks-clusters"
          [32m+[0m[0m "purpose"        = "ai-platform-validation"
        }

      [32m+[0m[0m timeouts {}
    }

[1m  # module.eks.aws_eks_addon.before_compute["vpc-cni"][0m will be created
[0m  [32m+[0m[0m resource "aws_eks_addon" "before_compute" {
      [32m+[0m[0m addon_name                  = "vpc-cni"
      [32m+[0m[0m addon_version               = (known after apply)
      [32m+[0m[0m arn                         = (known after apply)
      [32m+[0m[0m cluster_name                = (known after apply)
      [32m+[0m[0m configuration_values        = jsonencode(
            {
              [32m+[0m[0m env = {
                  [32m+[0m[0m ENABLE_PREFIX_DELEGATION = "false"
                  [32m+[0m[0m MINIMUM_IP_TARGET        = "10"
                  [32m+[0m[0m WARM_ENI_TARGET          = "0"
                  [32m+[0m[0m WARM_IP_TARGET           = "5"
                }
            }
        )
      [32m+[0m[0m created_at                  = (known after apply)
      [32m+[0m[0m id                          = (known after apply)
      [32m+[0m[0m modified_at                 = (known after apply)
      [32m+[0m[0m preserve                    = false
      [32m+[0m[0m region                      = "eu-central-1"
      [32m+[0m[0m resolve_conflicts_on_create = "NONE"
      [32m+[0m[0m resolve_conflicts_on_update = "OVERWRITE"
      [32m+[0m[0m tags                        = {
          [32m+[0m[0m "Environment"    = "gitops-test"
          [32m+[0m[0m "provisioned-by" = "aws-solutions-library-samples/guidance-for-automated-provisioning-of-application-ready-amazon-eks-clusters"
          [32m+[0m[0m "purpose"        = "ai-platform-validation"
        }
      [32m+[0m[0m tags_all                    = {
          [32m+[0m[0m "Environment"    = "gitops-test"
          [32m+[0m[0m "provisioned-by" = "aws-solutions-library-samples/guidance-for-automated-provisioning-of-application-ready-amazon-eks-clusters"
          [32m+[0m[0m "purpose"        = "ai-platform-validation"
        }

      [32m+[0m[0m timeouts {}
    }

[1m  # module.eks.aws_eks_addon.this["aws-ebs-csi-driver"][0m will be created
[0m  [32m+[0m[0m resource "aws_eks_addon" "this" {
      [32m+[0m[0m addon_name                  = "aws-ebs-csi-driver"
      [32m+[0m[0m addon_version               = (known after apply)
      [32m+[0m[0m arn                         = (known after apply)
      [32m+[0m[0m cluster_name                = (known after apply)
      [32m+[0m[0m configuration_values        = (known after apply)
      [32m+[0m[0m created_at                  = (known after apply)
      [32m+[0m[0m id                          = (known after apply)
      [32m+[0m[0m modified_at                 = (known after apply)
      [32m+[0m[0m preserve                    = false
      [32m+[0m[0m region                      = "eu-central-1"
      [32m+[0m[0m resolve_conflicts_on_create = "NONE"
      [32m+[0m[0m resolve_conflicts_on_update = "OVERWRITE"
      [32m+[0m[0m service_account_role_arn    = (known after apply)
      [32m+[0m[0m tags                        = {
          [32m+[0m[0m "Environment"    = "gitops-test"
          [32m+[0m[0m "provisioned-by" = "aws-solutions-library-samples/guidance-for-automated-provisioning-of-application-ready-amazon-eks-clusters"
          [32m+[0m[0m "purpose"        = "ai-platform-validation"
        }
      [32m+[0m[0m tags_all                    = {
          [32m+[0m[0m "Environment"    = "gitops-test"
          [32m+[0m[0m "provisioned-by" = "aws-solutions-library-samples/guidance-for-automated-provisioning-of-application-ready-amazon-eks-clusters"
          [32m+[0m[0m "purpose"        = "ai-platform-validation"
        }

      [32m+[0m[0m timeouts {}
    }

[1m  # module.eks.aws_eks_addon.this["coredns"][0m will be created
[0m  [32m+[0m[0m resource "aws_eks_addon" "this" {
      [32m+[0m[0m addon_name                  = "coredns"
      [32m+[0m[0m addon_version               = (known after apply)
      [32m+[0m[0m arn                         = (known after apply)
      [32m+[0m[0m cluster_name                = (known after apply)
      [32m+[0m[0m configuration_values        = jsonencode(
            {
              [32m+[0m[0m replicaCount = 2
              [32m+[0m[0m tolerations  = [
                  [32m+[0m[0m {
                      [32m+[0m[0m effect   = "NoSchedule"
                      [32m+[0m[0m key      = "CriticalAddonsOnly"
                      [32m+[0m[0m operator = "Exists"
                    },
                ]
            }
        )
      [32m+[0m[0m created_at                  = (known after apply)
      [32m+[0m[0m id                          = (known after apply)
      [32m+[0m[0m modified_at                 = (known after apply)
      [32m+[0m[0m preserve                    = false
      [32m+[0m[0m region                      = "eu-central-1"
      [32m+[0m[0m resolve_conflicts_on_create = "OVERWRITE"
      [32m+[0m[0m resolve_conflicts_on_update = "PRESERVE"
      [32m+[0m[0m tags                        = {
          [32m+[0m[0m "Environment"    = "gitops-test"
          [32m+[0m[0m "provisioned-by" = "aws-solutions-library-samples/guidance-for-automated-provisioning-of-application-ready-amazon-eks-clusters"
          [32m+[0m[0m "purpose"        = "ai-platform-validation"
        }
      [32m+[0m[0m tags_all                    = {
          [32m+[0m[0m "Environment"    = "gitops-test"
          [32m+[0m[0m "provisioned-by" = "aws-solutions-library-samples/guidance-for-automated-provisioning-of-application-ready-amazon-eks-clusters"
          [32m+[0m[0m "purpose"        = "ai-platform-validation"
        }

      [32m+[0m[0m timeouts {}
    }

[1m  # module.eks.aws_eks_addon.this["eks-pod-identity-agent"][0m will be created
[0m  [32m+[0m[0m resource "aws_eks_addon" "this" {
      [32m+[0m[0m addon_name                  = "eks-pod-identity-agent"
      [32m+[0m[0m addon_version               = (known after apply)
      [32m+[0m[0m arn                         = (known after apply)
      [32m+[0m[0m cluster_name                = (known after apply)
      [32m+[0m[0m configuration_values        = (known after apply)
      [32m+[0m[0m created_at                  = (known after apply)
      [32m+[0m[0m id                          = (known after apply)
      [32m+[0m[0m modified_at                 = (known after apply)
      [32m+[0m[0m preserve                    = false
      [32m+[0m[0m region                      = "eu-central-1"
      [32m+[0m[0m resolve_conflicts_on_create = "NONE"
      [32m+[0m[0m resolve_conflicts_on_update = "OVERWRITE"
      [32m+[0m[0m tags                        = {
          [32m+[0m[0m "Environment"    = "gitops-test"
          [32m+[0m[0m "provisioned-by" = "aws-solutions-library-samples/guidance-for-automated-provisioning-of-application-ready-amazon-eks-clusters"
          [32m+[0m[0m "purpose"        = "ai-platform-validation"
        }
      [32m+[0m[0m tags_all                    = {
          [32m+[0m[0m "Environment"    = "gitops-test"
          [32m+[0m[0m "provisioned-by" = "aws-solutions-library-samples/guidance-for-automated-provisioning-of-application-ready-amazon-eks-clusters"
          [32m+[0m[0m "purpose"        = "ai-platform-validation"
        }

      [32m+[0m[0m timeouts {}
    }

[1m  # module.eks.aws_eks_cluster.this[0][0m will be created
[0m  [32m+[0m[0m resource "aws_eks_cluster" "this" {
      [32m+[0m[0m arn                           = (known after apply)
      [32m+[0m[0m bootstrap_self_managed_addons = false
      [32m+[0m[0m certificate_authority         = (known after apply)
      [32m+[0m[0m cluster_id                    = (known after apply)
      [32m+[0m[0m created_at                    = (known after apply)
      [32m+[0m[0m deletion_protection           = (known after apply)
      [32m+[0m[0m enabled_cluster_log_types     = [
          [32m+[0m[0m "api",
          [32m+[0m[0m "audit",
          [32m+[0m[0m "authenticator",
          [32m+[0m[0m "controllerManager",
          [32m+[0m[0m "scheduler",
        ]
      [32m+[0m[0m endpoint                      = (known after apply)
      [32m+[0m[0m id                            = (known after apply)
      [32m+[0m[0m identity                      = (known after apply)
      [32m+[0m[0m name                          = "ai-gitops-gitops-test"
      [32m+[0m[0m platform_version              = (known after apply)
      [32m+[0m[0m region                        = "eu-central-1"
      [32m+[0m[0m role_arn                      = (known after apply)
      [32m+[0m[0m status                        = (known after apply)
      [32m+[0m[0m tags                          = {
          [32m+[0m[0m "Environment"    = "gitops-test"
          [32m+[0m[0m "provisioned-by" = "aws-solutions-library-samples/guidance-for-automated-provisioning-of-application-ready-amazon-eks-clusters"
          [32m+[0m[0m "purpose"        = "ai-platform-validation"
        }
      [32m+[0m[0m tags_all                      = {
          [32m+[0m[0m "Environment"    = "gitops-test"
          [32m+[0m[0m "provisioned-by" = "aws-solutions-library-samples/guidance-for-automated-provisioning-of-application-ready-amazon-eks-clusters"
          [32m+[0m[0m "purpose"        = "ai-platform-validation"
        }
      [32m+[0m[0m version                       = "1.35"

      [32m+[0m[0m access_config {
          [32m+[0m[0m authentication_mode                         = "API"
          [32m+[0m[0m bootstrap_cluster_creator_admin_permissions = false
        }

      [32m+[0m[0m encryption_config {
          [32m+[0m[0m resources = [
              [32m+[0m[0m "secrets",
            ]

          [32m+[0m[0m provider {
              [32m+[0m[0m key_arn = (known after apply)
            }
        }

      [32m+[0m[0m kubernetes_network_config {
          [32m+[0m[0m ip_family         = "ipv4"
          [32m+[0m[0m service_ipv4_cidr = (known after apply)
          [32m+[0m[0m service_ipv6_cidr = (known after apply)
        }

      [32m+[0m[0m vpc_config {
          [32m+[0m[0m cluster_security_group_id = (known after apply)
          [32m+[0m[0m endpoint_private_access   = true
          [32m+[0m[0m endpoint_public_access    = true
          [32m+[0m[0m public_access_cidrs       = [
              [32m+[0m[0m "0.0.0.0/0",
            ]
          [32m+[0m[0m subnet_ids                = [
              [32m+[0m[0m "subnet-05dada338c3fd0e5f",
              [32m+[0m[0m "subnet-068cd5ae13150e6b5",
              [32m+[0m[0m "subnet-0ebef846e7cd17006",
            ]
          [32m+[0m[0m vpc_id                    = (known after apply)
        }
    }

[1m  # module.eks.aws_iam_openid_connect_provider.oidc_provider[0][0m will be created
[0m  [32m+[0m[0m resource "aws_iam_openid_connect_provider" "oidc_provider" {
      [32m+[0m[0m arn             = (known after apply)
      [32m+[0m[0m client_id_list  = [
          [32m+[0m[0m "sts.amazonaws.com",
        ]
      [32m+[0m[0m id              = (known after apply)
      [32m+[0m[0m tags            = {
          [32m+[0m[0m "Environment"    = "gitops-test"
          [32m+[0m[0m "Name"           = "ai-gitops-gitops-test-eks-irsa"
          [32m+[0m[0m "provisioned-by" = "aws-solutions-library-samples/guidance-for-automated-provisioning-of-application-ready-amazon-eks-clusters"
          [32m+[0m[0m "purpose"        = "ai-platform-validation"
        }
      [32m+[0m[0m tags_all        = {
          [32m+[0m[0m "Environment"    = "gitops-test"
          [32m+[0m[0m "Name"           = "ai-gitops-gitops-test-eks-irsa"
          [32m+[0m[0m "provisioned-by" = "aws-solutions-library-samples/guidance-for-automated-provisioning-of-application-ready-amazon-eks-clusters"
          [32m+[0m[0m "purpose"        = "ai-platform-validation"
        }
      [32m+[0m[0m thumbprint_list = (known after apply)
      [32m+[0m[0m url             = (known after apply)
    }

[1m  # module.eks.aws_iam_policy.cluster_encryption[0][0m will be created
[0m  [32m+[0m[0m resource "aws_iam_policy" "cluster_encryption" {
      [32m+[0m[0m arn              = (known after apply)
      [32m+[0m[0m attachment_count = (known after apply)
      [32m+[0m[0m description      = "Cluster encryption policy to allow cluster role to utilize CMK provided"
      [32m+[0m[0m id               = (known after apply)
      [32m+[0m[0m name             = (known after apply)
      [32m+[0m[0m name_prefix      = "ai-gitops-gitops-test-cluster-ClusterEncryption"
      [32m+[0m[0m path             = "/"
      [32m+[0m[0m policy           = (known after apply)
      [32m+[0m[0m policy_id        = (known after apply)
      [32m+[0m[0m tags             = {
          [32m+[0m[0m "Environment"    = "gitops-test"
          [32m+[0m[0m "provisioned-by" = "aws-solutions-library-samples/guidance-for-automated-provisioning-of-application-ready-amazon-eks-clusters"
          [32m+[0m[0m "purpose"        = "ai-platform-validation"
        }
      [32m+[0m[0m tags_all         = {
          [32m+[0m[0m "Environment"    = "gitops-test"
          [32m+[0m[0m "provisioned-by" = "aws-solutions-library-samples/guidance-for-automated-provisioning-of-application-ready-amazon-eks-clusters"
          [32m+[0m[0m "purpose"        = "ai-platform-validation"
        }
    }

[1m  # module.eks.aws_iam_role.this[0][0m will be created
[0m  [32m+[0m[0m resource "aws_iam_role" "this" {
      [32m+[0m[0m arn                   = (known after apply)
      [32m+[0m[0m assume_role_policy    = jsonencode(
            {
              [32m+[0m[0m Statement = [
                  [32m+[0m[0m {
                      [32m+[0m[0m Action    = [
                          [32m+[0m[0m "sts:TagSession",
                          [32m+[0m[0m "sts:AssumeRole",
                        ]
                      [32m+[0m[0m Effect    = "Allow"
                      [32m+[0m[0m Principal = {
                          [32m+[0m[0m Service = "eks.amazonaws.com"
                        }
                      [32m+[0m[0m Sid       = "EKSClusterAssumeRole"
                    },
                ]
              [32m+[0m[0m Version   = "2012-10-17"
            }
        )
      [32m+[0m[0m create_date           = (known after apply)
      [32m+[0m[0m force_detach_policies = true
      [32m+[0m[0m id                    = (known after apply)
      [32m+[0m[0m managed_policy_arns   = (known after apply)
      [32m+[0m[0m max_session_duration  = 3600
      [32m+[0m[0m name                  = "ai-gitops-gitops-test-cluster"
      [32m+[0m[0m name_prefix           = (known after apply)
      [32m+[0m[0m path                  = "/"
      [32m+[0m[0m tags                  = {
          [32m+[0m[0m "Environment"    = "gitops-test"
          [32m+[0m[0m "provisioned-by" = "aws-solutions-library-samples/guidance-for-automated-provisioning-of-application-ready-amazon-eks-clusters"
          [32m+[0m[0m "purpose"        = "ai-platform-validation"
        }
      [32m+[0m[0m tags_all              = {
          [32m+[0m[0m "Environment"    = "gitops-test"
          [32m+[0m[0m "provisioned-by" = "aws-solutions-library-samples/guidance-for-automated-provisioning-of-application-ready-amazon-eks-clusters"
          [32m+[0m[0m "purpose"        = "ai-platform-validation"
        }
      [32m+[0m[0m unique_id             = (known after apply)
    }

[1m  # module.eks.aws_iam_role_policy_attachment.cluster_encryption[0][0m will be created
[0m  [32m+[0m[0m resource "aws_iam_role_policy_attachment" "cluster_encryption" {
      [32m+[0m[0m id         = (known after apply)
      [32m+[0m[0m policy_arn = (known after apply)
      [32m+[0m[0m role       = "ai-gitops-gitops-test-cluster"
    }

[1m  # module.eks.aws_iam_role_policy_attachment.this["AmazonEKSClusterPolicy"][0m will be created
[0m  [32m+[0m[0m resource "aws_iam_role_policy_attachment" "this" {
      [32m+[0m[0m id         = (known after apply)
      [32m+[0m[0m policy_arn = "arn:aws:iam::aws:policy/AmazonEKSClusterPolicy"
      [32m+[0m[0m role       = "ai-gitops-gitops-test-cluster"
    }

[1m  # module.eks.time_sleep.this[0][0m will be created
[0m  [32m+[0m[0m resource "time_sleep" "this" {
      [32m+[0m[0m create_duration = "30s"
      [32m+[0m[0m id              = (known after apply)
      [32m+[0m[0m triggers        = {
          [32m+[0m[0m "certificate_authority_data" = (known after apply)
          [32m+[0m[0m "endpoint"                   = (known after apply)
          [32m+[0m[0m "kubernetes_version"         = "1.35"
          [32m+[0m[0m "name"                       = (known after apply)
          [32m+[0m[0m "service_cidr"               = (known after apply)
        }
    }

[1m  # module.karpenter.data.aws_caller_identity.current[0m will be read during apply
  # (depends on a resource or a module with changes pending)
[0m [36m<=[0m[0m data "aws_caller_identity" "current" {
      [32m+[0m[0m account_id = (known after apply)
      [32m+[0m[0m arn        = (known after apply)
      [32m+[0m[0m id         = (known after apply)
      [32m+[0m[0m user_id    = (known after apply)
    }

[1m  # module.karpenter.data.aws_iam_policy_document.controller[0][0m will be read during apply
  # (config refers to values not yet known)
[0m [36m<=[0m[0m data "aws_iam_policy_document" "controller" {
      [32m+[0m[0m id                      = (known after apply)
      [32m+[0m[0m json                    = (known after apply)
      [32m+[0m[0m minified_json           = (known after apply)
      [32m+[0m[0m source_policy_documents = [
          [32m+[0m[0m (known after apply),
        ]
    }

[1m  # module.karpenter.data.aws_iam_policy_document.controller_assume_role[0][0m will be read during apply
  # (depends on a resource or a module with changes pending)
[0m [36m<=[0m[0m data "aws_iam_policy_document" "controller_assume_role" {
      [32m+[0m[0m id            = (known after apply)
      [32m+[0m[0m json          = (known after apply)
      [32m+[0m[0m minified_json = (known after apply)

      [32m+[0m[0m statement {
          [32m+[0m[0m actions = [
              [32m+[0m[0m "sts:AssumeRole",
              [32m+[0m[0m "sts:TagSession",
            ]

          [32m+[0m[0m principals {
              [32m+[0m[0m identifiers = [
                  [32m+[0m[0m "pods.eks.amazonaws.com",
                ]
              [32m+[0m[0m type        = "Service"
            }
        }
    }

[1m  # module.karpenter.data.aws_iam_policy_document.node_assume_role[0][0m will be read during apply
  # (config refers to values not yet known)
[0m [36m<=[0m[0m data "aws_iam_policy_document" "node_assume_role" {
      [32m+[0m[0m id            = (known after apply)
      [32m+[0m[0m json          = (known after apply)
      [32m+[0m[0m minified_json = (known after apply)

      [32m+[0m[0m statement {
          [32m+[0m[0m actions = [
              [32m+[0m[0m "sts:AssumeRole",
            ]
          [32m+[0m[0m sid     = "EKSNodeAssumeRole"

          [32m+[0m[0m principals {
              [32m+[0m[0m identifiers = [
                  [32m+[0m[0m (known after apply),
                ]
              [32m+[0m[0m type        = "Service"
            }
        }
    }

[1m  # module.karpenter.data.aws_iam_policy_document.queue[0][0m will be read during apply
  # (config refers to values not yet known)
[0m [36m<=[0m[0m data "aws_iam_policy_document" "queue" {
      [32m+[0m[0m id            = (known after apply)
      [32m+[0m[0m json          = (known after apply)
      [32m+[0m[0m minified_json = (known after apply)

      [32m+[0m[0m statement {
          [32m+[0m[0m actions   = [
              [32m+[0m[0m "sqs:SendMessage",
            ]
          [32m+[0m[0m resources = [
              [32m+[0m[0m (known after apply),
            ]
          [32m+[0m[0m sid       = "SqsWrite"

          [32m+[0m[0m principals {
              [32m+[0m[0m identifiers = [
                  [32m+[0m[0m "events.amazonaws.com",
                  [32m+[0m[0m "sqs.amazonaws.com",
                ]
              [32m+[0m[0m type        = "Service"
            }
        }
      [32m+[0m[0m statement {
          [32m+[0m[0m actions   = [
              [32m+[0m[0m "sqs:*",
            ]
          [32m+[0m[0m effect    = "Deny"
          [32m+[0m[0m resources = [
              [32m+[0m[0m (known after apply),
            ]
          [32m+[0m[0m sid       = "DenyHTTP"

          [32m+[0m[0m condition {
              [32m+[0m[0m test     = "StringEquals"
              [32m+[0m[0m values   = [
                  [32m+[0m[0m "false",
                ]
              [32m+[0m[0m variable = "aws:SecureTransport"
            }

          [32m+[0m[0m principals {
              [32m+[0m[0m identifiers = [
                  [32m+[0m[0m "*",
                ]
              [32m+[0m[0m type        = "*"
            }
        }
    }

[1m  # module.karpenter.data.aws_iam_policy_document.v033[0][0m will be read during apply
  # (config refers to values not yet known)
[0m [36m<=[0m[0m data "aws_iam_policy_document" "v033" {
      [32m+[0m[0m id            = (known after apply)
      [32m+[0m[0m json          = (known after apply)
      [32m+[0m[0m minified_json = (known after apply)

      [32m+[0m[0m statement {
          [32m+[0m[0m actions   = [
              [32m+[0m[0m "ec2:CreateFleet",
              [32m+[0m[0m "ec2:RunInstances",
            ]
          [32m+[0m[0m resources = [
              [32m+[0m[0m (known after apply),
              [32m+[0m[0m (known after apply),
              [32m+[0m[0m (known after apply),
              [32m+[0m[0m (known after apply),
              [32m+[0m[0m (known after apply),
              [32m+[0m[0m (known after apply),
            ]
          [32m+[0m[0m sid       = "AllowScopedEC2InstanceActions"
        }
      [32m+[0m[0m statement {
          [32m+[0m[0m actions   = [
              [32m+[0m[0m "ec2:CreateFleet",
              [32m+[0m[0m "ec2:CreateLaunchTemplate",
              [32m+[0m[0m "ec2:RunInstances",
            ]
          [32m+[0m[0m resources = [
              [32m+[0m[0m (known after apply),
              [32m+[0m[0m (known after apply),
              [32m+[0m[0m (known after apply),
              [32m+[0m[0m (known after apply),
              [32m+[0m[0m (known after apply),
              [32m+[0m[0m (known after apply),
            ]
          [32m+[0m[0m sid       = "AllowScopedEC2InstanceActionsWithTags"

          [32m+[0m[0m condition {
              [32m+[0m[0m test     = "StringEquals"
              [32m+[0m[0m values   = [
                  [32m+[0m[0m "owned",
                ]
              [32m+[0m[0m variable = "aws:RequestTag/kubernetes.io/cluster/ai-gitops-gitops-test"
            }
          [32m+[0m[0m condition {
              [32m+[0m[0m test     = "StringLike"
              [32m+[0m[0m values   = [
                  [32m+[0m[0m "*",
                ]
              [32m+[0m[0m variable = "aws:RequestTag/karpenter.sh/nodepool"
            }
        }
      [32m+[0m[0m statement {
          [32m+[0m[0m actions   = [
              [32m+[0m[0m "ec2:CreateTags",
            ]
          [32m+[0m[0m resources = [
              [32m+[0m[0m (known after apply),
              [32m+[0m[0m (known after apply),
              [32m+[0m[0m (known after apply),
              [32m+[0m[0m (known after apply),
              [32m+[0m[0m (known after apply),
              [32m+[0m[0m (known after apply),
            ]
          [32m+[0m[0m sid       = "AllowScopedResourceCreationTagging"

          [32m+[0m[0m condition {
              [32m+[0m[0m test     = "StringEquals"
              [32m+[0m[0m values   = [
                  [32m+[0m[0m "RunInstances",
                  [32m+[0m[0m "CreateFleet",
                  [32m+[0m[0m "CreateLaunchTemplate",
                ]
              [32m+[0m[0m variable = "ec2:CreateAction"
            }
          [32m+[0m[0m condition {
              [32m+[0m[0m test     = "StringEquals"
              [32m+[0m[0m values   = [
                  [32m+[0m[0m "owned",
                ]
              [32m+[0m[0m variable = "aws:RequestTag/kubernetes.io/cluster/ai-gitops-gitops-test"
            }
          [32m+[0m[0m condition {
              [32m+[0m[0m test     = "StringLike"
              [32m+[0m[0m values   = [
                  [32m+[0m[0m "*",
                ]
              [32m+[0m[0m variable = "aws:RequestTag/karpenter.sh/nodepool"
            }
        }
      [32m+[0m[0m statement {
          [32m+[0m[0m actions   = [
              [32m+[0m[0m "ec2:CreateTags",
            ]
          [32m+[0m[0m resources = [
              [32m+[0m[0m (known after apply),
            ]
          [32m+[0m[0m sid       = "AllowScopedResourceTagging"

          [32m+[0m[0m condition {
              [32m+[0m[0m test     = "ForAllValues:StringEquals"
              [32m+[0m[0m values   = [
                  [32m+[0m[0m "karpenter.sh/nodeclaim",
                  [32m+[0m[0m "Name",
                ]
              [32m+[0m[0m variable = "aws:TagKeys"
            }
          [32m+[0m[0m condition {
              [32m+[0m[0m test     = "StringEquals"
              [32m+[0m[0m values   = [
                  [32m+[0m[0m "owned",
                ]
              [32m+[0m[0m variable = "aws:ResourceTag/kubernetes.io/cluster/ai-gitops-gitops-test"
            }
          [32m+[0m[0m condition {
              [32m+[0m[0m test     = "StringLike"
              [32m+[0m[0m values   = [
                  [32m+[0m[0m "*",
                ]
              [32m+[0m[0m variable = "aws:ResourceTag/karpenter.sh/nodepool"
            }
        }
      [32m+[0m[0m statement {
          [32m+[0m[0m actions   = [
              [32m+[0m[0m "ec2:DeleteLaunchTemplate",
              [32m+[0m[0m "ec2:TerminateInstances",
            ]
          [32m+[0m[0m resources = [
              [32m+[0m[0m (known after apply),
              [32m+[0m[0m (known after apply),
            ]
          [32m+[0m[0m sid       = "AllowScopedDeletion"

          [32m+[0m[0m condition {
              [32m+[0m[0m test     = "StringEquals"
              [32m+[0m[0m values   = [
                  [32m+[0m[0m "owned",
                ]
              [32m+[0m[0m variable = "aws:ResourceTag/kubernetes.io/cluster/ai-gitops-gitops-test"
            }
          [32m+[0m[0m condition {
              [32m+[0m[0m test     = "StringLike"
              [32m+[0m[0m values   = [
                  [32m+[0m[0m "*",
                ]
              [32m+[0m[0m variable = "aws:ResourceTag/karpenter.sh/nodepool"
            }
        }
      [32m+[0m[0m statement {
          [32m+[0m[0m actions   = [
              [32m+[0m[0m "ec2:DescribeAvailabilityZones",
              [32m+[0m[0m "ec2:DescribeImages",
              [32m+[0m[0m "ec2:DescribeInstanceTypeOfferings",
              [32m+[0m[0m "ec2:DescribeInstanceTypes",
              [32m+[0m[0m "ec2:DescribeInstances",
              [32m+[0m[0m "ec2:DescribeLaunchTemplates",
              [32m+[0m[0m "ec2:DescribeSecurityGroups",
              [32m+[0m[0m "ec2:DescribeSpotPriceHistory",
              [32m+[0m[0m "ec2:DescribeSubnets",
            ]
          [32m+[0m[0m resources = [
              [32m+[0m[0m "*",
            ]
          [32m+[0m[0m sid       = "AllowRegionalReadActions"

          [32m+[0m[0m condition {
              [32m+[0m[0m test     = "StringEquals"
              [32m+[0m[0m values   = [
                  [32m+[0m[0m (known after apply),
                ]
              [32m+[0m[0m variable = "aws:RequestedRegion"
            }
        }
      [32m+[0m[0m statement {
          [32m+[0m[0m actions   = [
              [32m+[0m[0m "ssm:GetParameter",
            ]
          [32m+[0m[0m resources = [
              [32m+[0m[0m (known after apply),
            ]
          [32m+[0m[0m sid       = "AllowSSMReadActions"
        }
      [32m+[0m[0m statement {
          [32m+[0m[0m actions   = [
              [32m+[0m[0m "pricing:GetProducts",
            ]
          [32m+[0m[0m resources = [
              [32m+[0m[0m "*",
            ]
          [32m+[0m[0m sid       = "AllowPricingReadActions"
        }
      [32m+[0m[0m statement {
          [32m+[0m[0m actions   = [
              [32m+[0m[0m "sqs:DeleteMessage",
              [32m+[0m[0m "sqs:GetQueueAttributes",
              [32m+[0m[0m "sqs:GetQueueUrl",
              [32m+[0m[0m "sqs:ReceiveMessage",
            ]
          [32m+[0m[0m resources = [
              [32m+[0m[0m (known after apply),
            ]
          [32m+[0m[0m sid       = "AllowInterruptionQueueActions"
        }
      [32m+[0m[0m statement {
          [32m+[0m[0m actions   = [
              [32m+[0m[0m "iam:PassRole",
            ]
          [32m+[0m[0m resources = [
              [32m+[0m[0m (known after apply),
            ]
          [32m+[0m[0m sid       = "AllowPassingInstanceRole"

          [32m+[0m[0m condition {
              [32m+[0m[0m test     = "StringEquals"
              [32m+[0m[0m values   = [
                  [32m+[0m[0m (known after apply),
                ]
              [32m+[0m[0m variable = "iam:PassedToService"
            }
        }
      [32m+[0m[0m statement {
          [32m+[0m[0m actions   = [
              [32m+[0m[0m "iam:CreateInstanceProfile",
            ]
          [32m+[0m[0m resources = [
              [32m+[0m[0m "*",
            ]
          [32m+[0m[0m sid       = "AllowScopedInstanceProfileCreationActions"

          [32m+[0m[0m condition {
              [32m+[0m[0m test     = "StringEquals"
              [32m+[0m[0m values   = [
                  [32m+[0m[0m "owned",
                ]
              [32m+[0m[0m variable = "aws:RequestTag/kubernetes.io/cluster/ai-gitops-gitops-test"
            }
          [32m+[0m[0m condition {
              [32m+[0m[0m test     = "StringEquals"
              [32m+[0m[0m values   = [
                  [32m+[0m[0m (known after apply),
                ]
              [32m+[0m[0m variable = "aws:RequestTag/topology.kubernetes.io/region"
            }
          [32m+[0m[0m condition {
              [32m+[0m[0m test     = "StringLike"
              [32m+[0m[0m values   = [
                  [32m+[0m[0m "*",
                ]
              [32m+[0m[0m variable = "aws:RequestTag/karpenter.k8s.aws/ec2nodeclass"
            }
        }
      [32m+[0m[0m statement {
          [32m+[0m[0m actions   = [
              [32m+[0m[0m "iam:TagInstanceProfile",
            ]
          [32m+[0m[0m resources = [
              [32m+[0m[0m "*",
            ]
          [32m+[0m[0m sid       = "AllowScopedInstanceProfileTagActions"

          [32m+[0m[0m condition {
              [32m+[0m[0m test     = "StringEquals"
              [32m+[0m[0m values   = [
                  [32m+[0m[0m "owned",
                ]
              [32m+[0m[0m variable = "aws:RequestTag/kubernetes.io/cluster/ai-gitops-gitops-test"
            }
          [32m+[0m[0m condition {
              [32m+[0m[0m test     = "StringEquals"
              [32m+[0m[0m values   = [
                  [32m+[0m[0m "owned",
                ]
              [32m+[0m[0m variable = "aws:ResourceTag/kubernetes.io/cluster/ai-gitops-gitops-test"
            }
          [32m+[0m[0m condition {
              [32m+[0m[0m test     = "StringEquals"
              [32m+[0m[0m values   = [
                  [32m+[0m[0m (known after apply),
                ]
              [32m+[0m[0m variable = "aws:ResourceTag/topology.kubernetes.io/region"
            }
          [32m+[0m[0m condition {
              [32m+[0m[0m test     = "StringEquals"
              [32m+[0m[0m values   = [
                  [32m+[0m[0m (known after apply),
                ]
              [32m+[0m[0m variable = "aws:ResourceTag/topology.kubernetes.io/region"
            }
          [32m+[0m[0m condition {
              [32m+[0m[0m test     = "StringLike"
              [32m+[0m[0m values   = [
                  [32m+[0m[0m "*",
                ]
              [32m+[0m[0m variable = "aws:RequestTag/karpenter.k8s.aws/ec2nodeclass"
            }
          [32m+[0m[0m condition {
              [32m+[0m[0m test     = "StringLike"
              [32m+[0m[0m values   = [
                  [32m+[0m[0m "*",
                ]
              [32m+[0m[0m variable = "aws:ResourceTag/karpenter.k8s.aws/ec2nodeclass"
            }
        }
      [32m+[0m[0m statement {
          [32m+[0m[0m actions   = [
              [32m+[0m[0m "iam:AddRoleToInstanceProfile",
              [32m+[0m[0m "iam:DeleteInstanceProfile",
              [32m+[0m[0m "iam:RemoveRoleFromInstanceProfile",
            ]
          [32m+[0m[0m resources = [
              [32m+[0m[0m "*",
            ]
          [32m+[0m[0m sid       = "AllowScopedInstanceProfileActions"

          [32m+[0m[0m condition {
              [32m+[0m[0m test     = "StringEquals"
              [32m+[0m[0m values   = [
                  [32m+[0m[0m "owned",
                ]
              [32m+[0m[0m variable = "aws:ResourceTag/kubernetes.io/cluster/ai-gitops-gitops-test"
            }
          [32m+[0m[0m condition {
              [32m+[0m[0m test     = "StringEquals"
              [32m+[0m[0m values   = [
                  [32m+[0m[0m (known after apply),
                ]
              [32m+[0m[0m variable = "aws:ResourceTag/topology.kubernetes.io/region"
            }
          [32m+[0m[0m condition {
              [32m+[0m[0m test     = "StringLike"
              [32m+[0m[0m values   = [
                  [32m+[0m[0m "*",
                ]
              [32m+[0m[0m variable = "aws:ResourceTag/karpenter.k8s.aws/ec2nodeclass"
            }
        }
      [32m+[0m[0m statement {
          [32m+[0m[0m actions   = [
              [32m+[0m[0m "iam:GetInstanceProfile",
            ]
          [32m+[0m[0m resources = [
              [32m+[0m[0m "*",
            ]
          [32m+[0m[0m sid       = "AllowInstanceProfileReadActions"
        }
      [32m+[0m[0m statement {
          [32m+[0m[0m actions   = [
              [32m+[0m[0m "eks:DescribeCluster",
            ]
          [32m+[0m[0m resources = [
              [32m+[0m[0m (known after apply),
            ]
          [32m+[0m[0m sid       = "AllowAPIServerEndpointDiscovery"
        }
    }

[1m  # module.karpenter.data.aws_iam_policy_document.v1[0][0m will be read during apply
  # (config refers to values not yet known)
[0m [36m<=[0m[0m data "aws_iam_policy_document" "v1" {
      [32m+[0m[0m id            = (known after apply)
      [32m+[0m[0m json          = (known after apply)
      [32m+[0m[0m minified_json = (known after apply)

      [32m+[0m[0m statement {
          [32m+[0m[0m actions   = [
              [32m+[0m[0m "ec2:CreateFleet",
              [32m+[0m[0m "ec2:RunInstances",
            ]
          [32m+[0m[0m resources = [
              [32m+[0m[0m (known after apply),
              [32m+[0m[0m (known after apply),
              [32m+[0m[0m (known after apply),
              [32m+[0m[0m (known after apply),
              [32m+[0m[0m (known after apply),
            ]
          [32m+[0m[0m sid       = "AllowScopedEC2InstanceAccessActions"
        }
      [32m+[0m[0m statement {
          [32m+[0m[0m actions   = [
              [32m+[0m[0m "ec2:CreateFleet",
              [32m+[0m[0m "ec2:RunInstances",
            ]
          [32m+[0m[0m resources = [
              [32m+[0m[0m (known after apply),
            ]
          [32m+[0m[0m sid       = "AllowScopedEC2LaunchTemplateAccessActions"

          [32m+[0m[0m condition {
              [32m+[0m[0m test     = "StringEquals"
              [32m+[0m[0m values   = [
                  [32m+[0m[0m "owned",
                ]
              [32m+[0m[0m variable = "aws:ResourceTag/kubernetes.io/cluster/ai-gitops-gitops-test"
            }
          [32m+[0m[0m condition {
              [32m+[0m[0m test     = "StringLike"
              [32m+[0m[0m values   = [
                  [32m+[0m[0m "*",
                ]
              [32m+[0m[0m variable = "aws:ResourceTag/karpenter.sh/nodepool"
            }
        }
      [32m+[0m[0m statement {
          [32m+[0m[0m actions   = [
              [32m+[0m[0m "ec2:CreateFleet",
              [32m+[0m[0m "ec2:CreateLaunchTemplate",
              [32m+[0m[0m "ec2:RunInstances",
            ]
          [32m+[0m[0m resources = [
              [32m+[0m[0m (known after apply),
              [32m+[0m[0m (known after apply),
              [32m+[0m[0m (known after apply),
              [32m+[0m[0m (known after apply),
              [32m+[0m[0m (known after apply),
              [32m+[0m[0m (known after apply),
            ]
          [32m+[0m[0m sid       = "AllowScopedEC2InstanceActionsWithTags"

          [32m+[0m[0m condition {
              [32m+[0m[0m test     = "StringEquals"
              [32m+[0m[0m values   = [
                  [32m+[0m[0m "ai-gitops-gitops-test",
                ]
              [32m+[0m[0m variable = "aws:RequestTag/eks:eks-cluster-name"
            }
          [32m+[0m[0m condition {
              [32m+[0m[0m test     = "StringEquals"
              [32m+[0m[0m values   = [
                  [32m+[0m[0m "owned",
                ]
              [32m+[0m[0m variable = "aws:RequestTag/kubernetes.io/cluster/ai-gitops-gitops-test"
            }
          [32m+[0m[0m condition {
              [32m+[0m[0m test     = "StringLike"
              [32m+[0m[0m values   = [
                  [32m+[0m[0m "*",
                ]
              [32m+[0m[0m variable = "aws:RequestTag/karpenter.sh/nodepool"
            }
        }
      [32m+[0m[0m statement {
          [32m+[0m[0m actions   = [
              [32m+[0m[0m "ec2:CreateTags",
            ]
          [32m+[0m[0m resources = [
              [32m+[0m[0m (known after apply),
              [32m+[0m[0m (known after apply),
              [32m+[0m[0m (known after apply),
              [32m+[0m[0m (known after apply),
              [32m+[0m[0m (known after apply),
              [32m+[0m[0m (known after apply),
            ]
          [32m+[0m[0m sid       = "AllowScopedResourceCreationTagging"

          [32m+[0m[0m condition {
              [32m+[0m[0m test     = "StringEquals"
              [32m+[0m[0m values   = [
                  [32m+[0m[0m "RunInstances",
                  [32m+[0m[0m "CreateFleet",
                  [32m+[0m[0m "CreateLaunchTemplate",
                ]
              [32m+[0m[0m variable = "ec2:CreateAction"
            }
          [32m+[0m[0m condition {
              [32m+[0m[0m test     = "StringEquals"
              [32m+[0m[0m values   = [
                  [32m+[0m[0m "ai-gitops-gitops-test",
                ]
              [32m+[0m[0m variable = "aws:RequestTag/eks:eks-cluster-name"
            }
          [32m+[0m[0m condition {
              [32m+[0m[0m test     = "StringEquals"
              [32m+[0m[0m values   = [
                  [32m+[0m[0m "owned",
                ]
              [32m+[0m[0m variable = "aws:RequestTag/kubernetes.io/cluster/ai-gitops-gitops-test"
            }
          [32m+[0m[0m condition {
              [32m+[0m[0m test     = "StringLike"
              [32m+[0m[0m values   = [
                  [32m+[0m[0m "*",
                ]
              [32m+[0m[0m variable = "aws:RequestTag/karpenter.sh/nodepool"
            }
        }
      [32m+[0m[0m statement {
          [32m+[0m[0m actions   = [
              [32m+[0m[0m "ec2:CreateTags",
            ]
          [32m+[0m[0m resources = [
              [32m+[0m[0m (known after apply),
            ]
          [32m+[0m[0m sid       = "AllowScopedResourceTagging"

          [32m+[0m[0m condition {
              [32m+[0m[0m test     = "ForAllValues:StringEquals"
              [32m+[0m[0m values   = [
                  [32m+[0m[0m "eks:eks-cluster-name",
                  [32m+[0m[0m "karpenter.sh/nodeclaim",
                  [32m+[0m[0m "Name",
                ]
              [32m+[0m[0m variable = "aws:TagKeys"
            }
          [32m+[0m[0m condition {
              [32m+[0m[0m test     = "StringEquals"
              [32m+[0m[0m values   = [
                  [32m+[0m[0m "owned",
                ]
              [32m+[0m[0m variable = "aws:ResourceTag/kubernetes.io/cluster/ai-gitops-gitops-test"
            }
          [32m+[0m[0m condition {
              [32m+[0m[0m test     = "StringEqualsIfExists"
              [32m+[0m[0m values   = [
                  [32m+[0m[0m "ai-gitops-gitops-test",
                ]
              [32m+[0m[0m variable = "aws:RequestTag/eks:eks-cluster-name"
            }
          [32m+[0m[0m condition {
              [32m+[0m[0m test     = "StringLike"
              [32m+[0m[0m values   = [
                  [32m+[0m[0m "*",
                ]
              [32m+[0m[0m variable = "aws:ResourceTag/karpenter.sh/nodepool"
            }
        }
      [32m+[0m[0m statement {
          [32m+[0m[0m actions   = [
              [32m+[0m[0m "ec2:DeleteLaunchTemplate",
              [32m+[0m[0m "ec2:TerminateInstances",
            ]
          [32m+[0m[0m resources = [
              [32m+[0m[0m (known after apply),
              [32m+[0m[0m (known after apply),
            ]
          [32m+[0m[0m sid       = "AllowScopedDeletion"

          [32m+[0m[0m condition {
              [32m+[0m[0m test     = "StringEquals"
              [32m+[0m[0m values   = [
                  [32m+[0m[0m "owned",
                ]
              [32m+[0m[0m variable = "aws:ResourceTag/kubernetes.io/cluster/ai-gitops-gitops-test"
            }
          [32m+[0m[0m condition {
              [32m+[0m[0m test     = "StringLike"
              [32m+[0m[0m values   = [
                  [32m+[0m[0m "*",
                ]
              [32m+[0m[0m variable = "aws:ResourceTag/karpenter.sh/nodepool"
            }
        }
      [32m+[0m[0m statement {
          [32m+[0m[0m actions   = [
              [32m+[0m[0m "ec2:DescribeAvailabilityZones",
              [32m+[0m[0m "ec2:DescribeImages",
              [32m+[0m[0m "ec2:DescribeInstanceTypeOfferings",
              [32m+[0m[0m "ec2:DescribeInstanceTypes",
              [32m+[0m[0m "ec2:DescribeInstances",
              [32m+[0m[0m "ec2:DescribeLaunchTemplates",
              [32m+[0m[0m "ec2:DescribeSecurityGroups",
              [32m+[0m[0m "ec2:DescribeSpotPriceHistory",
              [32m+[0m[0m "ec2:DescribeSubnets",
            ]
          [32m+[0m[0m resources = [
              [32m+[0m[0m "*",
            ]
          [32m+[0m[0m sid       = "AllowRegionalReadActions"

          [32m+[0m[0m condition {
              [32m+[0m[0m test     = "StringEquals"
              [32m+[0m[0m values   = [
                  [32m+[0m[0m (known after apply),
                ]
              [32m+[0m[0m variable = "aws:RequestedRegion"
            }
        }
      [32m+[0m[0m statement {
          [32m+[0m[0m actions   = [
              [32m+[0m[0m "ssm:GetParameter",
            ]
          [32m+[0m[0m resources = [
              [32m+[0m[0m (known after apply),
            ]
          [32m+[0m[0m sid       = "AllowSSMReadActions"
        }
      [32m+[0m[0m statement {
          [32m+[0m[0m actions   = [
              [32m+[0m[0m "pricing:GetProducts",
            ]
          [32m+[0m[0m resources = [
              [32m+[0m[0m "*",
            ]
          [32m+[0m[0m sid       = "AllowPricingReadActions"
        }
      [32m+[0m[0m statement {
          [32m+[0m[0m actions   = [
              [32m+[0m[0m "sqs:DeleteMessage",
              [32m+[0m[0m "sqs:GetQueueUrl",
              [32m+[0m[0m "sqs:ReceiveMessage",
            ]
          [32m+[0m[0m resources = [
              [32m+[0m[0m (known after apply),
            ]
          [32m+[0m[0m sid       = "AllowInterruptionQueueActions"
        }
      [32m+[0m[0m statement {
          [32m+[0m[0m actions   = [
              [32m+[0m[0m "iam:PassRole",
            ]
          [32m+[0m[0m resources = [
              [32m+[0m[0m (known after apply),
            ]
          [32m+[0m[0m sid       = "AllowPassingInstanceRole"

          [32m+[0m[0m condition {
              [32m+[0m[0m test     = "StringEquals"
              [32m+[0m[0m values   = [
                  [32m+[0m[0m (known after apply),
                ]
              [32m+[0m[0m variable = "iam:PassedToService"
            }
        }
      [32m+[0m[0m statement {
          [32m+[0m[0m actions   = [
              [32m+[0m[0m "iam:CreateInstanceProfile",
            ]
          [32m+[0m[0m resources = [
              [32m+[0m[0m (known after apply),
            ]
          [32m+[0m[0m sid       = "AllowScopedInstanceProfileCreationActions"

          [32m+[0m[0m condition {
              [32m+[0m[0m test     = "StringEquals"
              [32m+[0m[0m values   = [
                  [32m+[0m[0m "ai-gitops-gitops-test",
                ]
              [32m+[0m[0m variable = "aws:RequestTag/eks:eks-cluster-name"
            }
          [32m+[0m[0m condition {
              [32m+[0m[0m test     = "StringEquals"
              [32m+[0m[0m values   = [
                  [32m+[0m[0m "owned",
                ]
              [32m+[0m[0m variable = "aws:RequestTag/kubernetes.io/cluster/ai-gitops-gitops-test"
            }
          [32m+[0m[0m condition {
              [32m+[0m[0m test     = "StringEquals"
              [32m+[0m[0m values   = [
                  [32m+[0m[0m (known after apply),
                ]
              [32m+[0m[0m variable = "aws:RequestTag/topology.kubernetes.io/region"
            }
          [32m+[0m[0m condition {
              [32m+[0m[0m test     = "StringLike"
              [32m+[0m[0m values   = [
                  [32m+[0m[0m "*",
                ]
              [32m+[0m[0m variable = "aws:RequestTag/karpenter.k8s.aws/ec2nodeclass"
            }
        }
      [32m+[0m[0m statement {
          [32m+[0m[0m actions   = [
              [32m+[0m[0m "iam:TagInstanceProfile",
            ]
          [32m+[0m[0m resources = [
              [32m+[0m[0m (known after apply),
            ]
          [32m+[0m[0m sid       = "AllowScopedInstanceProfileTagActions"

          [32m+[0m[0m condition {
              [32m+[0m[0m test     = "StringEquals"
              [32m+[0m[0m values   = [
                  [32m+[0m[0m "ai-gitops-gitops-test",
                ]
              [32m+[0m[0m variable = "aws:RequestTag/eks:eks-cluster-name"
            }
          [32m+[0m[0m condition {
              [32m+[0m[0m test     = "StringEquals"
              [32m+[0m[0m values   = [
                  [32m+[0m[0m "owned",
                ]
              [32m+[0m[0m variable = "aws:RequestTag/kubernetes.io/cluster/ai-gitops-gitops-test"
            }
          [32m+[0m[0m condition {
              [32m+[0m[0m test     = "StringEquals"
              [32m+[0m[0m values   = [
                  [32m+[0m[0m "owned",
                ]
              [32m+[0m[0m variable = "aws:ResourceTag/kubernetes.io/cluster/ai-gitops-gitops-test"
            }
          [32m+[0m[0m condition {
              [32m+[0m[0m test     = "StringEquals"
              [32m+[0m[0m values   = [
                  [32m+[0m[0m (known after apply),
                ]
              [32m+[0m[0m variable = "aws:RequestTag/topology.kubernetes.io/region"
            }
          [32m+[0m[0m condition {
              [32m+[0m[0m test     = "StringEquals"
              [32m+[0m[0m values   = [
                  [32m+[0m[0m (known after apply),
                ]
              [32m+[0m[0m variable = "aws:ResourceTag/topology.kubernetes.io/region"
            }
          [32m+[0m[0m condition {
              [32m+[0m[0m test     = "StringLike"
              [32m+[0m[0m values   = [
                  [32m+[0m[0m "*",
                ]
              [32m+[0m[0m variable = "aws:RequestTag/karpenter.k8s.aws/ec2nodeclass"
            }
          [32m+[0m[0m condition {
              [32m+[0m[0m test     = "StringLike"
              [32m+[0m[0m values   = [
                  [32m+[0m[0m "*",
                ]
              [32m+[0m[0m variable = "aws:ResourceTag/karpenter.k8s.aws/ec2nodeclass"
            }
        }
      [32m+[0m[0m statement {
          [32m+[0m[0m actions   = [
              [32m+[0m[0m "iam:AddRoleToInstanceProfile",
              [32m+[0m[0m "iam:DeleteInstanceProfile",
              [32m+[0m[0m "iam:RemoveRoleFromInstanceProfile",
            ]
          [32m+[0m[0m resources = [
              [32m+[0m[0m (known after apply),
            ]
          [32m+[0m[0m sid       = "AllowScopedInstanceProfileActions"

          [32m+[0m[0m condition {
              [32m+[0m[0m test     = "StringEquals"
              [32m+[0m[0m values   = [
                  [32m+[0m[0m "owned",
                ]
              [32m+[0m[0m variable = "aws:ResourceTag/kubernetes.io/cluster/ai-gitops-gitops-test"
            }
          [32m+[0m[0m condition {
              [32m+[0m[0m test     = "StringEquals"
              [32m+[0m[0m values   = [
                  [32m+[0m[0m (known after apply),
                ]
              [32m+[0m[0m variable = "aws:ResourceTag/topology.kubernetes.io/region"
            }
          [32m+[0m[0m condition {
              [32m+[0m[0m test     = "StringLike"
              [32m+[0m[0m values   = [
                  [32m+[0m[0m "*",
                ]
              [32m+[0m[0m variable = "aws:ResourceTag/karpenter.k8s.aws/ec2nodeclass"
            }
        }
      [32m+[0m[0m statement {
          [32m+[0m[0m actions   = [
              [32m+[0m[0m "iam:GetInstanceProfile",
            ]
          [32m+[0m[0m resources = [
              [32m+[0m[0m (known after apply),
            ]
          [32m+[0m[0m sid       = "AllowInstanceProfileReadActions"
        }
      [32m+[0m[0m statement {
          [32m+[0m[0m actions   = [
              [32m+[0m[0m "eks:DescribeCluster",
            ]
          [32m+[0m[0m resources = [
              [32m+[0m[0m (known after apply),
            ]
          [32m+[0m[0m sid       = "AllowAPIServerEndpointDiscovery"
        }
    }

[1m  # module.karpenter.data.aws_partition.current[0m will be read during apply
  # (depends on a resource or a module with changes pending)
[0m [36m<=[0m[0m data "aws_partition" "current" {
      [32m+[0m[0m dns_suffix         = (known after apply)
      [32m+[0m[0m id                 = (known after apply)
      [32m+[0m[0m partition          = (known after apply)
      [32m+[0m[0m reverse_dns_prefix = (known after apply)
    }

[1m  # module.karpenter.data.aws_region.current[0m will be read during apply
  # (depends on a resource or a module with changes pending)
[0m [36m<=[0m[0m data "aws_region" "current" {
      [32m+[0m[0m description = (known after apply)
      [32m+[0m[0m endpoint    = (known after apply)
      [32m+[0m[0m id          = (known after apply)
      [32m+[0m[0m name        = (known after apply)
      [32m+[0m[0m region      = (known after apply)
    }

[1m  # module.karpenter.aws_cloudwatch_event_rule.this["health_event"][0m will be created
[0m  [32m+[0m[0m resource "aws_cloudwatch_event_rule" "this" {
      [32m+[0m[0m arn            = (known after apply)
      [32m+[0m[0m description    = "Karpenter interrupt - AWS health event"
      [32m+[0m[0m event_bus_name = "default"
      [32m+[0m[0m event_pattern  = jsonencode(
            {
              [32m+[0m[0m detail-type = [
                  [32m+[0m[0m "AWS Health Event",
                ]
              [32m+[0m[0m source      = [
                  [32m+[0m[0m "aws.health",
                ]
            }
        )
      [32m+[0m[0m force_destroy  = false
      [32m+[0m[0m id             = (known after apply)
      [32m+[0m[0m name           = (known after apply)
      [32m+[0m[0m name_prefix    = "KarpenterHealthEvent-"
      [32m+[0m[0m region         = "eu-central-1"
      [32m+[0m[0m tags           = {
          [32m+[0m[0m "ClusterName"    = "ai-gitops-gitops-test"
          [32m+[0m[0m "Environment"    = "gitops-test"
          [32m+[0m[0m "provisioned-by" = "aws-solutions-library-samples/guidance-for-automated-provisioning-of-application-ready-amazon-eks-clusters"
          [32m+[0m[0m "purpose"        = "ai-platform-validation"
        }
      [32m+[0m[0m tags_all       = {
          [32m+[0m[0m "ClusterName"    = "ai-gitops-gitops-test"
          [32m+[0m[0m "Environment"    = "gitops-test"
          [32m+[0m[0m "provisioned-by" = "aws-solutions-library-samples/guidance-for-automated-provisioning-of-application-ready-amazon-eks-clusters"
          [32m+[0m[0m "purpose"        = "ai-platform-validation"
        }
    }

[1m  # module.karpenter.aws_cloudwatch_event_rule.this["instance_rebalance"][0m will be created
[0m  [32m+[0m[0m resource "aws_cloudwatch_event_rule" "this" {
      [32m+[0m[0m arn            = (known after apply)
      [32m+[0m[0m description    = "Karpenter interrupt - EC2 instance rebalance recommendation"
      [32m+[0m[0m event_bus_name = "default"
      [32m+[0m[0m event_pattern  = jsonencode(
            {
              [32m+[0m[0m detail-type = [
                  [32m+[0m[0m "EC2 Instance Rebalance Recommendation",
                ]
              [32m+[0m[0m source      = [
                  [32m+[0m[0m "aws.ec2",
                ]
            }
        )
      [32m+[0m[0m force_destroy  = false
      [32m+[0m[0m id             = (known after apply)
      [32m+[0m[0m name           = (known after apply)
      [32m+[0m[0m name_prefix    = "KarpenterInstanceRebalance-"
      [32m+[0m[0m region         = "eu-central-1"
      [32m+[0m[0m tags           = {
          [32m+[0m[0m "ClusterName"    = "ai-gitops-gitops-test"
          [32m+[0m[0m "Environment"    = "gitops-test"
          [32m+[0m[0m "provisioned-by" = "aws-solutions-library-samples/guidance-for-automated-provisioning-of-application-ready-amazon-eks-clusters"
          [32m+[0m[0m "purpose"        = "ai-platform-validation"
        }
      [32m+[0m[0m tags_all       = {
          [32m+[0m[0m "ClusterName"    = "ai-gitops-gitops-test"
          [32m+[0m[0m "Environment"    = "gitops-test"
          [32m+[0m[0m "provisioned-by" = "aws-solutions-library-samples/guidance-for-automated-provisioning-of-application-ready-amazon-eks-clusters"
          [32m+[0m[0m "purpose"        = "ai-platform-validation"
        }
    }

[1m  # module.karpenter.aws_cloudwatch_event_rule.this["instance_state_change"][0m will be created
[0m  [32m+[0m[0m resource "aws_cloudwatch_event_rule" "this" {
      [32m+[0m[0m arn            = (known after apply)
      [32m+[0m[0m description    = "Karpenter interrupt - EC2 instance state-change notification"
      [32m+[0m[0m event_bus_name = "default"
      [32m+[0m[0m event_pattern  = jsonencode(
            {
              [32m+[0m[0m detail-type = [
                  [32m+[0m[0m "EC2 Instance State-change Notification",
                ]
              [32m+[0m[0m source      = [
                  [32m+[0m[0m "aws.ec2",
                ]
            }
        )
      [32m+[0m[0m force_destroy  = false
      [32m+[0m[0m id             = (known after apply)
      [32m+[0m[0m name           = (known after apply)
      [32m+[0m[0m name_prefix    = "KarpenterInstanceStateChange-"
      [32m+[0m[0m region         = "eu-central-1"
      [32m+[0m[0m tags           = {
          [32m+[0m[0m "ClusterName"    = "ai-gitops-gitops-test"
          [32m+[0m[0m "Environment"    = "gitops-test"
          [32m+[0m[0m "provisioned-by" = "aws-solutions-library-samples/guidance-for-automated-provisioning-of-application-ready-amazon-eks-clusters"
          [32m+[0m[0m "purpose"        = "ai-platform-validation"
        }
      [32m+[0m[0m tags_all       = {
          [32m+[0m[0m "ClusterName"    = "ai-gitops-gitops-test"
          [32m+[0m[0m "Environment"    = "gitops-test"
          [32m+[0m[0m "provisioned-by" = "aws-solutions-library-samples/guidance-for-automated-provisioning-of-application-ready-amazon-eks-clusters"
          [32m+[0m[0m "purpose"        = "ai-platform-validation"
        }
    }

[1m  # module.karpenter.aws_cloudwatch_event_rule.this["spot_interrupt"][0m will be created
[0m  [32m+[0m[0m resource "aws_cloudwatch_event_rule" "this" {
      [32m+[0m[0m arn            = (known after apply)
      [32m+[0m[0m description    = "Karpenter interrupt - EC2 spot instance interruption warning"
      [32m+[0m[0m event_bus_name = "default"
      [32m+[0m[0m event_pattern  = jsonencode(
            {
              [32m+[0m[0m detail-type = [
                  [32m+[0m[0m "EC2 Spot Instance Interruption Warning",
                ]
              [32m+[0m[0m source      = [
                  [32m+[0m[0m "aws.ec2",
                ]
            }
        )
      [32m+[0m[0m force_destroy  = false
      [32m+[0m[0m id             = (known after apply)
      [32m+[0m[0m name           = (known after apply)
      [32m+[0m[0m name_prefix    = "KarpenterSpotInterrupt-"
      [32m+[0m[0m region         = "eu-central-1"
      [32m+[0m[0m tags           = {
          [32m+[0m[0m "ClusterName"    = "ai-gitops-gitops-test"
          [32m+[0m[0m "Environment"    = "gitops-test"
          [32m+[0m[0m "provisioned-by" = "aws-solutions-library-samples/guidance-for-automated-provisioning-of-application-ready-amazon-eks-clusters"
          [32m+[0m[0m "purpose"        = "ai-platform-validation"
        }
      [32m+[0m[0m tags_all       = {
          [32m+[0m[0m "ClusterName"    = "ai-gitops-gitops-test"
          [32m+[0m[0m "Environment"    = "gitops-test"
          [32m+[0m[0m "provisioned-by" = "aws-solutions-library-samples/guidance-for-automated-provisioning-of-application-ready-amazon-eks-clusters"
          [32m+[0m[0m "purpose"        = "ai-platform-validation"
        }
    }

[1m  # module.karpenter.aws_cloudwatch_event_target.this["health_event"][0m will be created
[0m  [32m+[0m[0m resource "aws_cloudwatch_event_target" "this" {
      [32m+[0m[0m arn            = (known after apply)
      [32m+[0m[0m event_bus_name = "default"
      [32m+[0m[0m force_destroy  = false
      [32m+[0m[0m id             = (known after apply)
      [32m+[0m[0m region         = "eu-central-1"
      [32m+[0m[0m rule           = (known after apply)
      [32m+[0m[0m target_id      = "KarpenterInterruptionQueueTarget"
    }

[1m  # module.karpenter.aws_cloudwatch_event_target.this["instance_rebalance"][0m will be created
[0m  [32m+[0m[0m resource "aws_cloudwatch_event_target" "this" {
      [32m+[0m[0m arn            = (known after apply)
      [32m+[0m[0m event_bus_name = "default"
      [32m+[0m[0m force_destroy  = false
      [32m+[0m[0m id             = (known after apply)
      [32m+[0m[0m region         = "eu-central-1"
      [32m+[0m[0m rule           = (known after apply)
      [32m+[0m[0m target_id      = "KarpenterInterruptionQueueTarget"
    }

[1m  # module.karpenter.aws_cloudwatch_event_target.this["instance_state_change"][0m will be created
[0m  [32m+[0m[0m resource "aws_cloudwatch_event_target" "this" {
      [32m+[0m[0m arn            = (known after apply)
      [32m+[0m[0m event_bus_name = "default"
      [32m+[0m[0m force_destroy  = false
      [32m+[0m[0m id             = (known after apply)
      [32m+[0m[0m region         = "eu-central-1"
      [32m+[0m[0m rule           = (known after apply)
      [32m+[0m[0m target_id      = "KarpenterInterruptionQueueTarget"
    }

[1m  # module.karpenter.aws_cloudwatch_event_target.this["spot_interrupt"][0m will be created
[0m  [32m+[0m[0m resource "aws_cloudwatch_event_target" "this" {
      [32m+[0m[0m arn            = (known after apply)
      [32m+[0m[0m event_bus_name = "default"
      [32m+[0m[0m force_destroy  = false
      [32m+[0m[0m id             = (known after apply)
      [32m+[0m[0m region         = "eu-central-1"
      [32m+[0m[0m rule           = (known after apply)
      [32m+[0m[0m target_id      = "KarpenterInterruptionQueueTarget"
    }

[1m  # module.karpenter.aws_eks_access_entry.node[0][0m will be created
[0m  [32m+[0m[0m resource "aws_eks_access_entry" "node" {
      [32m+[0m[0m access_entry_arn  = (known after apply)
      [32m+[0m[0m cluster_name      = "ai-gitops-gitops-test"
      [32m+[0m[0m created_at        = (known after apply)
      [32m+[0m[0m id                = (known after apply)
      [32m+[0m[0m kubernetes_groups = (known after apply)
      [32m+[0m[0m modified_at       = (known after apply)
      [32m+[0m[0m principal_arn     = (known after apply)
      [32m+[0m[0m region            = "eu-central-1"
      [32m+[0m[0m tags              = {
          [32m+[0m[0m "Environment"    = "gitops-test"
          [32m+[0m[0m "provisioned-by" = "aws-solutions-library-samples/guidance-for-automated-provisioning-of-application-ready-amazon-eks-clusters"
          [32m+[0m[0m "purpose"        = "ai-platform-validation"
        }
      [32m+[0m[0m tags_all          = {
          [32m+[0m[0m "Environment"    = "gitops-test"
          [32m+[0m[0m "provisioned-by" = "aws-solutions-library-samples/guidance-for-automated-provisioning-of-application-ready-amazon-eks-clusters"
          [32m+[0m[0m "purpose"        = "ai-platform-validation"
        }
      [32m+[0m[0m type              = "EC2_LINUX"
      [32m+[0m[0m user_name         = (known after apply)
    }

[1m  # module.karpenter.aws_eks_pod_identity_association.karpenter[0][0m will be created
[0m  [32m+[0m[0m resource "aws_eks_pod_identity_association" "karpenter" {
      [32m+[0m[0m association_arn      = (known after apply)
      [32m+[0m[0m association_id       = (known after apply)
      [32m+[0m[0m cluster_name         = "ai-gitops-gitops-test"
      [32m+[0m[0m disable_session_tags = false
      [32m+[0m[0m external_id          = (known after apply)
      [32m+[0m[0m id                   = (known after apply)
      [32m+[0m[0m namespace            = "kube-system"
      [32m+[0m[0m region               = "eu-central-1"
      [32m+[0m[0m role_arn             = (known after apply)
      [32m+[0m[0m service_account      = "karpenter"
      [32m+[0m[0m tags                 = {
          [32m+[0m[0m "Environment"    = "gitops-test"
          [32m+[0m[0m "provisioned-by" = "aws-solutions-library-samples/guidance-for-automated-provisioning-of-application-ready-amazon-eks-clusters"
          [32m+[0m[0m "purpose"        = "ai-platform-validation"
        }
      [32m+[0m[0m tags_all             = {
          [32m+[0m[0m "Environment"    = "gitops-test"
          [32m+[0m[0m "provisioned-by" = "aws-solutions-library-samples/guidance-for-automated-provisioning-of-application-ready-amazon-eks-clusters"
          [32m+[0m[0m "purpose"        = "ai-platform-validation"
        }
    }

[1m  # module.karpenter.aws_iam_policy.controller[0][0m will be created
[0m  [32m+[0m[0m resource "aws_iam_policy" "controller" {
      [32m+[0m[0m arn              = (known after apply)
      [32m+[0m[0m attachment_count = (known after apply)
      [32m+[0m[0m description      = "Karpenter controller IAM policy"
      [32m+[0m[0m id               = (known after apply)
      [32m+[0m[0m name             = (known after apply)
      [32m+[0m[0m name_prefix      = "KarpenterController-"
      [32m+[0m[0m path             = "/"
      [32m+[0m[0m policy           = (known after apply)
      [32m+[0m[0m policy_id        = (known after apply)
      [32m+[0m[0m tags             = {
          [32m+[0m[0m "Environment"    = "gitops-test"
          [32m+[0m[0m "provisioned-by" = "aws-solutions-library-samples/guidance-for-automated-provisioning-of-application-ready-amazon-eks-clusters"
          [32m+[0m[0m "purpose"        = "ai-platform-validation"
        }
      [32m+[0m[0m tags_all         = {
          [32m+[0m[0m "Environment"    = "gitops-test"
          [32m+[0m[0m "provisioned-by" = "aws-solutions-library-samples/guidance-for-automated-provisioning-of-application-ready-amazon-eks-clusters"
          [32m+[0m[0m "purpose"        = "ai-platform-validation"
        }
    }

[1m  # module.karpenter.aws_iam_role.controller[0][0m will be created
[0m  [32m+[0m[0m resource "aws_iam_role" "controller" {
      [32m+[0m[0m arn                   = (known after apply)
      [32m+[0m[0m assume_role_policy    = (known after apply)
      [32m+[0m[0m create_date           = (known after apply)
      [32m+[0m[0m description           = "Karpenter controller IAM role"
      [32m+[0m[0m force_detach_policies = true
      [32m+[0m[0m id                    = (known after apply)
      [32m+[0m[0m managed_policy_arns   = (known after apply)
      [32m+[0m[0m max_session_duration  = 3600
      [32m+[0m[0m name                  = "KarpenterController-ai-gitops-gitops-test"
      [32m+[0m[0m name_prefix           = (known after apply)
      [32m+[0m[0m path                  = "/"
      [32m+[0m[0m tags                  = {
          [32m+[0m[0m "Environment"    = "gitops-test"
          [32m+[0m[0m "provisioned-by" = "aws-solutions-library-samples/guidance-for-automated-provisioning-of-application-ready-amazon-eks-clusters"
          [32m+[0m[0m "purpose"        = "ai-platform-validation"
        }
      [32m+[0m[0m tags_all              = {
          [32m+[0m[0m "Environment"    = "gitops-test"
          [32m+[0m[0m "provisioned-by" = "aws-solutions-library-samples/guidance-for-automated-provisioning-of-application-ready-amazon-eks-clusters"
          [32m+[0m[0m "purpose"        = "ai-platform-validation"
        }
      [32m+[0m[0m unique_id             = (known after apply)
    }

[1m  # module.karpenter.aws_iam_role.node[0][0m will be created
[0m  [32m+[0m[0m resource "aws_iam_role" "node" {
      [32m+[0m[0m arn                   = (known after apply)
      [32m+[0m[0m assume_role_policy    = (known after apply)
      [32m+[0m[0m create_date           = (known after apply)
      [32m+[0m[0m force_detach_policies = true
      [32m+[0m[0m id                    = (known after apply)
      [32m+[0m[0m managed_policy_arns   = (known after apply)
      [32m+[0m[0m max_session_duration  = 3600
      [32m+[0m[0m name                  = "KarpenterNode-ai-gitops-gitops-test"
      [32m+[0m[0m name_prefix           = (known after apply)
      [32m+[0m[0m path                  = "/"
      [32m+[0m[0m tags                  = {
          [32m+[0m[0m "Environment"    = "gitops-test"
          [32m+[0m[0m "provisioned-by" = "aws-solutions-library-samples/guidance-for-automated-provisioning-of-application-ready-amazon-eks-clusters"
          [32m+[0m[0m "purpose"        = "ai-platform-validation"
        }
      [32m+[0m[0m tags_all              = {
          [32m+[0m[0m "Environment"    = "gitops-test"
          [32m+[0m[0m "provisioned-by" = "aws-solutions-library-samples/guidance-for-automated-provisioning-of-application-ready-amazon-eks-clusters"
          [32m+[0m[0m "purpose"        = "ai-platform-validation"
        }
      [32m+[0m[0m unique_id             = (known after apply)
    }

[1m  # module.karpenter.aws_iam_role_policy_attachment.controller[0][0m will be created
[0m  [32m+[0m[0m resource "aws_iam_role_policy_attachment" "controller" {
      [32m+[0m[0m id         = (known after apply)
      [32m+[0m[0m policy_arn = (known after apply)
      [32m+[0m[0m role       = "KarpenterController-ai-gitops-gitops-test"
    }

[1m  # module.karpenter.aws_iam_role_policy_attachment.node["AmazonEC2ContainerRegistryReadOnly"][0m will be created
[0m  [32m+[0m[0m resource "aws_iam_role_policy_attachment" "node" {
      [32m+[0m[0m id         = (known after apply)
      [32m+[0m[0m policy_arn = (known after apply)
      [32m+[0m[0m role       = "KarpenterNode-ai-gitops-gitops-test"
    }

[1m  # module.karpenter.aws_iam_role_policy_attachment.node["AmazonEKSWorkerNodePolicy"][0m will be created
[0m  [32m+[0m[0m resource "aws_iam_role_policy_attachment" "node" {
      [32m+[0m[0m id         = (known after apply)
      [32m+[0m[0m policy_arn = (known after apply)
      [32m+[0m[0m role       = "KarpenterNode-ai-gitops-gitops-test"
    }

[1m  # module.karpenter.aws_iam_role_policy_attachment.node["AmazonEKS_CNI_Policy"][0m will be created
[0m  [32m+[0m[0m resource "aws_iam_role_policy_attachment" "node" {
      [32m+[0m[0m id         = (known after apply)
      [32m+[0m[0m policy_arn = (known after apply)
      [32m+[0m[0m role       = "KarpenterNode-ai-gitops-gitops-test"
    }

[1m  # module.karpenter.aws_iam_role_policy_attachment.node_additional["AmazonSSMManagedInstanceCore"][0m will be created
[0m  [32m+[0m[0m resource "aws_iam_role_policy_attachment" "node_additional" {
      [32m+[0m[0m id         = (known after apply)
      [32m+[0m[0m policy_arn = "arn:aws:iam::aws:policy/AmazonSSMManagedInstanceCore"
      [32m+[0m[0m role       = "KarpenterNode-ai-gitops-gitops-test"
    }

[1m  # module.karpenter.aws_sqs_queue.this[0][0m will be created
[0m  [32m+[0m[0m resource "aws_sqs_queue" "this" {
      [32m+[0m[0m arn                               = (known after apply)
      [32m+[0m[0m content_based_deduplication       = false
      [32m+[0m[0m deduplication_scope               = (known after apply)
      [32m+[0m[0m delay_seconds                     = 0
      [32m+[0m[0m fifo_queue                        = false
      [32m+[0m[0m fifo_throughput_limit             = (known after apply)
      [32m+[0m[0m id                                = (known after apply)
      [32m+[0m[0m kms_data_key_reuse_period_seconds = 0
      [32m+[0m[0m max_message_size                  = 262144
      [32m+[0m[0m message_retention_seconds         = 300
      [32m+[0m[0m name                              = "Karpenter-ai-gitops-gitops-test"
      [32m+[0m[0m name_prefix                       = (known after apply)
      [32m+[0m[0m policy                            = (known after apply)
      [32m+[0m[0m receive_wait_time_seconds         = 0
      [32m+[0m[0m redrive_allow_policy              = (known after apply)
      [32m+[0m[0m redrive_policy                    = (known after apply)
      [32m+[0m[0m region                            = "eu-central-1"
      [32m+[0m[0m sqs_managed_sse_enabled           = true
      [32m+[0m[0m tags                              = {
          [32m+[0m[0m "Environment"    = "gitops-test"
          [32m+[0m[0m "provisioned-by" = "aws-solutions-library-samples/guidance-for-automated-provisioning-of-application-ready-amazon-eks-clusters"
          [32m+[0m[0m "purpose"        = "ai-platform-validation"
        }
      [32m+[0m[0m tags_all                          = {
          [32m+[0m[0m "Environment"    = "gitops-test"
          [32m+[0m[0m "provisioned-by" = "aws-solutions-library-samples/guidance-for-automated-provisioning-of-application-ready-amazon-eks-clusters"
          [32m+[0m[0m "purpose"        = "ai-platform-validation"
        }
      [32m+[0m[0m url                               = (known after apply)
      [32m+[0m[0m visibility_timeout_seconds        = 30
    }

[1m  # module.karpenter.aws_sqs_queue_policy.this[0][0m will be created
[0m  [32m+[0m[0m resource "aws_sqs_queue_policy" "this" {
      [32m+[0m[0m id        = (known after apply)
      [32m+[0m[0m policy    = (known after apply)
      [32m+[0m[0m queue_url = (known after apply)
      [32m+[0m[0m region    = "eu-central-1"
    }

[1m  # module.eks.module.eks_managed_node_group["ai-gitops-gitops-test-criticaladdons"].aws_eks_node_group.this[0][0m will be created
[0m  [32m+[0m[0m resource "aws_eks_node_group" "this" {
      [32m+[0m[0m ami_type               = "AL2023_ARM_64_STANDARD"
      [32m+[0m[0m arn                    = (known after apply)
      [32m+[0m[0m capacity_type          = "ON_DEMAND"
      [32m+[0m[0m cluster_name           = (known after apply)
      [32m+[0m[0m disk_size              = (known after apply)
      [32m+[0m[0m id                     = (known after apply)
      [32m+[0m[0m instance_types         = [
          [32m+[0m[0m "m6g.large",
        ]
      [32m+[0m[0m labels                 = {
          [32m+[0m[0m "role" = "system"
        }
      [32m+[0m[0m node_group_name        = (known after apply)
      [32m+[0m[0m node_group_name_prefix = "ai-gitops-gitops-test-criticaladdons-"
      [32m+[0m[0m node_role_arn          = (known after apply)
      [32m+[0m[0m region                 = "eu-central-1"
      [32m+[0m[0m release_version        = "1.35.0-20260209"
      [32m+[0m[0m resources              = (known after apply)
      [32m+[0m[0m status                 = (known after apply)
      [32m+[0m[0m subnet_ids             = [
          [32m+[0m[0m "subnet-012668b3972c10631",
          [32m+[0m[0m "subnet-02a9da5d76eec6c3a",
          [32m+[0m[0m "subnet-08435f420b457f1c6",
        ]
      [32m+[0m[0m tags                   = {
          [32m+[0m[0m "Environment"    = "gitops-test"
          [32m+[0m[0m "Name"           = "ai-gitops-gitops-test-criticaladdons"
          [32m+[0m[0m "provisioned-by" = "aws-solutions-library-samples/guidance-for-automated-provisioning-of-application-ready-amazon-eks-clusters"
          [32m+[0m[0m "purpose"        = "ai-platform-validation"
        }
      [32m+[0m[0m tags_all               = {
          [32m+[0m[0m "Environment"    = "gitops-test"
          [32m+[0m[0m "Name"           = "ai-gitops-gitops-test-criticaladdons"
          [32m+[0m[0m "provisioned-by" = "aws-solutions-library-samples/guidance-for-automated-provisioning-of-application-ready-amazon-eks-clusters"
          [32m+[0m[0m "purpose"        = "ai-platform-validation"
        }
      [32m+[0m[0m version                = "1.35"

      [32m+[0m[0m launch_template {
          [32m+[0m[0m id      = (known after apply)
          [32m+[0m[0m name    = (known after apply)
          [32m+[0m[0m version = (known after apply)
        }

      [32m+[0m[0m scaling_config {
          [32m+[0m[0m desired_size = 2
          [32m+[0m[0m max_size     = 8
          [32m+[0m[0m min_size     = 2
        }

      [32m+[0m[0m taint {
          [32m+[0m[0m effect = "NO_SCHEDULE"
          [32m+[0m[0m key    = "CriticalAddonsOnly"
        }

      [32m+[0m[0m update_config {
          [32m+[0m[0m max_unavailable_percentage = 33
        }
    }

[1m  # module.eks.module.eks_managed_node_group["ai-gitops-gitops-test-criticaladdons"].aws_iam_role.this[0][0m will be created
[0m  [32m+[0m[0m resource "aws_iam_role" "this" {
      [32m+[0m[0m arn                   = (known after apply)
      [32m+[0m[0m assume_role_policy    = jsonencode(
            {
              [32m+[0m[0m Statement = [
                  [32m+[0m[0m {
                      [32m+[0m[0m Action    = "sts:AssumeRole"
                      [32m+[0m[0m Effect    = "Allow"
                      [32m+[0m[0m Principal = {
                          [32m+[0m[0m Service = "ec2.amazonaws.com"
                        }
                      [32m+[0m[0m Sid       = "EKSNodeAssumeRole"
                    },
                ]
              [32m+[0m[0m Version   = "2012-10-17"
            }
        )
      [32m+[0m[0m create_date           = (known after apply)
      [32m+[0m[0m description           = "EKS managed node group IAM role"
      [32m+[0m[0m force_detach_policies = true
      [32m+[0m[0m id                    = (known after apply)
      [32m+[0m[0m managed_policy_arns   = (known after apply)
      [32m+[0m[0m max_session_duration  = 3600
      [32m+[0m[0m name                  = "ai-gitops-gitops-test-criticaladdons-eks-node-group"
      [32m+[0m[0m name_prefix           = (known after apply)
      [32m+[0m[0m path                  = "/"
      [32m+[0m[0m tags                  = {
          [32m+[0m[0m "Environment"    = "gitops-test"
          [32m+[0m[0m "provisioned-by" = "aws-solutions-library-samples/guidance-for-automated-provisioning-of-application-ready-amazon-eks-clusters"
          [32m+[0m[0m "purpose"        = "ai-platform-validation"
        }
      [32m+[0m[0m tags_all              = {
          [32m+[0m[0m "Environment"    = "gitops-test"
          [32m+[0m[0m "provisioned-by" = "aws-solutions-library-samples/guidance-for-automated-provisioning-of-application-ready-amazon-eks-clusters"
          [32m+[0m[0m "purpose"        = "ai-platform-validation"
        }
      [32m+[0m[0m unique_id             = (known after apply)
    }

[1m  # module.eks.module.eks_managed_node_group["ai-gitops-gitops-test-criticaladdons"].aws_iam_role_policy_attachment.additional["SSM"][0m will be created
[0m  [32m+[0m[0m resource "aws_iam_role_policy_attachment" "additional" {
      [32m+[0m[0m id         = (known after apply)
      [32m+[0m[0m policy_arn = "arn:aws:iam::aws:policy/AmazonSSMManagedInstanceCore"
      [32m+[0m[0m role       = "ai-gitops-gitops-test-criticaladdons-eks-node-group"
    }

[1m  # module.eks.module.eks_managed_node_group["ai-gitops-gitops-test-criticaladdons"].aws_iam_role_policy_attachment.this["AmazonEC2ContainerRegistryReadOnly"][0m will be created
[0m  [32m+[0m[0m resource "aws_iam_role_policy_attachment" "this" {
      [32m+[0m[0m id         = (known after apply)
      [32m+[0m[0m policy_arn = "arn:aws:iam::aws:policy/AmazonEC2ContainerRegistryReadOnly"
      [32m+[0m[0m role       = "ai-gitops-gitops-test-criticaladdons-eks-node-group"
    }

[1m  # module.eks.module.eks_managed_node_group["ai-gitops-gitops-test-criticaladdons"].aws_iam_role_policy_attachment.this["AmazonEKSWorkerNodePolicy"][0m will be created
[0m  [32m+[0m[0m resource "aws_iam_role_policy_attachment" "this" {
      [32m+[0m[0m id         = (known after apply)
      [32m+[0m[0m policy_arn = "arn:aws:iam::aws:policy/AmazonEKSWorkerNodePolicy"
      [32m+[0m[0m role       = "ai-gitops-gitops-test-criticaladdons-eks-node-group"
    }

[1m  # module.eks.module.eks_managed_node_group["ai-gitops-gitops-test-criticaladdons"].aws_iam_role_policy_attachment.this["AmazonEKS_CNI_Policy"][0m will be created
[0m  [32m+[0m[0m resource "aws_iam_role_policy_attachment" "this" {
      [32m+[0m[0m id         = (known after apply)
      [32m+[0m[0m policy_arn = "arn:aws:iam::aws:policy/AmazonEKS_CNI_Policy"
      [32m+[0m[0m role       = "ai-gitops-gitops-test-criticaladdons-eks-node-group"
    }

[1m  # module.eks.module.eks_managed_node_group["ai-gitops-gitops-test-criticaladdons"].aws_launch_template.this[0][0m will be created
[0m  [32m+[0m[0m resource "aws_launch_template" "this" {
      [32m+[0m[0m arn                    = (known after apply)
      [32m+[0m[0m default_version        = (known after apply)
      [32m+[0m[0m description            = "Custom launch template for ai-gitops-gitops-test-criticaladdons EKS managed node group"
      [32m+[0m[0m id                     = (known after apply)
      [32m+[0m[0m latest_version         = (known after apply)
      [32m+[0m[0m name                   = (known after apply)
      [32m+[0m[0m name_prefix            = "ai-gitops-gitops-test-criticaladdons-"
      [32m+[0m[0m region                 = "eu-central-1"
      [32m+[0m[0m tags                   = {
          [32m+[0m[0m "Environment"    = "gitops-test"
          [32m+[0m[0m "provisioned-by" = "aws-solutions-library-samples/guidance-for-automated-provisioning-of-application-ready-amazon-eks-clusters"
          [32m+[0m[0m "purpose"        = "ai-platform-validation"
        }
      [32m+[0m[0m tags_all               = {
          [32m+[0m[0m "Environment"    = "gitops-test"
          [32m+[0m[0m "provisioned-by" = "aws-solutions-library-samples/guidance-for-automated-provisioning-of-application-ready-amazon-eks-clusters"
          [32m+[0m[0m "purpose"        = "ai-platform-validation"
        }
      [32m+[0m[0m update_default_version = true

      [32m+[0m[0m metadata_options {
          [32m+[0m[0m http_endpoint               = "enabled"
          [32m+[0m[0m http_protocol_ipv6          = (known after apply)
          [32m+[0m[0m http_put_response_hop_limit = 1
          [32m+[0m[0m http_tokens                 = "required"
          [32m+[0m[0m instance_metadata_tags      = (known after apply)
        }

      [32m+[0m[0m tag_specifications {
          [32m+[0m[0m resource_type = "instance"
          [32m+[0m[0m tags          = {
              [32m+[0m[0m "Environment"    = "gitops-test"
              [32m+[0m[0m "Name"           = "ai-gitops-gitops-test-criticaladdons"
              [32m+[0m[0m "provisioned-by" = "aws-solutions-library-samples/guidance-for-automated-provisioning-of-application-ready-amazon-eks-clusters"
              [32m+[0m[0m "purpose"        = "ai-platform-validation"
            }
        }
      [32m+[0m[0m tag_specifications {
          [32m+[0m[0m resource_type = "network-interface"
          [32m+[0m[0m tags          = {
              [32m+[0m[0m "Environment"    = "gitops-test"
              [32m+[0m[0m "Name"           = "ai-gitops-gitops-test-criticaladdons"
              [32m+[0m[0m "provisioned-by" = "aws-solutions-library-samples/guidance-for-automated-provisioning-of-application-ready-amazon-eks-clusters"
              [32m+[0m[0m "purpose"        = "ai-platform-validation"
            }
        }
      [32m+[0m[0m tag_specifications {
          [32m+[0m[0m resource_type = "volume"
          [32m+[0m[0m tags          = {
              [32m+[0m[0m "Environment"    = "gitops-test"
              [32m+[0m[0m "Name"           = "ai-gitops-gitops-test-criticaladdons"
              [32m+[0m[0m "provisioned-by" = "aws-solutions-library-samples/guidance-for-automated-provisioning-of-application-ready-amazon-eks-clusters"
              [32m+[0m[0m "purpose"        = "ai-platform-validation"
            }
        }
    }

[1m  # module.eks.module.kms.data.aws_iam_policy_document.this[0][0m will be read during apply
  # (config refers to values not yet known)
[0m [36m<=[0m[0m data "aws_iam_policy_document" "this" {
      [32m+[0m[0m id                        = (known after apply)
      [32m+[0m[0m json                      = (known after apply)
      [32m+[0m[0m minified_json             = (known after apply)
      [32m+[0m[0m override_policy_documents = []
      [32m+[0m[0m source_policy_documents   = []

      [32m+[0m[0m statement {
          [32m+[0m[0m actions   = [
              [32m+[0m[0m "kms:*",
            ]
          [32m+[0m[0m resources = [
              [32m+[0m[0m "*",
            ]
          [32m+[0m[0m sid       = "Default"

          [32m+[0m[0m principals {
              [32m+[0m[0m identifiers = [
                  [32m+[0m[0m "arn:aws:iam::802019299867:root",
                ]
              [32m+[0m[0m type        = "AWS"
            }
        }
      [32m+[0m[0m statement {
          [32m+[0m[0m actions   = [
              [32m+[0m[0m "kms:CancelKeyDeletion",
              [32m+[0m[0m "kms:Create*",
              [32m+[0m[0m "kms:Delete*",
              [32m+[0m[0m "kms:Describe*",
              [32m+[0m[0m "kms:Disable*",
              [32m+[0m[0m "kms:Enable*",
              [32m+[0m[0m "kms:Get*",
              [32m+[0m[0m "kms:ImportKeyMaterial",
              [32m+[0m[0m "kms:List*",
              [32m+[0m[0m "kms:Put*",
              [32m+[0m[0m "kms:ReplicateKey",
              [32m+[0m[0m "kms:Revoke*",
              [32m+[0m[0m "kms:ScheduleKeyDeletion",
              [32m+[0m[0m "kms:TagResource",
              [32m+[0m[0m "kms:UntagResource",
              [32m+[0m[0m "kms:Update*",
            ]
          [32m+[0m[0m resources = [
              [32m+[0m[0m "*",
            ]
          [32m+[0m[0m sid       = "KeyAdministration"

          [32m+[0m[0m principals {
              [32m+[0m[0m identifiers = [
                  [32m+[0m[0m "arn:aws:iam::802019299867:root",
                  [32m+[0m[0m "arn:aws:iam::802019299867:user/cli-user",
                ]
              [32m+[0m[0m type        = "AWS"
            }
        }
      [32m+[0m[0m statement {
          [32m+[0m[0m actions   = [
              [32m+[0m[0m "kms:Decrypt",
              [32m+[0m[0m "kms:DescribeKey",
              [32m+[0m[0m "kms:Encrypt",
              [32m+[0m[0m "kms:GenerateDataKey*",
              [32m+[0m[0m "kms:ReEncrypt*",
            ]
          [32m+[0m[0m resources = [
              [32m+[0m[0m "*",
            ]
          [32m+[0m[0m sid       = "KeyUsage"

          [32m+[0m[0m principals {
              [32m+[0m[0m identifiers = [
                  [32m+[0m[0m (known after apply),
                ]
              [32m+[0m[0m type        = "AWS"
            }
        }
    }

[1m  # module.eks.module.kms.aws_kms_alias.this["cluster"][0m will be created
[0m  [32m+[0m[0m resource "aws_kms_alias" "this" {
      [32m+[0m[0m arn            = (known after apply)
      [32m+[0m[0m id             = (known after apply)
      [32m+[0m[0m name           = "alias/eks/ai-gitops-gitops-test"
      [32m+[0m[0m name_prefix    = (known after apply)
      [32m+[0m[0m region         = "eu-central-1"
      [32m+[0m[0m target_key_arn = (known after apply)
      [32m+[0m[0m target_key_id  = (known after apply)
    }

[1m  # module.eks.module.kms.aws_kms_key.this[0][0m will be created
[0m  [32m+[0m[0m resource "aws_kms_key" "this" {
      [32m+[0m[0m arn                                = (known after apply)
      [32m+[0m[0m bypass_policy_lockout_safety_check = false
      [32m+[0m[0m customer_master_key_spec           = "SYMMETRIC_DEFAULT"
      [32m+[0m[0m description                        = "ai-gitops-gitops-test cluster encryption key"
      [32m+[0m[0m enable_key_rotation                = true
      [32m+[0m[0m id                                 = (known after apply)
      [32m+[0m[0m is_enabled                         = true
      [32m+[0m[0m key_id                             = (known after apply)
      [32m+[0m[0m key_usage                          = "ENCRYPT_DECRYPT"
      [32m+[0m[0m multi_region                       = false
      [32m+[0m[0m policy                             = (known after apply)
      [32m+[0m[0m region                             = "eu-central-1"
      [32m+[0m[0m rotation_period_in_days            = (known after apply)
      [32m+[0m[0m tags                               = {
          [32m+[0m[0m "Environment"    = "gitops-test"
          [32m+[0m[0m "provisioned-by" = "aws-solutions-library-samples/guidance-for-automated-provisioning-of-application-ready-amazon-eks-clusters"
          [32m+[0m[0m "purpose"        = "ai-platform-validation"
        }
      [32m+[0m[0m tags_all                           = {
          [32m+[0m[0m "Environment"    = "gitops-test"
          [32m+[0m[0m "provisioned-by" = "aws-solutions-library-samples/guidance-for-automated-provisioning-of-application-ready-amazon-eks-clusters"
          [32m+[0m[0m "purpose"        = "ai-platform-validation"
        }
    }

[1m  # module.eks.module.eks_managed_node_group["ai-gitops-gitops-test-criticaladdons"].module.user_data.null_resource.validate_cluster_service_cidr[0m will be created
[0m  [32m+[0m[0m resource "null_resource" "validate_cluster_service_cidr" {
      [32m+[0m[0m id = (known after apply)
    }

[1mPlan:[0m 72 to add, 0 to change, 0 to destroy.
[0m
Changes to Outputs:
  [32m+[0m[0m cluster_certificate_authority_data = (known after apply)
  [32m+[0m[0m cluster_endpoint                   = (known after apply)
  [32m+[0m[0m cluster_name                       = "ai-gitops-gitops-test"
  [32m+[0m[0m configure_kubectl                  = <<-EOT
        export KUBECONFIG="/tmp/ai-gitops-gitops-test"
        aws eks --region eu-central-1 update-kubeconfig --name ai-gitops-gitops-test
    EOT
  [32m+[0m[0m control_plane_subnet_ids           = [
      [32m+[0m[0m "subnet-0ebef846e7cd17006",
      [32m+[0m[0m "subnet-05dada338c3fd0e5f",
      [32m+[0m[0m "subnet-068cd5ae13150e6b5",
    ]
  [32m+[0m[0m kubernetes_version                 = "1.35"
  [32m+[0m[0m oidc_provider_arn                  = (known after apply)
[0m[1mmodule.eks.aws_cloudwatch_log_group.this[0]: Creating...[0m[0m
[0m[1mmodule.eks.module.eks_managed_node_group["ai-gitops-gitops-test-criticaladdons"].aws_iam_role.this[0]: Creating...[0m[0m
[0m[1mmodule.eks.aws_iam_role.this[0]: Creating...[0m[0m
[0m[1maws_iam_role.capability["kro"]: Creating...[0m[0m
[0m[1maws_iam_role.capability["ack"]: Creating...[0m[0m
[0m[1mmodule.eks.aws_cloudwatch_log_group.this[0]: Creation complete after 0s [id=/aws/eks/ai-gitops-gitops-test/cluster][0m
[0m[1mmodule.eks.module.eks_managed_node_group["ai-gitops-gitops-test-criticaladdons"].aws_iam_role.this[0]: Creation complete after 1s [id=ai-gitops-gitops-test-criticaladdons-eks-node-group][0m
[0m[1mmodule.eks.module.eks_managed_node_group["ai-gitops-gitops-test-criticaladdons"].aws_iam_role_policy_attachment.this["AmazonEC2ContainerRegistryReadOnly"]: Creating...[0m[0m
[0m[1mmodule.eks.module.eks_managed_node_group["ai-gitops-gitops-test-criticaladdons"].aws_iam_role_policy_attachment.additional["SSM"]: Creating...[0m[0m
[0m[1mmodule.eks.module.eks_managed_node_group["ai-gitops-gitops-test-criticaladdons"].aws_iam_role_policy_attachment.this["AmazonEKSWorkerNodePolicy"]: Creating...[0m[0m
[0m[1mmodule.eks.module.eks_managed_node_group["ai-gitops-gitops-test-criticaladdons"].aws_iam_role_policy_attachment.this["AmazonEKS_CNI_Policy"]: Creating...[0m[0m
[0m[1maws_iam_role.capability["kro"]: Creation complete after 1s [id=ai-gitops-gitops-test-capability-kro][0m
[0m[1maws_iam_role.capability["ack"]: Creation complete after 1s [id=ai-gitops-gitops-test-capability-ack][0m
[0m[1mmodule.eks.aws_iam_role.this[0]: Creation complete after 1s [id=ai-gitops-gitops-test-cluster][0m
[0m[1mmodule.eks.aws_iam_role_policy_attachment.this["AmazonEKSClusterPolicy"]: Creating...[0m[0m
[0m[1mmodule.eks.module.kms.data.aws_iam_policy_document.this[0]: Reading...[0m[0m
[0m[1mmodule.eks.module.kms.data.aws_iam_policy_document.this[0]: Read complete after 0s [id=1260526180][0m
[0m[1mmodule.eks.module.kms.aws_kms_key.this[0]: Creating...[0m[0m
[0m[1mmodule.eks.module.eks_managed_node_group["ai-gitops-gitops-test-criticaladdons"].aws_iam_role_policy_attachment.this["AmazonEC2ContainerRegistryReadOnly"]: Creation complete after 0s [id=ai-gitops-gitops-test-criticaladdons-eks-node-group/arn:aws:iam::aws:policy/AmazonEC2ContainerRegistryReadOnly][0m
[0m[1mmodule.eks.module.eks_managed_node_group["ai-gitops-gitops-test-criticaladdons"].aws_iam_role_policy_attachment.this["AmazonEKS_CNI_Policy"]: Creation complete after 0s [id=ai-gitops-gitops-test-criticaladdons-eks-node-group/arn:aws:iam::aws:policy/AmazonEKS_CNI_Policy][0m
[0m[1mmodule.eks.module.eks_managed_node_group["ai-gitops-gitops-test-criticaladdons"].aws_iam_role_policy_attachment.additional["SSM"]: Creation complete after 0s [id=ai-gitops-gitops-test-criticaladdons-eks-node-group/arn:aws:iam::aws:policy/AmazonSSMManagedInstanceCore][0m
[0m[1mmodule.eks.module.eks_managed_node_group["ai-gitops-gitops-test-criticaladdons"].aws_iam_role_policy_attachment.this["AmazonEKSWorkerNodePolicy"]: Creation complete after 0s [id=ai-gitops-gitops-test-criticaladdons-eks-node-group/arn:aws:iam::aws:policy/AmazonEKSWorkerNodePolicy][0m
[0m[1mmodule.eks.aws_iam_role_policy_attachment.this["AmazonEKSClusterPolicy"]: Creation complete after 0s [id=ai-gitops-gitops-test-cluster/arn:aws:iam::aws:policy/AmazonEKSClusterPolicy][0m
[0m[1mmodule.eks.module.kms.aws_kms_key.this[0]: Still creating... [10s elapsed][0m[0m
[0m[1mmodule.eks.module.kms.aws_kms_key.this[0]: Still creating... [20s elapsed][0m[0m
[0m[1mmodule.eks.module.kms.aws_kms_key.this[0]: Creation complete after 21s [id=4e53e223-1740-49d6-a169-4897e19c898b][0m
[0m[1mmodule.eks.module.kms.aws_kms_alias.this["cluster"]: Creating...[0m[0m
[0m[1mmodule.eks.aws_iam_policy.cluster_encryption[0]: Creating...[0m[0m
[0m[1mmodule.eks.aws_eks_cluster.this[0]: Creating...[0m[0m
[0m[1mmodule.eks.module.kms.aws_kms_alias.this["cluster"]: Creation complete after 1s [id=alias/eks/ai-gitops-gitops-test][0m
[0m[1mmodule.eks.aws_iam_policy.cluster_encryption[0]: Creation complete after 1s [id=arn:aws:iam::802019299867:policy/ai-gitops-gitops-test-cluster-ClusterEncryption20260224174723468100000001][0m
[0m[1mmodule.eks.aws_iam_role_policy_attachment.cluster_encryption[0]: Creating...[0m[0m
[0m[1mmodule.eks.aws_iam_role_policy_attachment.cluster_encryption[0]: Creation complete after 0s [id=ai-gitops-gitops-test-cluster/arn:aws:iam::802019299867:policy/ai-gitops-gitops-test-cluster-ClusterEncryption20260224174723468100000001][0m
[0m[1mmodule.eks.aws_eks_cluster.this[0]: Still creating... [10s elapsed][0m[0m
[0m[1mmodule.eks.aws_eks_cluster.this[0]: Still creating... [20s elapsed][0m[0m
[0m[1mmodule.eks.aws_eks_cluster.this[0]: Still creating... [30s elapsed][0m[0m
[0m[1mmodule.eks.aws_eks_cluster.this[0]: Still creating... [40s elapsed][0m[0m
[0m[1mmodule.eks.aws_eks_cluster.this[0]: Still creating... [50s elapsed][0m[0m
[0m[1mmodule.eks.aws_eks_cluster.this[0]: Still creating... [1m0s elapsed][0m[0m
[0m[1mmodule.eks.aws_eks_cluster.this[0]: Still creating... [1m10s elapsed][0m[0m
[0m[1mmodule.eks.aws_eks_cluster.this[0]: Still creating... [1m20s elapsed][0m[0m
[0m[1mmodule.eks.aws_eks_cluster.this[0]: Still creating... [1m30s elapsed][0m[0m
[0m[1mmodule.eks.aws_eks_cluster.this[0]: Still creating... [1m40s elapsed][0m[0m
[0m[1mmodule.eks.aws_eks_cluster.this[0]: Still creating... [1m50s elapsed][0m[0m
[0m[1mmodule.eks.aws_eks_cluster.this[0]: Still creating... [2m0s elapsed][0m[0m
[0m[1mmodule.eks.aws_eks_cluster.this[0]: Still creating... [2m10s elapsed][0m[0m
[0m[1mmodule.eks.aws_eks_cluster.this[0]: Still creating... [2m20s elapsed][0m[0m
[0m[1mmodule.eks.aws_eks_cluster.this[0]: Still creating... [2m30s elapsed][0m[0m
[0m[1mmodule.eks.aws_eks_cluster.this[0]: Still creating... [2m40s elapsed][0m[0m
[0m[1mmodule.eks.aws_eks_cluster.this[0]: Still creating... [2m50s elapsed][0m[0m
[0m[1mmodule.eks.aws_eks_cluster.this[0]: Still creating... [3m0s elapsed][0m[0m
[0m[1mmodule.eks.aws_eks_cluster.this[0]: Still creating... [3m10s elapsed][0m[0m
[0m[1mmodule.eks.aws_eks_cluster.this[0]: Still creating... [3m20s elapsed][0m[0m
[0m[1mmodule.eks.aws_eks_cluster.this[0]: Still creating... [3m30s elapsed][0m[0m
[0m[1mmodule.eks.aws_eks_cluster.this[0]: Still creating... [3m40s elapsed][0m[0m
[0m[1mmodule.eks.aws_eks_cluster.this[0]: Still creating... [3m50s elapsed][0m[0m
[0m[1mmodule.eks.aws_eks_cluster.this[0]: Still creating... [4m0s elapsed][0m[0m
[0m[1mmodule.eks.aws_eks_cluster.this[0]: Still creating... [4m10s elapsed][0m[0m
[0m[1mmodule.eks.aws_eks_cluster.this[0]: Still creating... [4m21s elapsed][0m[0m
[0m[1mmodule.eks.aws_eks_cluster.this[0]: Still creating... [4m31s elapsed][0m[0m
[0m[1mmodule.eks.aws_eks_cluster.this[0]: Still creating... [4m41s elapsed][0m[0m
[0m[1mmodule.eks.aws_eks_cluster.this[0]: Still creating... [4m51s elapsed][0m[0m
[0m[1mmodule.eks.aws_eks_cluster.this[0]: Still creating... [5m1s elapsed][0m[0m
[0m[1mmodule.eks.aws_eks_cluster.this[0]: Still creating... [5m11s elapsed][0m[0m
[0m[1mmodule.eks.aws_eks_cluster.this[0]: Still creating... [5m21s elapsed][0m[0m
[0m[1mmodule.eks.aws_eks_cluster.this[0]: Still creating... [5m31s elapsed][0m[0m
[0m[1mmodule.eks.aws_eks_cluster.this[0]: Still creating... [5m41s elapsed][0m[0m
[0m[1mmodule.eks.aws_eks_cluster.this[0]: Still creating... [5m51s elapsed][0m[0m
[0m[1mmodule.eks.aws_eks_cluster.this[0]: Still creating... [6m1s elapsed][0m[0m
[0m[1mmodule.eks.aws_eks_cluster.this[0]: Still creating... [6m11s elapsed][0m[0m
[0m[1mmodule.eks.aws_eks_cluster.this[0]: Still creating... [6m21s elapsed][0m[0m
[0m[1mmodule.eks.aws_eks_cluster.this[0]: Still creating... [6m31s elapsed][0m[0m
[0m[1mmodule.eks.aws_eks_cluster.this[0]: Still creating... [6m41s elapsed][0m[0m
[0m[1mmodule.eks.aws_eks_cluster.this[0]: Still creating... [6m51s elapsed][0m[0m
[0m[1mmodule.eks.aws_eks_cluster.this[0]: Still creating... [7m1s elapsed][0m[0m
[0m[1mmodule.eks.aws_eks_cluster.this[0]: Still creating... [7m11s elapsed][0m[0m
[0m[1mmodule.eks.aws_eks_cluster.this[0]: Still creating... [7m21s elapsed][0m[0m
[0m[1mmodule.eks.aws_eks_cluster.this[0]: Still creating... [7m31s elapsed][0m[0m
[0m[1mmodule.eks.aws_eks_cluster.this[0]: Still creating... [7m41s elapsed][0m[0m
[0m[1mmodule.eks.aws_eks_cluster.this[0]: Still creating... [7m51s elapsed][0m[0m
[0m[1mmodule.eks.aws_eks_cluster.this[0]: Still creating... [8m1s elapsed][0m[0m
[0m[1mmodule.eks.aws_eks_cluster.this[0]: Still creating... [8m11s elapsed][0m[0m
[0m[1mmodule.eks.aws_eks_cluster.this[0]: Still creating... [8m21s elapsed][0m[0m
[0m[1mmodule.eks.aws_eks_cluster.this[0]: Creation complete after 8m26s [id=ai-gitops-gitops-test][0m
[0m[1mmodule.eks.data.tls_certificate.this[0]: Reading...[0m[0m
[0m[1mmodule.eks.aws_eks_access_entry.this["EKSAdmin"]: Creating...[0m[0m
[0m[1mmodule.eks.aws_ec2_tag.cluster_primary_security_group["purpose"]: Creating...[0m[0m
[0m[1mmodule.eks.aws_ec2_tag.cluster_primary_security_group["provisioned-by"]: Creating...[0m[0m
[0m[1mmodule.eks.aws_eks_access_entry.this["cluster_creator"]: Creating...[0m[0m
[0m[1mmodule.eks.aws_eks_access_entry.this["EKSClusterAdmin"]: Creating...[0m[0m
[0m[1mmodule.eks.aws_eks_access_entry.this["EKSEdit"]: Creating...[0m[0m
[0m[1mmodule.eks.aws_eks_access_entry.this["EKSView"]: Creating...[0m[0m
[0m[1mmodule.eks.aws_ec2_tag.cluster_primary_security_group["Environment"]: Creating...[0m[0m
[0m[1mmodule.eks.time_sleep.this[0]: Creating...[0m[0m
[0m[1mmodule.eks.data.tls_certificate.this[0]: Read complete after 0s [id=38b12f081caa262d3c3b1b0f23fda4734317a14d][0m
[0m[1maws_ec2_tag.cluster_primary_security_group[0]: Creating...[0m[0m
[0m[1mmodule.eks.aws_ec2_tag.cluster_primary_security_group["Environment"]: Creation complete after 0s [id=sg-0c78a2dc972e8a609,Environment][0m
[0m[1mmodule.eks.aws_ec2_tag.cluster_primary_security_group["provisioned-by"]: Creation complete after 0s [id=sg-0c78a2dc972e8a609,provisioned-by][0m
[0m[1mmodule.eks.aws_iam_openid_connect_provider.oidc_provider[0]: Creating...[0m[0m
[0m[1maws_ec2_tag.cluster_primary_security_group[0]: Creation complete after 0s [id=sg-0c78a2dc972e8a609,karpenter.sh/discovery][0m
[0m[1mmodule.eks.aws_ec2_tag.cluster_primary_security_group["purpose"]: Creation complete after 0s [id=sg-0c78a2dc972e8a609,purpose][0m
[0m[1mmodule.eks.aws_eks_access_entry.this["EKSAdmin"]: Creation complete after 0s [id=ai-gitops-gitops-test:arn:aws:iam::802019299867:role/ai-gitops-gitops-test-EKSAdmin][0m
[0m[1mmodule.eks.aws_eks_access_entry.this["cluster_creator"]: Creation complete after 0s [id=ai-gitops-gitops-test:arn:aws:iam::802019299867:user/cli-user][0m
[0m[1mmodule.eks.aws_eks_access_entry.this["EKSEdit"]: Creation complete after 0s [id=ai-gitops-gitops-test:arn:aws:iam::802019299867:role/ai-gitops-gitops-test-EKSEdit][0m
[0m[1mmodule.eks.aws_eks_access_entry.this["EKSClusterAdmin"]: Creation complete after 1s [id=ai-gitops-gitops-test:arn:aws:iam::802019299867:role/ai-gitops-gitops-test-EKSClusterAdmin][0m
[0m[1mmodule.eks.aws_eks_access_entry.this["EKSView"]: Creation complete after 1s [id=ai-gitops-gitops-test:arn:aws:iam::802019299867:role/ai-gitops-gitops-test-EKSView][0m
[0m[1mmodule.eks.aws_eks_access_policy_association.this["cluster_creator_admin"]: Creating...[0m[0m
[0m[1mmodule.eks.aws_eks_access_policy_association.this["EKSAdmin_single"]: Creating...[0m[0m
[0m[1mmodule.eks.aws_eks_access_policy_association.this["EKSEdit_single"]: Creating...[0m[0m
[0m[1mmodule.eks.aws_eks_access_policy_association.this["EKSView_single"]: Creating...[0m[0m
[0m[1mmodule.eks.aws_eks_access_policy_association.this["EKSClusterAdmin_single"]: Creating...[0m[0m
[0m[1mmodule.eks.aws_iam_openid_connect_provider.oidc_provider[0]: Creation complete after 1s [id=arn:aws:iam::802019299867:oidc-provider/oidc.eks.eu-central-1.amazonaws.com/id/66A63C2C96F7D32A3A15AD17B41DCCC2][0m
[0m[1mmodule.ebs_csi_driver_irsa[0].data.aws_iam_policy_document.this[0]: Reading...[0m[0m
[0m[1mmodule.ebs_csi_driver_irsa[0].data.aws_iam_policy_document.this[0]: Read complete after 0s [id=2915234183][0m
[0m[1mmodule.ebs_csi_driver_irsa[0].aws_iam_role.this[0]: Creating...[0m[0m
[0m[1mmodule.eks.aws_eks_access_policy_association.this["EKSClusterAdmin_single"]: Creation complete after 0s [id=ai-gitops-gitops-test#arn:aws:iam::802019299867:role/ai-gitops-gitops-test-EKSClusterAdmin#arn:aws:eks::aws:cluster-access-policy/AmazonEKSClusterAdminPolicy][0m
[0m[1mmodule.eks.aws_eks_access_policy_association.this["cluster_creator_admin"]: Creation complete after 1s [id=ai-gitops-gitops-test#arn:aws:iam::802019299867:user/cli-user#arn:aws:eks::aws:cluster-access-policy/AmazonEKSClusterAdminPolicy][0m
[0m[1mmodule.eks.aws_eks_access_policy_association.this["EKSEdit_single"]: Creation complete after 1s [id=ai-gitops-gitops-test#arn:aws:iam::802019299867:role/ai-gitops-gitops-test-EKSEdit#arn:aws:eks::aws:cluster-access-policy/AmazonEKSEditPolicy][0m
[0m[1mmodule.eks.aws_eks_access_policy_association.this["EKSAdmin_single"]: Creation complete after 1s [id=ai-gitops-gitops-test#arn:aws:iam::802019299867:role/ai-gitops-gitops-test-EKSAdmin#arn:aws:eks::aws:cluster-access-policy/AmazonEKSAdminPolicy][0m
[0m[1mmodule.ebs_csi_driver_irsa[0].aws_iam_role.this[0]: Creation complete after 1s [id=ai-gitops-gitops-test-ebs-csi][0m
[0m[1mmodule.ebs_csi_driver_irsa[0].aws_iam_role_policy_attachment.this["policy"]: Creating...[0m[0m
[0m[1mmodule.eks.data.aws_eks_addon_version.this["eks-pod-identity-agent"]: Reading...[0m[0m
[0m[1mmodule.eks.data.aws_eks_addon_version.this["aws-ebs-csi-driver"]: Reading...[0m[0m
[0m[1mmodule.eks.data.aws_eks_addon_version.this["vpc-cni"]: Reading...[0m[0m
[0m[1mmodule.eks.data.aws_eks_addon_version.this["coredns"]: Reading...[0m[0m
[0m[1mmodule.eks.data.aws_eks_addon_version.this["kube-proxy"]: Reading...[0m[0m
[0m[1mmodule.eks.data.aws_eks_addon_version.this["eks-pod-identity-agent"]: Read complete after 0s [id=eks-pod-identity-agent][0m
[0m[1mmodule.eks.data.aws_eks_addon_version.this["coredns"]: Read complete after 0s [id=coredns][0m
[0m[1mmodule.eks.data.aws_eks_addon_version.this["kube-proxy"]: Read complete after 0s [id=kube-proxy][0m
[0m[1mmodule.eks.data.aws_eks_addon_version.this["aws-ebs-csi-driver"]: Read complete after 0s [id=aws-ebs-csi-driver][0m
[0m[1mmodule.eks.data.aws_eks_addon_version.this["vpc-cni"]: Read complete after 0s [id=vpc-cni][0m
[0m[1mmodule.eks.aws_eks_addon.before_compute["vpc-cni"]: Creating...[0m[0m
[0m[1mmodule.eks.aws_eks_addon.before_compute["kube-proxy"]: Creating...[0m[0m
[0m[1mmodule.ebs_csi_driver_irsa[0].aws_iam_role_policy_attachment.this["policy"]: Creation complete after 0s [id=ai-gitops-gitops-test-ebs-csi/arn:aws:iam::aws:policy/service-role/AmazonEBSCSIDriverPolicy][0m
[0m[1mmodule.eks.aws_eks_access_policy_association.this["EKSView_single"]: Creation complete after 1s [id=ai-gitops-gitops-test#arn:aws:iam::802019299867:role/ai-gitops-gitops-test-EKSView#arn:aws:eks::aws:cluster-access-policy/AmazonEKSViewPolicy][0m
[0m[1mmodule.eks.time_sleep.this[0]: Still creating... [10s elapsed][0m[0m
[0m[1mmodule.eks.aws_eks_addon.before_compute["kube-proxy"]: Creation complete after 8s [id=ai-gitops-gitops-test:kube-proxy][0m
[0m[1mmodule.eks.aws_eks_addon.before_compute["vpc-cni"]: Still creating... [10s elapsed][0m[0m
[0m[1mmodule.eks.aws_eks_addon.before_compute["vpc-cni"]: Creation complete after 14s [id=ai-gitops-gitops-test:vpc-cni][0m
[0m[1mmodule.eks.time_sleep.this[0]: Still creating... [20s elapsed][0m[0m
[0m[1mmodule.eks.time_sleep.this[0]: Still creating... [30s elapsed][0m[0m
[0m[1mmodule.eks.time_sleep.this[0]: Creation complete after 30s [id=2026-02-24T17:56:19Z][0m
[0m[1mmodule.eks.module.eks_managed_node_group["ai-gitops-gitops-test-criticaladdons"].module.user_data.null_resource.validate_cluster_service_cidr: Creating...[0m[0m
[0m[1mmodule.eks.module.eks_managed_node_group["ai-gitops-gitops-test-criticaladdons"].module.user_data.null_resource.validate_cluster_service_cidr: Creation complete after 0s [id=7189296757144527084][0m
[0m[1mmodule.eks.module.eks_managed_node_group["ai-gitops-gitops-test-criticaladdons"].aws_launch_template.this[0]: Creating...[0m[0m
[0m[1mmodule.eks.module.eks_managed_node_group["ai-gitops-gitops-test-criticaladdons"].aws_launch_template.this[0]: Creation complete after 6s [id=lt-05e6f78f61593666e][0m
[0m[1mmodule.eks.module.eks_managed_node_group["ai-gitops-gitops-test-criticaladdons"].aws_eks_node_group.this[0]: Creating...[0m[0m
[0m[1mmodule.eks.module.eks_managed_node_group["ai-gitops-gitops-test-criticaladdons"].aws_eks_node_group.this[0]: Still creating... [10s elapsed][0m[0m
[0m[1mmodule.eks.module.eks_managed_node_group["ai-gitops-gitops-test-criticaladdons"].aws_eks_node_group.this[0]: Still creating... [20s elapsed][0m[0m
[0m[1mmodule.eks.module.eks_managed_node_group["ai-gitops-gitops-test-criticaladdons"].aws_eks_node_group.this[0]: Still creating... [30s elapsed][0m[0m
[0m[1mmodule.eks.module.eks_managed_node_group["ai-gitops-gitops-test-criticaladdons"].aws_eks_node_group.this[0]: Still creating... [40s elapsed][0m[0m
[0m[1mmodule.eks.module.eks_managed_node_group["ai-gitops-gitops-test-criticaladdons"].aws_eks_node_group.this[0]: Still creating... [50s elapsed][0m[0m
[0m[1mmodule.eks.module.eks_managed_node_group["ai-gitops-gitops-test-criticaladdons"].aws_eks_node_group.this[0]: Still creating... [1m0s elapsed][0m[0m
[0m[1mmodule.eks.module.eks_managed_node_group["ai-gitops-gitops-test-criticaladdons"].aws_eks_node_group.this[0]: Still creating... [1m10s elapsed][0m[0m
[0m[1mmodule.eks.module.eks_managed_node_group["ai-gitops-gitops-test-criticaladdons"].aws_eks_node_group.this[0]: Creation complete after 1m18s [id=ai-gitops-gitops-test:ai-gitops-gitops-test-criticaladdons-20260224175626238000000006][0m
[0m[1mmodule.eks.aws_eks_addon.this["coredns"]: Creating...[0m[0m
[0m[1mmodule.eks.aws_eks_addon.this["aws-ebs-csi-driver"]: Creating...[0m[0m
[0m[1mmodule.eks.aws_eks_addon.this["eks-pod-identity-agent"]: Creating...[0m[0m
[0m[1mmodule.eks.aws_eks_addon.this["aws-ebs-csi-driver"]: Still creating... [10s elapsed][0m[0m
[0m[1mmodule.eks.aws_eks_addon.this["eks-pod-identity-agent"]: Still creating... [10s elapsed][0m[0m
[0m[1mmodule.eks.aws_eks_addon.this["coredns"]: Still creating... [10s elapsed][0m[0m
[0m[1mmodule.eks.aws_eks_addon.this["coredns"]: Creation complete after 14s [id=ai-gitops-gitops-test:coredns][0m
[0m[1mmodule.eks.aws_eks_addon.this["eks-pod-identity-agent"]: Still creating... [20s elapsed][0m[0m
[0m[1mmodule.eks.aws_eks_addon.this["aws-ebs-csi-driver"]: Still creating... [20s elapsed][0m[0m
[0m[1mmodule.eks.aws_eks_addon.this["eks-pod-identity-agent"]: Creation complete after 25s [id=ai-gitops-gitops-test:eks-pod-identity-agent][0m
[0m[1mmodule.eks.aws_eks_addon.this["aws-ebs-csi-driver"]: Still creating... [30s elapsed][0m[0m
[0m[1mmodule.eks.aws_eks_addon.this["aws-ebs-csi-driver"]: Still creating... [40s elapsed][0m[0m
[0m[1mmodule.eks.aws_eks_addon.this["aws-ebs-csi-driver"]: Creation complete after 45s [id=ai-gitops-gitops-test:aws-ebs-csi-driver][0m
[0m[1mnull_resource.update_kubeconfig: Creating...[0m[0m
[0m[1mmodule.karpenter.data.aws_partition.current: Reading...[0m[0m
[0m[1mnull_resource.update_kubeconfig: Provisioning with 'local-exec'...[0m[0m
[0m[1mnull_resource.update_kubeconfig (local-exec):[0m [0mExecuting: ["/bin/sh" "-c" "aws eks --region eu-central-1 update-kubeconfig --name ai-gitops-gitops-test"]
[0m[1mkubernetes_annotations.gp2[0]: Creating...[0m[0m
[0m[1mkubernetes_storage_class_v1.gp3[0]: Creating...[0m[0m
[0m[1mmodule.karpenter.data.aws_region.current: Reading...[0m[0m
[0m[1mmodule.karpenter.data.aws_partition.current: Read complete after 0s [id=aws][0m
[0m[1mmodule.karpenter.aws_cloudwatch_event_rule.this["health_event"]: Creating...[0m[0m
[0m[1mmodule.karpenter.aws_cloudwatch_event_rule.this["spot_interrupt"]: Creating...[0m[0m
[0m[1mmodule.karpenter.data.aws_region.current: Read complete after 0s [id=eu-central-1][0m
[0m[1mmodule.karpenter.aws_cloudwatch_event_rule.this["instance_state_change"]: Creating...[0m[0m
[0m[1mmodule.karpenter.aws_cloudwatch_event_rule.this["instance_rebalance"]: Creating...[0m[0m
[0m[1mmodule.karpenter.aws_sqs_queue.this[0]: Creating...[0m[0m
[0m[1maws_eks_capability.simple["kro"]: Creating...[0m[0m
[0m[1maws_eks_capability.simple["ack"]: Creating...[0m[0m
[0m[1mmodule.karpenter.aws_cloudwatch_event_rule.this["instance_state_change"]: Creation complete after 0s [id=KarpenterInstanceStateChange-2026022417582887060000000c][0m
[0m[1mmodule.karpenter.aws_cloudwatch_event_rule.this["health_event"]: Creation complete after 1s [id=KarpenterHealthEvent-2026022417582887010000000b][0m
[0m[1mmodule.karpenter.aws_cloudwatch_event_rule.this["instance_rebalance"]: Creation complete after 1s [id=KarpenterInstanceRebalance-2026022417582887560000000e][0m
[0m[1mmodule.karpenter.data.aws_caller_identity.current: Reading...[0m[0m
[0m[1mmodule.karpenter.aws_cloudwatch_event_rule.this["spot_interrupt"]: Creation complete after 1s [id=KarpenterSpotInterrupt-2026022417582887080000000d][0m
[0m[1mmodule.karpenter.data.aws_iam_policy_document.controller_assume_role[0]: Reading...[0m[0m
[0m[1mmodule.karpenter.data.aws_iam_policy_document.node_assume_role[0]: Reading...[0m[0m
[0m[1mmodule.karpenter.data.aws_iam_policy_document.node_assume_role[0]: Read complete after 0s [id=2560088296][0m
[0m[1mmodule.karpenter.data.aws_iam_policy_document.controller_assume_role[0]: Read complete after 0s [id=819195744][0m
[0m[1mmodule.karpenter.aws_iam_role.controller[0]: Creating...[0m[0m
[0m[1mmodule.karpenter.aws_iam_role.node[0]: Creating...[0m[0m
[0m[1mkubernetes_storage_class_v1.gp3[0]: Creation complete after 1s [id=gp3][0m
[0m[1mnull_resource.update_kubeconfig (local-exec):[0m [0mAdded new context arn:aws:eks:eu-central-1:802019299867:cluster/ai-gitops-gitops-test to /Users/rdobrine/.kube/config
[0m[1mmodule.karpenter.data.aws_caller_identity.current: Read complete after 0s [id=802019299867][0m
[0m[1mnull_resource.update_kubeconfig: Creation complete after 1s [id=7549704703153483096][0m
[0m[1mkubernetes_annotations.gp2[0]: Creation complete after 1s [id=apiVersion=storage.k8s.io/v1,kind=StorageClass,name=gp2][0m
[0m[1mmodule.karpenter.aws_iam_role.controller[0]: Creation complete after 1s [id=KarpenterController-ai-gitops-gitops-test][0m
[0m[1mmodule.karpenter.aws_eks_pod_identity_association.karpenter[0]: Creating...[0m[0m
[0m[1mmodule.karpenter.aws_iam_role.node[0]: Creation complete after 1s [id=KarpenterNode-ai-gitops-gitops-test][0m
[0m[1mmodule.karpenter.aws_iam_role_policy_attachment.node_additional["AmazonSSMManagedInstanceCore"]: Creating...[0m[0m
[0m[1mmodule.karpenter.aws_iam_role_policy_attachment.node["AmazonEC2ContainerRegistryReadOnly"]: Creating...[0m[0m
[0m[1mmodule.karpenter.aws_iam_role_policy_attachment.node["AmazonEKSWorkerNodePolicy"]: Creating...[0m[0m
[0m[1mdata.kubectl_path_documents.karpenter_manifests[0]: Reading...[0m[0m
[0m[1mmodule.karpenter.aws_iam_role_policy_attachment.node["AmazonEKS_CNI_Policy"]: Creating...[0m[0m
[0m[1mdata.kubectl_path_documents.karpenter_manifests[0]: Read complete after 0s [id=a0fdcdeb479f841e6eca61354a55acd9cfbb5c71c81817b20ba4c33e059d653f][0m
[0m[1mkubectl_manifest.karpenter_manifests[2]: Creating...[0m[0m
[0m[1mkubectl_manifest.karpenter_manifests[3]: Creating...[0m[0m
[0m[1mmodule.karpenter.aws_iam_role_policy_attachment.node["AmazonEC2ContainerRegistryReadOnly"]: Creation complete after 0s [id=KarpenterNode-ai-gitops-gitops-test/arn:aws:iam::aws:policy/AmazonEC2ContainerRegistryReadOnly][0m
[0m[1mkubectl_manifest.karpenter_manifests[0]: Creating...[0m[0m
[0m[1mmodule.karpenter.aws_iam_role_policy_attachment.node_additional["AmazonSSMManagedInstanceCore"]: Creation complete after 0s [id=KarpenterNode-ai-gitops-gitops-test/arn:aws:iam::aws:policy/AmazonSSMManagedInstanceCore][0m
[0m[1mkubectl_manifest.karpenter_manifests[1]: Creating...[0m[0m
[0m[1mmodule.karpenter.aws_iam_role_policy_attachment.node["AmazonEKSWorkerNodePolicy"]: Creation complete after 0s [id=KarpenterNode-ai-gitops-gitops-test/arn:aws:iam::aws:policy/AmazonEKSWorkerNodePolicy][0m
[0m[1mmodule.karpenter.aws_iam_role_policy_attachment.node["AmazonEKS_CNI_Policy"]: Creation complete after 0s [id=KarpenterNode-ai-gitops-gitops-test/arn:aws:iam::aws:policy/AmazonEKS_CNI_Policy][0m
[0m[1mmodule.karpenter.aws_eks_pod_identity_association.karpenter[0]: Creation complete after 1s [id=a-cl4jav55w1tybn99e][0m
[0m[1maws_eks_capability.simple["ack"]: Still creating... [10s elapsed][0m[0m
[0m[1mmodule.karpenter.aws_sqs_queue.this[0]: Still creating... [10s elapsed][0m[0m
[0m[1maws_eks_capability.simple["kro"]: Still creating... [10s elapsed][0m[0m
[0m[1mkubectl_manifest.karpenter_manifests[2]: Still creating... [10s elapsed][0m[0m
[0m[1mkubectl_manifest.karpenter_manifests[3]: Still creating... [10s elapsed][0m[0m
[0m[1mkubectl_manifest.karpenter_manifests[0]: Still creating... [10s elapsed][0m[0m
[0m[1mkubectl_manifest.karpenter_manifests[1]: Still creating... [10s elapsed][0m[0m
[0m[1maws_eks_capability.simple["ack"]: Still creating... [20s elapsed][0m[0m
[0m[1maws_eks_capability.simple["kro"]: Still creating... [20s elapsed][0m[0m
[0m[1mmodule.karpenter.aws_sqs_queue.this[0]: Still creating... [20s elapsed][0m[0m
[0m[1mkubectl_manifest.karpenter_manifests[3]: Still creating... [20s elapsed][0m[0m
[0m[1mkubectl_manifest.karpenter_manifests[2]: Still creating... [20s elapsed][0m[0m
[0m[1mkubectl_manifest.karpenter_manifests[0]: Still creating... [20s elapsed][0m[0m
[0m[1mkubectl_manifest.karpenter_manifests[1]: Still creating... [20s elapsed][0m[0m
[0m[1mmodule.karpenter.aws_sqs_queue.this[0]: Creation complete after 25s [id=https://sqs.eu-central-1.amazonaws.com/802019299867/Karpenter-ai-gitops-gitops-test][0m
[0m[1mmodule.karpenter.data.aws_iam_policy_document.queue[0]: Reading...[0m[0m
[0m[1mmodule.karpenter.data.aws_iam_policy_document.queue[0]: Read complete after 0s [id=4099633233][0m
[0m[1mmodule.karpenter.aws_cloudwatch_event_target.this["instance_rebalance"]: Creating...[0m[0m
[0m[1mmodule.karpenter.aws_cloudwatch_event_target.this["instance_state_change"]: Creating...[0m[0m
[0m[1mmodule.karpenter.data.aws_iam_policy_document.v033[0]: Reading...[0m[0m
[0m[1mmodule.karpenter.aws_cloudwatch_event_target.this["health_event"]: Creating...[0m[0m
[0m[1mmodule.karpenter.data.aws_iam_policy_document.v033[0]: Read complete after 0s [id=325528123][0m
[0m[1mmodule.karpenter.data.aws_iam_policy_document.v1[0]: Reading...[0m[0m
[0m[1mmodule.karpenter.data.aws_iam_policy_document.v1[0]: Read complete after 0s [id=3452318978][0m
[0m[1mmodule.karpenter.aws_cloudwatch_event_target.this["spot_interrupt"]: Creating...[0m[0m
[0m[1mmodule.karpenter.aws_cloudwatch_event_target.this["health_event"]: Creation complete after 0s [id=KarpenterHealthEvent-2026022417582887010000000b-KarpenterInterruptionQueueTarget][0m
[0m[1mmodule.karpenter.aws_sqs_queue_policy.this[0]: Creating...[0m[0m
[0m[1mmodule.karpenter.aws_cloudwatch_event_target.this["instance_rebalance"]: Creation complete after 0s [id=KarpenterInstanceRebalance-2026022417582887560000000e-KarpenterInterruptionQueueTarget][0m
[0m[1mmodule.karpenter.aws_cloudwatch_event_target.this["instance_state_change"]: Creation complete after 0s [id=KarpenterInstanceStateChange-2026022417582887060000000c-KarpenterInterruptionQueueTarget][0m
[0m[1mmodule.karpenter.data.aws_iam_policy_document.controller[0]: Reading...[0m[0m
[0m[1mmodule.karpenter.data.aws_iam_policy_document.controller[0]: Read complete after 0s [id=3452318978][0m
[0m[1mmodule.karpenter.aws_cloudwatch_event_target.this["spot_interrupt"]: Creation complete after 0s [id=KarpenterSpotInterrupt-2026022417582887080000000d-KarpenterInterruptionQueueTarget][0m
[0m[1mmodule.karpenter.aws_iam_policy.controller[0]: Creating...[0m[0m
[0m[1mmodule.karpenter.aws_iam_policy.controller[0]: Creation complete after 1s [id=arn:aws:iam::802019299867:policy/KarpenterController-20260224175855328000000012][0m
[0m[1mmodule.karpenter.aws_iam_role_policy_attachment.controller[0]: Creating...[0m[0m
[0m[1mmodule.karpenter.aws_iam_role_policy_attachment.controller[0]: Creation complete after 0s [id=KarpenterController-ai-gitops-gitops-test/arn:aws:iam::802019299867:policy/KarpenterController-20260224175855328000000012][0m
[0m[1maws_eks_capability.simple["ack"]: Still creating... [30s elapsed][0m[0m
[0m[1maws_eks_capability.simple["kro"]: Still creating... [30s elapsed][0m[0m
[0m[1mkubectl_manifest.karpenter_manifests[3]: Still creating... [30s elapsed][0m[0m
[0m[1mkubectl_manifest.karpenter_manifests[2]: Still creating... [30s elapsed][0m[0m
[0m[1mkubectl_manifest.karpenter_manifests[0]: Still creating... [30s elapsed][0m[0m
[0m[1mkubectl_manifest.karpenter_manifests[1]: Still creating... [30s elapsed][0m[0m
[0m[1mmodule.karpenter.aws_sqs_queue_policy.this[0]: Still creating... [10s elapsed][0m[0m
[0m[1maws_eks_capability.simple["ack"]: Still creating... [40s elapsed][0m[0m
[0m[1maws_eks_capability.simple["kro"]: Still creating... [40s elapsed][0m[0m
[0m[1mkubectl_manifest.karpenter_manifests[2]: Still creating... [40s elapsed][0m[0m
[0m[1mkubectl_manifest.karpenter_manifests[0]: Still creating... [40s elapsed][0m[0m
[0m[1mkubectl_manifest.karpenter_manifests[1]: Still creating... [40s elapsed][0m[0m
[0m[1mmodule.karpenter.aws_sqs_queue_policy.this[0]: Still creating... [20s elapsed][0m[0m
[0m[1maws_eks_capability.simple["kro"]: Creation complete after 48s[0m
[0m[1maws_eks_capability.simple["ack"]: Still creating... [50s elapsed][0m[0m
[0m[1mmodule.karpenter.aws_sqs_queue_policy.this[0]: Creation complete after 26s [id=https://sqs.eu-central-1.amazonaws.com/802019299867/Karpenter-ai-gitops-gitops-test][0m
[0m[1mmodule.karpenter.aws_eks_access_entry.node[0]: Creating...[0m[0m
[0m[1mmodule.karpenter.aws_eks_access_entry.node[0]: Creation complete after 0s [id=ai-gitops-gitops-test:arn:aws:iam::802019299867:role/KarpenterNode-ai-gitops-gitops-test][0m
[0m[1mhelm_release.karpenter[0]: Creating...[0m[0m
[0m[1maws_eks_capability.simple["ack"]: Still creating... [1m0s elapsed][0m[0m
[0m[1mhelm_release.karpenter[0]: Creation complete after 6s [id=karpenter][0m
[0m[1maws_eks_capability.simple["ack"]: Still creating... [1m10s elapsed][0m[0m
[0m[1maws_eks_capability.simple["ack"]: Still creating... [1m20s elapsed][0m[0m
[0m[1maws_eks_capability.simple["ack"]: Still creating... [1m30s elapsed][0m[0m
[0m[1maws_eks_capability.simple["ack"]: Still creating... [1m40s elapsed][0m[0m
[0m[1maws_eks_capability.simple["ack"]: Still creating... [1m50s elapsed][0m[0m
[0m[1maws_eks_capability.simple["ack"]: Creation complete after 1m50s[0m
[0m[1maws_eks_access_policy_association.kro_edit[0]: Creating...[0m[0m
[0m[1maws_eks_access_policy_association.kro_edit[0]: Creation complete after 0s [id=ai-gitops-gitops-test#arn:aws:iam::802019299867:role/ai-gitops-gitops-test-capability-kro#arn:aws:eks::aws:cluster-access-policy/AmazonEKSClusterAdminPolicy][0m
[33m╷[0m[0m
[33m│[0m [0m[1m[33mWarning: [0m[0m[1mValue for undeclared variable[0m
[33m│[0m [0m
[33m│[0m [0m[0mThe root module does not declare a variable named
[33m│[0m [0m"observability_configuration" but a value was found in file
[33m│[0m [0m"/Users/rdobrine/Work/PSA/LLMs-on-EKS-Initiative/ai-platform-gitops/terraform/00.global/vars/gitops-test.tfvars".
[33m│[0m [0mIf you meant to use this value, add a "variable" block to the
[33m│[0m [0mconfiguration.
[33m│[0m [0m
[33m│[0m [0mTo silence these warnings, use TF_VAR_... environment variables to provide
[33m│[0m [0mcertain "global" settings to all configurations in your organization. To
[33m│[0m [0mreduce the verbosity of these warnings, use the -compact-warnings option.
[33m╵[0m[0m
[33m╷[0m[0m
[33m│[0m [0m[1m[33mWarning: [0m[0m[1mValue for undeclared variable[0m
[33m│[0m [0m
[33m│[0m [0m[0mThe root module does not declare a variable named "vpc_cidr" but a value
[33m│[0m [0mwas found in file
[33m│[0m [0m"/Users/rdobrine/Work/PSA/LLMs-on-EKS-Initiative/ai-platform-gitops/terraform/00.global/vars/gitops-test.tfvars".
[33m│[0m [0mIf you meant to use this value, add a "variable" block to the
[33m│[0m [0mconfiguration.
[33m│[0m [0m
[33m│[0m [0mTo silence these warnings, use TF_VAR_... environment variables to provide
[33m│[0m [0mcertain "global" settings to all configurations in your organization. To
[33m│[0m [0mreduce the verbosity of these warnings, use the -compact-warnings option.
[33m╵[0m[0m
[33m╷[0m[0m
[33m│[0m [0m[1m[33mWarning: [0m[0m[1mDeprecated attribute[0m
[33m│[0m [0m
[33m│[0m [0m[0m  on .terraform/modules/ebs_csi_driver_irsa/modules/iam-role-for-service-accounts-eks/main.tf line 9, in locals:
[33m│[0m [0m   9:   region              = data.aws_region.current[4m.name[0m[0m
[33m│[0m [0m
[33m│[0m [0mThe attribute "name" is deprecated. Refer to the provider documentation for
[33m│[0m [0mdetails.
[33m│[0m [0m
[33m│[0m [0m(and 4 more similar warnings elsewhere)
[33m╵[0m[0m
[31m╷[0m[0m
[31m│[0m [0m[1m[31mError: [0m[0m[1mgpu-inference failed to create kubernetes rest client for update of resource: resource [karpenter.k8s.aws/v1/EC2NodeClass] isn't valid for cluster, check the APIVersion and Kind fields are valid[0m
[31m│[0m [0m
[31m│[0m [0m[0m  with kubectl_manifest.karpenter_manifests[2],
[31m│[0m [0m  on karpenter.tf line 120, in resource "kubectl_manifest" "karpenter_manifests":
[31m│[0m [0m 120: resource "kubectl_manifest" "karpenter_manifests" [4m{[0m[0m
[31m│[0m [0m
[31m╵[0m[0m
[31m╷[0m[0m
[31m│[0m [0m[1m[31mError: [0m[0m[1mdefault failed to create kubernetes rest client for update of resource: resource [karpenter.sh/v1/NodePool] isn't valid for cluster, check the APIVersion and Kind fields are valid[0m
[31m│[0m [0m
[31m│[0m [0m[0m  with kubectl_manifest.karpenter_manifests[0],
[31m│[0m [0m  on karpenter.tf line 120, in resource "kubectl_manifest" "karpenter_manifests":
[31m│[0m [0m 120: resource "kubectl_manifest" "karpenter_manifests" [4m{[0m[0m
[31m│[0m [0m
[31m╵[0m[0m
[31m╷[0m[0m
[31m│[0m [0m[1m[31mError: [0m[0m[1mdefault failed to create kubernetes rest client for update of resource: resource [karpenter.k8s.aws/v1/EC2NodeClass] isn't valid for cluster, check the APIVersion and Kind fields are valid[0m
[31m│[0m [0m
[31m│[0m [0m[0m  with kubectl_manifest.karpenter_manifests[1],
[31m│[0m [0m  on karpenter.tf line 120, in resource "kubectl_manifest" "karpenter_manifests":
[31m│[0m [0m 120: resource "kubectl_manifest" "karpenter_manifests" [4m{[0m[0m
[31m│[0m [0m
[31m╵[0m[0m
[31m╷[0m[0m
[31m│[0m [0m[1m[31mError: [0m[0m[1mgpu-inference failed to create kubernetes rest client for update of resource: resource [karpenter.sh/v1/NodePool] isn't valid for cluster, check the APIVersion and Kind fields are valid[0m
[31m│[0m [0m
[31m│[0m [0m[0m  with kubectl_manifest.karpenter_manifests[3],
[31m│[0m [0m  on karpenter.tf line 120, in resource "kubectl_manifest" "karpenter_manifests":
[31m│[0m [0m 120: resource "kubectl_manifest" "karpenter_manifests" [4m{[0m[0m
[31m│[0m [0m
[31m╵[0m[0m
[0m[1mmodule.ebs_csi_driver_irsa[0].data.aws_region.current: Reading...[0m[0m
[0m[1mdata.aws_caller_identity.current: Reading...[0m[0m
[0m[1mmodule.ebs_csi_driver_irsa[0].data.aws_partition.current: Reading...[0m[0m
[0m[1mmodule.eks.data.aws_partition.current[0]: Reading...[0m[0m
[0m[1mmodule.eks.data.aws_iam_policy_document.assume_role_policy[0]: Reading...[0m[0m
[0m[1mdata.aws_iam_policy_document.capability_trust[0]: Reading...[0m[0m
[0m[1mmodule.ebs_csi_driver_irsa[0].data.aws_region.current: Read complete after 0s [id=eu-central-1][0m
[0m[1mmodule.eks.module.kms.data.aws_partition.current[0]: Reading...[0m[0m
[0m[1mmodule.ebs_csi_driver_irsa[0].data.aws_caller_identity.current: Reading...[0m[0m
[0m[1mmodule.ebs_csi_driver_irsa[0].data.aws_partition.current: Read complete after 0s [id=aws][0m
[0m[1mmodule.eks.data.aws_caller_identity.current[0]: Reading...[0m[0m
[0m[1mdata.aws_iam_policy_document.capability_trust[0]: Read complete after 0s [id=3176798964][0m
[0m[1mmodule.eks.data.aws_partition.current[0]: Read complete after 0s [id=aws][0m
[0m[1mmodule.eks.module.kms.data.aws_caller_identity.current[0]: Reading...[0m[0m
[0m[1mmodule.eks.module.kms.data.aws_partition.current[0]: Read complete after 0s [id=aws][0m
[0m[1mmodule.eks.data.aws_iam_policy_document.assume_role_policy[0]: Read complete after 0s [id=2830595799][0m
[0m[1mmodule.eks.aws_cloudwatch_log_group.this[0]: Refreshing state... [id=/aws/eks/ai-gitops-gitops-test/cluster][0m
[0m[1mdata.aws_region.current: Reading...[0m[0m
[0m[1mdata.aws_region.current: Read complete after 0s [id=eu-central-1][0m
[0m[1maws_iam_role.capability["kro"]: Refreshing state... [id=ai-gitops-gitops-test-capability-kro][0m
[0m[1maws_iam_role.capability["ack"]: Refreshing state... [id=ai-gitops-gitops-test-capability-ack][0m
[0m[1mmodule.eks.aws_iam_role.this[0]: Refreshing state... [id=ai-gitops-gitops-test-cluster][0m
[0m[1mdata.aws_caller_identity.current: Read complete after 0s [id=802019299867][0m
[0m[1mdata.terraform_remote_state.vpc: Reading...[0m[0m
[0m[1mdata.aws_iam_session_context.current: Reading...[0m[0m
[0m[1mdata.aws_iam_session_context.current: Read complete after 0s [id=arn:aws:iam::802019299867:user/cli-user][0m
[0m[1mdata.terraform_remote_state.iam: Reading...[0m[0m
[0m[1mmodule.ebs_csi_driver_irsa[0].data.aws_caller_identity.current: Read complete after 0s [id=802019299867][0m
[0m[1mmodule.eks.data.aws_caller_identity.current[0]: Read complete after 0s [id=802019299867][0m
[0m[1mmodule.eks.data.aws_iam_session_context.current[0]: Reading...[0m[0m
[0m[1mmodule.eks.data.aws_iam_session_context.current[0]: Read complete after 0s [id=arn:aws:iam::802019299867:user/cli-user][0m
[0m[1mmodule.eks.module.kms.data.aws_caller_identity.current[0]: Read complete after 0s [id=802019299867][0m
[0m[1mdata.aws_ecrpublic_authorization_token.token: Reading...[0m[0m
[0m[1mdata.terraform_remote_state.iam: Read complete after 1s[0m
[0m[1mdata.terraform_remote_state.vpc: Read complete after 1s[0m
[0m[1mmodule.eks.module.eks_managed_node_group["ai-gitops-gitops-test-criticaladdons"].data.aws_iam_policy_document.assume_role_policy[0]: Reading...[0m[0m
[0m[1mmodule.eks.module.eks_managed_node_group["ai-gitops-gitops-test-criticaladdons"].data.aws_iam_policy_document.assume_role_policy[0]: Read complete after 0s [id=2560088296][0m
[0m[1mmodule.eks.module.eks_managed_node_group["ai-gitops-gitops-test-criticaladdons"].aws_iam_role.this[0]: Refreshing state... [id=ai-gitops-gitops-test-criticaladdons-eks-node-group][0m
[0m[1mmodule.eks.aws_iam_role_policy_attachment.this["AmazonEKSClusterPolicy"]: Refreshing state... [id=ai-gitops-gitops-test-cluster/arn:aws:iam::aws:policy/AmazonEKSClusterPolicy][0m
[0m[1mmodule.eks.module.kms.data.aws_iam_policy_document.this[0]: Reading...[0m[0m
[0m[1mmodule.eks.module.kms.data.aws_iam_policy_document.this[0]: Read complete after 0s [id=1260526180][0m
[0m[1mmodule.eks.module.kms.aws_kms_key.this[0]: Refreshing state... [id=4e53e223-1740-49d6-a169-4897e19c898b][0m
[0m[1mmodule.eks.module.kms.aws_kms_alias.this["cluster"]: Refreshing state... [id=alias/eks/ai-gitops-gitops-test][0m
[0m[1mmodule.eks.aws_iam_policy.cluster_encryption[0]: Refreshing state... [id=arn:aws:iam::802019299867:policy/ai-gitops-gitops-test-cluster-ClusterEncryption20260224174723468100000001][0m
[0m[1mmodule.eks.aws_eks_cluster.this[0]: Refreshing state... [id=ai-gitops-gitops-test][0m
[0m[1mdata.aws_ecrpublic_authorization_token.token: Read complete after 0s [id=us-east-1][0m
[0m[1mmodule.eks.module.eks_managed_node_group["ai-gitops-gitops-test-criticaladdons"].aws_iam_role_policy_attachment.additional["SSM"]: Refreshing state... [id=ai-gitops-gitops-test-criticaladdons-eks-node-group/arn:aws:iam::aws:policy/AmazonSSMManagedInstanceCore][0m
[0m[1mmodule.eks.module.eks_managed_node_group["ai-gitops-gitops-test-criticaladdons"].aws_iam_role_policy_attachment.this["AmazonEC2ContainerRegistryReadOnly"]: Refreshing state... [id=ai-gitops-gitops-test-criticaladdons-eks-node-group/arn:aws:iam::aws:policy/AmazonEC2ContainerRegistryReadOnly][0m
[0m[1mmodule.eks.module.eks_managed_node_group["ai-gitops-gitops-test-criticaladdons"].aws_iam_role_policy_attachment.this["AmazonEKS_CNI_Policy"]: Refreshing state... [id=ai-gitops-gitops-test-criticaladdons-eks-node-group/arn:aws:iam::aws:policy/AmazonEKS_CNI_Policy][0m
[0m[1mmodule.eks.module.eks_managed_node_group["ai-gitops-gitops-test-criticaladdons"].aws_iam_role_policy_attachment.this["AmazonEKSWorkerNodePolicy"]: Refreshing state... [id=ai-gitops-gitops-test-criticaladdons-eks-node-group/arn:aws:iam::aws:policy/AmazonEKSWorkerNodePolicy][0m
[0m[1mmodule.eks.aws_eks_access_entry.this["EKSAdmin"]: Refreshing state... [id=ai-gitops-gitops-test:arn:aws:iam::802019299867:role/ai-gitops-gitops-test-EKSAdmin][0m
[0m[1mmodule.eks.aws_eks_access_entry.this["EKSView"]: Refreshing state... [id=ai-gitops-gitops-test:arn:aws:iam::802019299867:role/ai-gitops-gitops-test-EKSView][0m
[0m[1mmodule.eks.aws_eks_access_entry.this["EKSClusterAdmin"]: Refreshing state... [id=ai-gitops-gitops-test:arn:aws:iam::802019299867:role/ai-gitops-gitops-test-EKSClusterAdmin][0m
[0m[1mmodule.eks.data.tls_certificate.this[0]: Reading...[0m[0m
[0m[1mmodule.eks.aws_eks_access_entry.this["cluster_creator"]: Refreshing state... [id=ai-gitops-gitops-test:arn:aws:iam::802019299867:user/cli-user][0m
[0m[1mmodule.eks.aws_eks_access_entry.this["EKSEdit"]: Refreshing state... [id=ai-gitops-gitops-test:arn:aws:iam::802019299867:role/ai-gitops-gitops-test-EKSEdit][0m
[0m[1mmodule.eks.aws_ec2_tag.cluster_primary_security_group["Environment"]: Refreshing state... [id=sg-0c78a2dc972e8a609,Environment][0m
[0m[1mmodule.eks.aws_ec2_tag.cluster_primary_security_group["provisioned-by"]: Refreshing state... [id=sg-0c78a2dc972e8a609,provisioned-by][0m
[0m[1mmodule.eks.aws_ec2_tag.cluster_primary_security_group["purpose"]: Refreshing state... [id=sg-0c78a2dc972e8a609,purpose][0m
[0m[1mmodule.eks.time_sleep.this[0]: Refreshing state... [id=2026-02-24T17:56:19Z][0m
[0m[1maws_ec2_tag.cluster_primary_security_group[0]: Refreshing state... [id=sg-0c78a2dc972e8a609,karpenter.sh/discovery][0m
[0m[1mmodule.eks.data.tls_certificate.this[0]: Read complete after 0s [id=38b12f081caa262d3c3b1b0f23fda4734317a14d][0m
[0m[1mmodule.eks.aws_iam_role_policy_attachment.cluster_encryption[0]: Refreshing state... [id=ai-gitops-gitops-test-cluster/arn:aws:iam::802019299867:policy/ai-gitops-gitops-test-cluster-ClusterEncryption20260224174723468100000001][0m
[0m[1mmodule.eks.aws_iam_openid_connect_provider.oidc_provider[0]: Refreshing state... [id=arn:aws:iam::802019299867:oidc-provider/oidc.eks.eu-central-1.amazonaws.com/id/66A63C2C96F7D32A3A15AD17B41DCCC2][0m
[0m[1mmodule.eks.module.eks_managed_node_group["ai-gitops-gitops-test-criticaladdons"].module.user_data.null_resource.validate_cluster_service_cidr: Refreshing state... [id=7189296757144527084][0m
[0m[1mmodule.eks.module.eks_managed_node_group["ai-gitops-gitops-test-criticaladdons"].data.aws_ssm_parameter.ami[0]: Reading...[0m[0m
[0m[1mmodule.eks.module.eks_managed_node_group["ai-gitops-gitops-test-criticaladdons"].aws_launch_template.this[0]: Refreshing state... [id=lt-05e6f78f61593666e][0m
[0m[1mmodule.eks.aws_eks_access_policy_association.this["cluster_creator_admin"]: Refreshing state... [id=ai-gitops-gitops-test#arn:aws:iam::802019299867:user/cli-user#arn:aws:eks::aws:cluster-access-policy/AmazonEKSClusterAdminPolicy][0m
[0m[1mmodule.eks.aws_eks_access_policy_association.this["EKSEdit_single"]: Refreshing state... [id=ai-gitops-gitops-test#arn:aws:iam::802019299867:role/ai-gitops-gitops-test-EKSEdit#arn:aws:eks::aws:cluster-access-policy/AmazonEKSEditPolicy][0m
[0m[1mmodule.eks.aws_eks_access_policy_association.this["EKSClusterAdmin_single"]: Refreshing state... [id=ai-gitops-gitops-test#arn:aws:iam::802019299867:role/ai-gitops-gitops-test-EKSClusterAdmin#arn:aws:eks::aws:cluster-access-policy/AmazonEKSClusterAdminPolicy][0m
[0m[1mmodule.eks.aws_eks_access_policy_association.this["EKSAdmin_single"]: Refreshing state... [id=ai-gitops-gitops-test#arn:aws:iam::802019299867:role/ai-gitops-gitops-test-EKSAdmin#arn:aws:eks::aws:cluster-access-policy/AmazonEKSAdminPolicy][0m
[0m[1mmodule.eks.aws_eks_access_policy_association.this["EKSView_single"]: Refreshing state... [id=ai-gitops-gitops-test#arn:aws:iam::802019299867:role/ai-gitops-gitops-test-EKSView#arn:aws:eks::aws:cluster-access-policy/AmazonEKSViewPolicy][0m
[0m[1mmodule.ebs_csi_driver_irsa[0].data.aws_iam_policy_document.this[0]: Reading...[0m[0m
[0m[1mmodule.ebs_csi_driver_irsa[0].data.aws_iam_policy_document.this[0]: Read complete after 0s [id=2915234183][0m
[0m[1mmodule.ebs_csi_driver_irsa[0].aws_iam_role.this[0]: Refreshing state... [id=ai-gitops-gitops-test-ebs-csi][0m
[0m[1mmodule.eks.module.eks_managed_node_group["ai-gitops-gitops-test-criticaladdons"].data.aws_ssm_parameter.ami[0]: Read complete after 0s [id=/aws/service/eks/optimized-ami/1.35/amazon-linux-2023/arm64/standard/recommended/release_version][0m
[0m[1mmodule.eks.module.eks_managed_node_group["ai-gitops-gitops-test-criticaladdons"].aws_eks_node_group.this[0]: Refreshing state... [id=ai-gitops-gitops-test:ai-gitops-gitops-test-criticaladdons-20260224175626238000000006][0m
[0m[1mdata.kubectl_path_documents.karpenter_manifests_dummy[0]: Reading...[0m[0m
[0m[1mdata.kubectl_path_documents.karpenter_manifests_dummy[0]: Read complete after 0s [id=6f9bd90b0f83a49344299094e58678647b2644cbed778621e735b75f8a6ba2d9][0m
[0m[1mmodule.ebs_csi_driver_irsa[0].aws_iam_role_policy_attachment.this["policy"]: Refreshing state... [id=ai-gitops-gitops-test-ebs-csi/arn:aws:iam::aws:policy/service-role/AmazonEBSCSIDriverPolicy][0m
[0m[1mmodule.eks.data.aws_eks_addon_version.this["aws-ebs-csi-driver"]: Reading...[0m[0m
[0m[1mmodule.eks.data.aws_eks_addon_version.this["vpc-cni"]: Reading...[0m[0m
[0m[1mmodule.eks.data.aws_eks_addon_version.this["coredns"]: Reading...[0m[0m
[0m[1mmodule.eks.data.aws_eks_addon_version.this["kube-proxy"]: Reading...[0m[0m
[0m[1mmodule.eks.data.aws_eks_addon_version.this["eks-pod-identity-agent"]: Reading...[0m[0m
[0m[1mmodule.eks.data.aws_eks_addon_version.this["eks-pod-identity-agent"]: Read complete after 0s [id=eks-pod-identity-agent][0m
[0m[1mmodule.eks.data.aws_eks_addon_version.this["kube-proxy"]: Read complete after 0s [id=kube-proxy][0m
[0m[1mmodule.eks.data.aws_eks_addon_version.this["coredns"]: Read complete after 0s [id=coredns][0m
[0m[1mmodule.eks.data.aws_eks_addon_version.this["vpc-cni"]: Read complete after 0s [id=vpc-cni][0m
[0m[1mmodule.eks.data.aws_eks_addon_version.this["aws-ebs-csi-driver"]: Read complete after 0s [id=aws-ebs-csi-driver][0m
[0m[1mmodule.eks.aws_eks_addon.before_compute["kube-proxy"]: Refreshing state... [id=ai-gitops-gitops-test:kube-proxy][0m
[0m[1mmodule.eks.aws_eks_addon.before_compute["vpc-cni"]: Refreshing state... [id=ai-gitops-gitops-test:vpc-cni][0m
[0m[1mmodule.eks.aws_eks_addon.this["coredns"]: Refreshing state... [id=ai-gitops-gitops-test:coredns][0m
[0m[1mmodule.eks.aws_eks_addon.this["eks-pod-identity-agent"]: Refreshing state... [id=ai-gitops-gitops-test:eks-pod-identity-agent][0m
[0m[1mmodule.eks.aws_eks_addon.this["aws-ebs-csi-driver"]: Refreshing state... [id=ai-gitops-gitops-test:aws-ebs-csi-driver][0m
[0m[1mnull_resource.update_kubeconfig: Refreshing state... [id=7549704703153483096][0m
[0m[1mmodule.karpenter.data.aws_caller_identity.current: Reading...[0m[0m
[0m[1mmodule.karpenter.data.aws_region.current: Reading...[0m[0m
[0m[1mmodule.karpenter.data.aws_partition.current: Reading...[0m[0m
[0m[1mmodule.karpenter.aws_cloudwatch_event_rule.this["instance_state_change"]: Refreshing state... [id=KarpenterInstanceStateChange-2026022417582887060000000c][0m
[0m[1mmodule.karpenter.data.aws_iam_policy_document.controller_assume_role[0]: Reading...[0m[0m
[0m[1mmodule.karpenter.data.aws_region.current: Read complete after 1s [id=eu-central-1][0m
[0m[1mmodule.karpenter.aws_cloudwatch_event_rule.this["instance_rebalance"]: Refreshing state... [id=KarpenterInstanceRebalance-2026022417582887560000000e][0m
[0m[1mmodule.karpenter.aws_cloudwatch_event_rule.this["health_event"]: Refreshing state... [id=KarpenterHealthEvent-2026022417582887010000000b][0m
[0m[1mmodule.karpenter.data.aws_partition.current: Read complete after 1s [id=aws][0m
[0m[1mmodule.karpenter.aws_cloudwatch_event_rule.this["spot_interrupt"]: Refreshing state... [id=KarpenterSpotInterrupt-2026022417582887080000000d][0m
[0m[1mkubernetes_storage_class_v1.gp3[0]: Refreshing state... [id=gp3][0m
[0m[1mmodule.karpenter.data.aws_iam_policy_document.controller_assume_role[0]: Read complete after 0s [id=819195744][0m
[0m[1maws_eks_capability.simple["ack"]: Refreshing state...[0m
[0m[1maws_eks_capability.simple["kro"]: Refreshing state...[0m
[0m[1mkubernetes_annotations.gp2[0]: Refreshing state... [id=apiVersion=storage.k8s.io/v1,kind=StorageClass,name=gp2][0m
[0m[1mmodule.karpenter.aws_sqs_queue.this[0]: Refreshing state... [id=https://sqs.eu-central-1.amazonaws.com/802019299867/Karpenter-ai-gitops-gitops-test][0m
[0m[1mmodule.karpenter.data.aws_caller_identity.current: Read complete after 1s [id=802019299867][0m
[0m[1mmodule.karpenter.aws_iam_role.controller[0]: Refreshing state... [id=KarpenterController-ai-gitops-gitops-test][0m
[0m[1mmodule.karpenter.data.aws_iam_policy_document.node_assume_role[0]: Reading...[0m[0m
[0m[1mmodule.karpenter.data.aws_iam_policy_document.node_assume_role[0]: Read complete after 0s [id=2560088296][0m
[0m[1mmodule.karpenter.aws_iam_role.node[0]: Refreshing state... [id=KarpenterNode-ai-gitops-gitops-test][0m
[0m[1mmodule.karpenter.aws_cloudwatch_event_target.this["instance_rebalance"]: Refreshing state... [id=KarpenterInstanceRebalance-2026022417582887560000000e-KarpenterInterruptionQueueTarget][0m
[0m[1mmodule.karpenter.aws_cloudwatch_event_target.this["instance_state_change"]: Refreshing state... [id=KarpenterInstanceStateChange-2026022417582887060000000c-KarpenterInterruptionQueueTarget][0m
[0m[1mmodule.karpenter.aws_cloudwatch_event_target.this["spot_interrupt"]: Refreshing state... [id=KarpenterSpotInterrupt-2026022417582887080000000d-KarpenterInterruptionQueueTarget][0m
[0m[1mmodule.karpenter.aws_cloudwatch_event_target.this["health_event"]: Refreshing state... [id=KarpenterHealthEvent-2026022417582887010000000b-KarpenterInterruptionQueueTarget][0m
[0m[1mmodule.karpenter.data.aws_iam_policy_document.queue[0]: Reading...[0m[0m
[0m[1mmodule.karpenter.data.aws_iam_policy_document.queue[0]: Read complete after 0s [id=4099633233][0m
[0m[1mmodule.karpenter.aws_sqs_queue_policy.this[0]: Refreshing state... [id=https://sqs.eu-central-1.amazonaws.com/802019299867/Karpenter-ai-gitops-gitops-test][0m
[0m[1maws_eks_access_policy_association.kro_edit[0]: Refreshing state... [id=ai-gitops-gitops-test#arn:aws:iam::802019299867:role/ai-gitops-gitops-test-capability-kro#arn:aws:eks::aws:cluster-access-policy/AmazonEKSClusterAdminPolicy][0m
[0m[1mmodule.karpenter.aws_eks_pod_identity_association.karpenter[0]: Refreshing state... [id=a-cl4jav55w1tybn99e][0m
[0m[1mmodule.karpenter.aws_iam_role_policy_attachment.node["AmazonEKSWorkerNodePolicy"]: Refreshing state... [id=KarpenterNode-ai-gitops-gitops-test/arn:aws:iam::aws:policy/AmazonEKSWorkerNodePolicy][0m
[0m[1mmodule.karpenter.aws_iam_role_policy_attachment.node["AmazonEC2ContainerRegistryReadOnly"]: Refreshing state... [id=KarpenterNode-ai-gitops-gitops-test/arn:aws:iam::aws:policy/AmazonEC2ContainerRegistryReadOnly][0m
[0m[1mmodule.karpenter.aws_iam_role_policy_attachment.node["AmazonEKS_CNI_Policy"]: Refreshing state... [id=KarpenterNode-ai-gitops-gitops-test/arn:aws:iam::aws:policy/AmazonEKS_CNI_Policy][0m
[0m[1mmodule.karpenter.aws_eks_access_entry.node[0]: Refreshing state... [id=ai-gitops-gitops-test:arn:aws:iam::802019299867:role/KarpenterNode-ai-gitops-gitops-test][0m
[0m[1mmodule.karpenter.data.aws_iam_policy_document.v1[0]: Reading...[0m[0m
[0m[1mmodule.karpenter.data.aws_iam_policy_document.v033[0]: Reading...[0m[0m
[0m[1mmodule.karpenter.data.aws_iam_policy_document.v033[0]: Read complete after 0s [id=325528123][0m
[0m[1mmodule.karpenter.data.aws_iam_policy_document.v1[0]: Read complete after 0s [id=3452318978][0m
[0m[1mmodule.karpenter.aws_iam_role_policy_attachment.node_additional["AmazonSSMManagedInstanceCore"]: Refreshing state... [id=KarpenterNode-ai-gitops-gitops-test/arn:aws:iam::aws:policy/AmazonSSMManagedInstanceCore][0m
[0m[1mdata.kubectl_path_documents.karpenter_manifests[0]: Reading...[0m[0m
[0m[1mmodule.karpenter.data.aws_iam_policy_document.controller[0]: Reading...[0m[0m
[0m[1mmodule.karpenter.data.aws_iam_policy_document.controller[0]: Read complete after 0s [id=3452318978][0m
[0m[1mdata.kubectl_path_documents.karpenter_manifests[0]: Read complete after 0s [id=a0fdcdeb479f841e6eca61354a55acd9cfbb5c71c81817b20ba4c33e059d653f][0m
[0m[1mmodule.karpenter.aws_iam_policy.controller[0]: Refreshing state... [id=arn:aws:iam::802019299867:policy/KarpenterController-20260224175855328000000012][0m
[0m[1mmodule.karpenter.aws_iam_role_policy_attachment.controller[0]: Refreshing state... [id=KarpenterController-ai-gitops-gitops-test/arn:aws:iam::802019299867:policy/KarpenterController-20260224175855328000000012][0m
[0m[1mhelm_release.karpenter[0]: Refreshing state... [id=karpenter][0m

Terraform used the selected providers to generate the following execution
plan. Resource actions are indicated with the following symbols:
  [32m+[0m create[0m
  [33m~[0m update in-place[0m

Terraform will perform the following actions:

[1m  # helm_release.karpenter[0][0m will be updated in-place
[0m  [33m~[0m[0m resource "helm_release" "karpenter" {
        id                         = "karpenter"
        name                       = "karpenter"
      [33m~[0m[0m repository_password        = (sensitive value)
        [90m# (29 unchanged attributes hidden)[0m[0m
    }

[1m  # kubectl_manifest.karpenter_manifests[0][0m will be created
[0m  [32m+[0m[0m resource "kubectl_manifest" "karpenter_manifests" {
      [32m+[0m[0m api_version             = "karpenter.sh/v1"
      [32m+[0m[0m apply_only              = false
      [32m+[0m[0m field_manager           = "kubectl"
      [32m+[0m[0m force_conflicts         = false
      [32m+[0m[0m force_new               = false
      [32m+[0m[0m id                      = (known after apply)
      [32m+[0m[0m kind                    = "NodePool"
      [32m+[0m[0m live_manifest_incluster = (sensitive value)
      [32m+[0m[0m live_uid                = (known after apply)
      [32m+[0m[0m name                    = "default"
      [32m+[0m[0m namespace               = (known after apply)
      [32m+[0m[0m server_side_apply       = false
      [32m+[0m[0m uid                     = (known after apply)
      [32m+[0m[0m validate_schema         = true
      [32m+[0m[0m wait_for_rollout        = true
      [32m+[0m[0m yaml_body               = (sensitive value)
      [32m+[0m[0m yaml_body_parsed        = <<-EOT
            apiVersion: karpenter.sh/v1
            kind: NodePool
            metadata:
              name: default
            spec:
              disruption:
                budgets:
                - nodes: 10%
                consolidateAfter: 5m
                consolidationPolicy: WhenEmptyOrUnderutilized
              template:
                spec:
                  nodeClassRef:
                    group: karpenter.k8s.aws
                    kind: EC2NodeClass
                    name: default
                  requirements:
                  - key: kubernetes.io/arch
                    operator: In
                    values:
                    - amd64
                  - key: kubernetes.io/os
                    operator: In
                    values:
                    - linux
                  - key: karpenter.sh/capacity-type
                    operator: In
                    values:
                    - on-demand
                  - key: karpenter.k8s.aws/instance-category
                    operator: In
                    values:
                    - c
                    - m
                    - r
                  - key: karpenter.k8s.aws/instance-generation
                    operator: Gt
                    values:
                    - "4"
                  - key: karpenter.k8s.aws/instance-size
                    operator: NotIn
                    values:
                    - nano
                    - micro
                    - small
                    - medium
        EOT
      [32m+[0m[0m yaml_incluster          = (sensitive value)
    }

[1m  # kubectl_manifest.karpenter_manifests[1][0m will be created
[0m  [32m+[0m[0m resource "kubectl_manifest" "karpenter_manifests" {
      [32m+[0m[0m api_version             = "karpenter.k8s.aws/v1"
      [32m+[0m[0m apply_only              = false
      [32m+[0m[0m field_manager           = "kubectl"
      [32m+[0m[0m force_conflicts         = false
      [32m+[0m[0m force_new               = false
      [32m+[0m[0m id                      = (known after apply)
      [32m+[0m[0m kind                    = "EC2NodeClass"
      [32m+[0m[0m live_manifest_incluster = (sensitive value)
      [32m+[0m[0m live_uid                = (known after apply)
      [32m+[0m[0m name                    = "default"
      [32m+[0m[0m namespace               = (known after apply)
      [32m+[0m[0m server_side_apply       = false
      [32m+[0m[0m uid                     = (known after apply)
      [32m+[0m[0m validate_schema         = true
      [32m+[0m[0m wait_for_rollout        = true
      [32m+[0m[0m yaml_body               = (sensitive value)
      [32m+[0m[0m yaml_body_parsed        = <<-EOT
            apiVersion: karpenter.k8s.aws/v1
            kind: EC2NodeClass
            metadata:
              name: default
            spec:
              amiSelectorTerms:
              - alias: al2023@latest
              blockDeviceMappings:
              - deviceName: /dev/xvda
                ebs:
                  deleteOnTermination: true
                  encrypted: true
                  volumeSize: 100Gi
                  volumeType: gp3
              instanceStorePolicy: RAID0
              role: KarpenterNode-ai-gitops-gitops-test
              securityGroupSelectorTerms:
              - tags:
                  Environment: gitops-test
                  karpenter.sh/discovery: ai-gitops-gitops-test
              subnetSelectorTerms:
              - tags:
                  Environment: gitops-test
                  Name: ai-gitops-gitops-test-private-*
                  karpenter.sh/discovery: ai-gitops-gitops-test
              tags:
                Environment: gitops-test
                karpenter.sh/discovery: ai-gitops-gitops-test
                provisioned-by: aws-solutions-library-samples/guidance-for-automated-provisioning-of-application-ready-amazon-eks-clusters
        EOT
      [32m+[0m[0m yaml_incluster          = (sensitive value)
    }

[1m  # kubectl_manifest.karpenter_manifests[2][0m will be created
[0m  [32m+[0m[0m resource "kubectl_manifest" "karpenter_manifests" {
      [32m+[0m[0m api_version             = "karpenter.k8s.aws/v1"
      [32m+[0m[0m apply_only              = false
      [32m+[0m[0m field_manager           = "kubectl"
      [32m+[0m[0m force_conflicts         = false
      [32m+[0m[0m force_new               = false
      [32m+[0m[0m id                      = (known after apply)
      [32m+[0m[0m kind                    = "EC2NodeClass"
      [32m+[0m[0m live_manifest_incluster = (sensitive value)
      [32m+[0m[0m live_uid                = (known after apply)
      [32m+[0m[0m name                    = "gpu-inference"
      [32m+[0m[0m namespace               = (known after apply)
      [32m+[0m[0m server_side_apply       = false
      [32m+[0m[0m uid                     = (known after apply)
      [32m+[0m[0m validate_schema         = true
      [32m+[0m[0m wait_for_rollout        = true
      [32m+[0m[0m yaml_body               = (sensitive value)
      [32m+[0m[0m yaml_body_parsed        = <<-EOT
            apiVersion: karpenter.k8s.aws/v1
            kind: EC2NodeClass
            metadata:
              name: gpu-inference
            spec:
              amiSelectorTerms:
              - alias: al2023@latest
              blockDeviceMappings:
              - deviceName: /dev/xvda
                ebs:
                  encrypted: true
                  iops: 6000
                  throughput: 500
                  volumeSize: 200Gi
                  volumeType: gp3
              role: KarpenterNode-ai-gitops-gitops-test
              securityGroupSelectorTerms:
              - tags:
                  Environment: gitops-test
                  karpenter.sh/discovery: ai-gitops-gitops-test
              subnetSelectorTerms:
              - tags:
                  Environment: gitops-test
                  Name: ai-gitops-gitops-test-private-*
                  karpenter.sh/discovery: ai-gitops-gitops-test
              tags:
                Environment: gitops-test
                karpenter.sh/discovery: ai-gitops-gitops-test
                workload-type: gpu-inference
        EOT
      [32m+[0m[0m yaml_incluster          = (sensitive value)
    }

[1m  # kubectl_manifest.karpenter_manifests[3][0m will be created
[0m  [32m+[0m[0m resource "kubectl_manifest" "karpenter_manifests" {
      [32m+[0m[0m api_version             = "karpenter.sh/v1"
      [32m+[0m[0m apply_only              = false
      [32m+[0m[0m field_manager           = "kubectl"
      [32m+[0m[0m force_conflicts         = false
      [32m+[0m[0m force_new               = false
      [32m+[0m[0m id                      = (known after apply)
      [32m+[0m[0m kind                    = "NodePool"
      [32m+[0m[0m live_manifest_incluster = (sensitive value)
      [32m+[0m[0m live_uid                = (known after apply)
      [32m+[0m[0m name                    = "gpu-inference"
      [32m+[0m[0m namespace               = (known after apply)
      [32m+[0m[0m server_side_apply       = false
      [32m+[0m[0m uid                     = (known after apply)
      [32m+[0m[0m validate_schema         = true
      [32m+[0m[0m wait_for_rollout        = true
      [32m+[0m[0m yaml_body               = (sensitive value)
      [32m+[0m[0m yaml_body_parsed        = <<-EOT
            apiVersion: karpenter.sh/v1
            kind: NodePool
            metadata:
              name: gpu-inference
            spec:
              disruption:
                budgets:
                - nodes: "1"
                consolidateAfter: 300s
                consolidationPolicy: WhenEmpty
              limits:
                nvidia.com/gpu: "16"
              template:
                metadata:
                  labels:
                    workload-type: gpu-inference
                spec:
                  nodeClassRef:
                    group: karpenter.k8s.aws
                    kind: EC2NodeClass
                    name: gpu-inference
                  requirements:
                  - key: kubernetes.io/arch
                    operator: In
                    values:
                    - amd64
                  - key: kubernetes.io/os
                    operator: In
                    values:
                    - linux
                  - key: karpenter.sh/capacity-type
                    operator: In
                    values:
                    - on-demand
                  - key: karpenter.k8s.aws/instance-family
                    operator: In
                    values:
                    - g5
                    - g5e
                    - g6
                    - g6e
                    - g7
                    - g7e
                  - key: karpenter.k8s.aws/instance-size
                    operator: In
                    values:
                    - xlarge
                    - 2xlarge
                    - 4xlarge
                    - 8xlarge
                    - 12xlarge
                    - 16xlarge
                    - 24xlarge
                    - 48xlarge
                  taints:
                  - effect: NoSchedule
                    key: nvidia.com/gpu
              weight: 50
        EOT
      [32m+[0m[0m yaml_incluster          = (sensitive value)
    }

[1mPlan:[0m 4 to add, 1 to change, 0 to destroy.
[0m[0m[1mhelm_release.karpenter[0]: Modifying... [id=karpenter][0m[0m
[0m[1mhelm_release.karpenter[0]: Modifications complete after 9s [id=karpenter][0m
[0m[1mkubectl_manifest.karpenter_manifests[2]: Creating...[0m[0m
[0m[1mkubectl_manifest.karpenter_manifests[0]: Creating...[0m[0m
[0m[1mkubectl_manifest.karpenter_manifests[1]: Creating...[0m[0m
[0m[1mkubectl_manifest.karpenter_manifests[3]: Creating...[0m[0m
[0m[1mkubectl_manifest.karpenter_manifests[0]: Creation complete after 1s [id=/apis/karpenter.sh/v1/nodepools/default][0m
[0m[1mkubectl_manifest.karpenter_manifests[1]: Creation complete after 1s [id=/apis/karpenter.k8s.aws/v1/ec2nodeclasses/default][0m
[0m[1mkubectl_manifest.karpenter_manifests[2]: Creation complete after 2s [id=/apis/karpenter.k8s.aws/v1/ec2nodeclasses/gpu-inference][0m
[0m[1mkubectl_manifest.karpenter_manifests[3]: Creation complete after 2s [id=/apis/karpenter.sh/v1/nodepools/gpu-inference][0m

[1m[33mWarnings:[0m

[0m- Value for undeclared variable
- Value for undeclared variable
- Deprecated attribute
  on .terraform/modules/ebs_csi_driver_irsa/modules/iam-role-for-service-accounts-eks/main.tf line 9 (and 3 more)

To see the full warning notes, run Terraform without -compact-warnings.
[0m[1m[32m
Apply complete! Resources: 4 added, 1 changed, 0 destroyed.
[0m[0m[1m[32m
Outputs:

[0mcluster_certificate_authority_data = "LS0tLS1CRUdJTiBDRVJUSUZJQ0FURS0tLS0tCk1JSURCVENDQWUyZ0F3SUJBZ0lJRk5xa1gwdEFRd0V3RFFZSktvWklodmNOQVFFTEJRQXdGVEVUTUJFR0ExVUUKQXhNS2EzVmlaWEp1WlhSbGN6QWVGdzB5TmpBeU1qUXhOelEzTXpSYUZ3MHpOakF5TWpJeE56VXlNelJhTUJVeApFekFSQmdOVkJBTVRDbXQxWW1WeWJtVjBaWE13Z2dFaU1BMEdDU3FHU0liM0RRRUJBUVVBQTRJQkR3QXdnZ0VLCkFvSUJBUURTM1l2NzNOT3FrQnRER1ZKTUxRaStwTmJLaFplbG9QajMxMDRmbFdsYVBOZnZPaDUvQS9iSThiTWUKZEt6U0REbGZneEFFZ21nMHFQNU1kc1d1QVdPcE5sQnkzbU51YUVHS08zQnhHWm1Lei9BUC9xLzlsZXBaL0FyRwpJK3I5RVpJNTZMTEpUVXMveklRb0V6S1lEZlluWjl0eUQyNnk1bTNkZ08yQ05pQUdtMU4xZXV3VmFkTjRaRWVwCmlpSmhEMVV2NjlVdERKN3RFOGxWWkRCZUpQSm1WNzRoMVhkL0Y1TDQ2bHlIelVmOW9aRkZMVXFnaCt5MHdpRWMKZlRvUCtDOVlIWE9aOVlDU2RXSDRVb0Y3WWJ6VTR1RG1qZThhcDVYR00yT1BtYmpESm9teEZDNjFqaTJEM3BGdgpta29nT1hOTndDUTRsWWdBMVFTeUdxdFVGM1NmQWdNQkFBR2pXVEJYTUE0R0ExVWREd0VCL3dRRUF3SUNwREFQCkJnTlZIUk1CQWY4RUJUQURBUUgvTUIwR0ExVWREZ1FXQkJSME43aUdXbWdxWUt6dGY3VU1USGp6TUdOTmlUQVYKQmdOVkhSRUVEakFNZ2dwcmRXSmxjbTVsZEdWek1BMEdDU3FHU0liM0RRRUJDd1VBQTRJQkFRQitEdkFjRFM3cgpFZTRtb0VibzR1K0RmVHNlNkFrY2tWSmtCQ1l4Y2wzT2FiVDBUT3kxeTBOZVBNQjJGeDFSVWYzUmxjbTRoZ284CkNiVDQ2UlBZVnVmaTJFZWNEcm9HNUFGa0s0dWhuL1prOU8ya0F1SGh1bG9pTHZCelBoVkFkekNQY0pwV2NxRVYKNE54eU9YaFlhOUNuODB2eFdPUytFTnNSMEVmQW0vMmdMVTNsVjhOejYzY0wveDI4MFNVY0NHTVJ2L0RPMk1LYQozUGh5MlF1VTYvMWZOZWVDODEweGJCK0NuWmE1VTI5YzMxL3lDS0VZanBKNXBlV3BNd20rbVlrc3VuMkZJdkVzCnJpci9GVER4cFZ2MjJTaTJEcVpZcmdOdFBTTDFvOU82SFpwdDFiakdUUmtERXpMc1hxcDllU0JSRzVqZ2ZoUlYKUU1mRklCNXNUVlpMCi0tLS0tRU5EIENFUlRJRklDQVRFLS0tLS0K"
cluster_endpoint = "https://66A63C2C96F7D32A3A15AD17B41DCCC2.gr7.eu-central-1.eks.amazonaws.com"
cluster_name = "ai-gitops-gitops-test"
configure_kubectl = <<EOT
export KUBECONFIG="/tmp/ai-gitops-gitops-test"
aws eks --region eu-central-1 update-kubeconfig --name ai-gitops-gitops-test

EOT
control_plane_subnet_ids = [
  "subnet-0ebef846e7cd17006",
  "subnet-05dada338c3fd0e5f",
  "subnet-068cd5ae13150e6b5",
]
kubernetes_version = "1.35"
oidc_provider_arn = "arn:aws:iam::802019299867:oidc-provider/oidc.eks.eu-central-1.amazonaws.com/id/66A63C2C96F7D32A3A15AD17B41DCCC2"
[0m[1mmodule.eks.module.kms.data.aws_partition.current[0]: Reading...[0m[0m
[0m[1mmodule.ebs_csi_driver_irsa[0].data.aws_caller_identity.current: Reading...[0m[0m
[0m[1mmodule.eks.data.aws_partition.current[0]: Reading...[0m[0m
[0m[1mmodule.eks.module.kms.data.aws_caller_identity.current[0]: Reading...[0m[0m
[0m[1mmodule.ebs_csi_driver_irsa[0].data.aws_partition.current: Reading...[0m[0m
[0m[1mmodule.ebs_csi_driver_irsa[0].data.aws_region.current: Reading...[0m[0m
[0m[1mdata.aws_caller_identity.current: Reading...[0m[0m
[0m[1mdata.aws_region.current: Reading...[0m[0m
[0m[1mmodule.eks.module.kms.data.aws_partition.current[0]: Read complete after 0s [id=aws][0m
[0m[1mdata.aws_region.current: Read complete after 0s [id=eu-central-1][0m
[0m[1mmodule.ebs_csi_driver_irsa[0].data.aws_region.current: Read complete after 0s [id=eu-central-1][0m
[0m[1mdata.aws_iam_policy_document.capability_trust[0]: Reading...[0m[0m
[0m[1mmodule.ebs_csi_driver_irsa[0].data.aws_partition.current: Read complete after 0s [id=aws][0m
[0m[1mmodule.eks.data.aws_partition.current[0]: Read complete after 0s [id=aws][0m
[0m[1mmodule.eks.data.aws_iam_policy_document.assume_role_policy[0]: Reading...[0m[0m
[0m[1mmodule.eks.data.aws_caller_identity.current[0]: Reading...[0m[0m
[0m[1mdata.aws_iam_policy_document.capability_trust[0]: Read complete after 0s [id=3176798964][0m
[0m[1mmodule.eks.data.aws_iam_policy_document.assume_role_policy[0]: Read complete after 0s [id=2830595799][0m
[0m[1mmodule.eks.aws_cloudwatch_log_group.this[0]: Refreshing state... [id=/aws/eks/ai-gitops-gitops-test/cluster][0m
[0m[1mmodule.eks.aws_iam_role.this[0]: Refreshing state... [id=ai-gitops-gitops-test-cluster][0m
[0m[1maws_iam_role.capability["ack"]: Refreshing state... [id=ai-gitops-gitops-test-capability-ack][0m
[0m[1maws_iam_role.capability["kro"]: Refreshing state... [id=ai-gitops-gitops-test-capability-kro][0m
[0m[1mmodule.eks.module.kms.data.aws_caller_identity.current[0]: Read complete after 0s [id=802019299867][0m
[0m[1mmodule.ebs_csi_driver_irsa[0].data.aws_caller_identity.current: Read complete after 0s [id=802019299867][0m
[0m[1mdata.aws_caller_identity.current: Read complete after 0s [id=802019299867][0m
[0m[1mdata.terraform_remote_state.vpc: Reading...[0m[0m
[0m[1mdata.terraform_remote_state.iam: Reading...[0m[0m
[0m[1mdata.aws_iam_session_context.current: Reading...[0m[0m
[0m[1mdata.aws_iam_session_context.current: Read complete after 0s [id=arn:aws:iam::802019299867:user/cli-user][0m
[0m[1mmodule.eks.data.aws_caller_identity.current[0]: Read complete after 0s [id=802019299867][0m
[0m[1mmodule.eks.data.aws_iam_session_context.current[0]: Reading...[0m[0m
[0m[1mmodule.eks.data.aws_iam_session_context.current[0]: Read complete after 0s [id=arn:aws:iam::802019299867:user/cli-user][0m
[0m[1mdata.aws_ecrpublic_authorization_token.token: Reading...[0m[0m
[0m[1mdata.aws_ecrpublic_authorization_token.token: Read complete after 1s [id=us-east-1][0m
[0m[1mmodule.eks.aws_iam_role_policy_attachment.this["AmazonEKSClusterPolicy"]: Refreshing state... [id=ai-gitops-gitops-test-cluster/arn:aws:iam::aws:policy/AmazonEKSClusterPolicy][0m
[0m[1mmodule.eks.module.kms.data.aws_iam_policy_document.this[0]: Reading...[0m[0m
[0m[1mmodule.eks.module.kms.data.aws_iam_policy_document.this[0]: Read complete after 0s [id=1260526180][0m
[0m[1mmodule.eks.module.kms.aws_kms_key.this[0]: Refreshing state... [id=4e53e223-1740-49d6-a169-4897e19c898b][0m
[0m[1mdata.terraform_remote_state.iam: Read complete after 1s[0m
[0m[1mdata.terraform_remote_state.vpc: Read complete after 1s[0m
[0m[1mmodule.eks.module.eks_managed_node_group["ai-gitops-gitops-test-criticaladdons"].data.aws_iam_policy_document.assume_role_policy[0]: Reading...[0m[0m
[0m[1mmodule.eks.module.eks_managed_node_group["ai-gitops-gitops-test-criticaladdons"].data.aws_iam_policy_document.assume_role_policy[0]: Read complete after 0s [id=2560088296][0m
[0m[1mmodule.eks.module.eks_managed_node_group["ai-gitops-gitops-test-criticaladdons"].aws_iam_role.this[0]: Refreshing state... [id=ai-gitops-gitops-test-criticaladdons-eks-node-group][0m
[0m[1mmodule.eks.module.kms.aws_kms_alias.this["cluster"]: Refreshing state... [id=alias/eks/ai-gitops-gitops-test][0m
[0m[1mmodule.eks.aws_iam_policy.cluster_encryption[0]: Refreshing state... [id=arn:aws:iam::802019299867:policy/ai-gitops-gitops-test-cluster-ClusterEncryption20260224174723468100000001][0m
[0m[1mmodule.eks.aws_eks_cluster.this[0]: Refreshing state... [id=ai-gitops-gitops-test][0m
[0m[1mmodule.eks.module.eks_managed_node_group["ai-gitops-gitops-test-criticaladdons"].aws_iam_role_policy_attachment.additional["SSM"]: Refreshing state... [id=ai-gitops-gitops-test-criticaladdons-eks-node-group/arn:aws:iam::aws:policy/AmazonSSMManagedInstanceCore][0m
[0m[1mmodule.eks.module.eks_managed_node_group["ai-gitops-gitops-test-criticaladdons"].aws_iam_role_policy_attachment.this["AmazonEC2ContainerRegistryReadOnly"]: Refreshing state... [id=ai-gitops-gitops-test-criticaladdons-eks-node-group/arn:aws:iam::aws:policy/AmazonEC2ContainerRegistryReadOnly][0m
[0m[1mmodule.eks.module.eks_managed_node_group["ai-gitops-gitops-test-criticaladdons"].aws_iam_role_policy_attachment.this["AmazonEKS_CNI_Policy"]: Refreshing state... [id=ai-gitops-gitops-test-criticaladdons-eks-node-group/arn:aws:iam::aws:policy/AmazonEKS_CNI_Policy][0m
[0m[1mmodule.eks.module.eks_managed_node_group["ai-gitops-gitops-test-criticaladdons"].aws_iam_role_policy_attachment.this["AmazonEKSWorkerNodePolicy"]: Refreshing state... [id=ai-gitops-gitops-test-criticaladdons-eks-node-group/arn:aws:iam::aws:policy/AmazonEKSWorkerNodePolicy][0m
[0m[1mmodule.eks.aws_eks_access_entry.this["EKSAdmin"]: Refreshing state... [id=ai-gitops-gitops-test:arn:aws:iam::802019299867:role/ai-gitops-gitops-test-EKSAdmin][0m
[0m[1mmodule.eks.aws_eks_access_entry.this["EKSView"]: Refreshing state... [id=ai-gitops-gitops-test:arn:aws:iam::802019299867:role/ai-gitops-gitops-test-EKSView][0m
[0m[1mmodule.eks.data.tls_certificate.this[0]: Reading...[0m[0m
[0m[1mmodule.eks.aws_eks_access_entry.this["EKSClusterAdmin"]: Refreshing state... [id=ai-gitops-gitops-test:arn:aws:iam::802019299867:role/ai-gitops-gitops-test-EKSClusterAdmin][0m
[0m[1mmodule.eks.aws_eks_access_entry.this["cluster_creator"]: Refreshing state... [id=ai-gitops-gitops-test:arn:aws:iam::802019299867:user/cli-user][0m
[0m[1mmodule.eks.aws_eks_access_entry.this["EKSEdit"]: Refreshing state... [id=ai-gitops-gitops-test:arn:aws:iam::802019299867:role/ai-gitops-gitops-test-EKSEdit][0m
[0m[1mmodule.eks.data.tls_certificate.this[0]: Read complete after 0s [id=38b12f081caa262d3c3b1b0f23fda4734317a14d][0m
[0m[1mmodule.eks.aws_ec2_tag.cluster_primary_security_group["purpose"]: Refreshing state... [id=sg-0c78a2dc972e8a609,purpose][0m
[0m[1mmodule.eks.aws_ec2_tag.cluster_primary_security_group["provisioned-by"]: Refreshing state... [id=sg-0c78a2dc972e8a609,provisioned-by][0m
[0m[1mmodule.eks.aws_ec2_tag.cluster_primary_security_group["Environment"]: Refreshing state... [id=sg-0c78a2dc972e8a609,Environment][0m
[0m[1mmodule.eks.time_sleep.this[0]: Refreshing state... [id=2026-02-24T17:56:19Z][0m
[0m[1maws_ec2_tag.cluster_primary_security_group[0]: Refreshing state... [id=sg-0c78a2dc972e8a609,karpenter.sh/discovery][0m
[0m[1mmodule.eks.aws_iam_role_policy_attachment.cluster_encryption[0]: Refreshing state... [id=ai-gitops-gitops-test-cluster/arn:aws:iam::802019299867:policy/ai-gitops-gitops-test-cluster-ClusterEncryption20260224174723468100000001][0m
[0m[1mmodule.eks.aws_iam_openid_connect_provider.oidc_provider[0]: Refreshing state... [id=arn:aws:iam::802019299867:oidc-provider/oidc.eks.eu-central-1.amazonaws.com/id/66A63C2C96F7D32A3A15AD17B41DCCC2][0m
[0m[1mmodule.eks.module.eks_managed_node_group["ai-gitops-gitops-test-criticaladdons"].module.user_data.null_resource.validate_cluster_service_cidr: Refreshing state... [id=7189296757144527084][0m
[0m[1mmodule.eks.module.eks_managed_node_group["ai-gitops-gitops-test-criticaladdons"].data.aws_ssm_parameter.ami[0]: Reading...[0m[0m
[0m[1mmodule.eks.module.eks_managed_node_group["ai-gitops-gitops-test-criticaladdons"].aws_launch_template.this[0]: Refreshing state... [id=lt-05e6f78f61593666e][0m
[0m[1mmodule.eks.aws_eks_access_policy_association.this["EKSClusterAdmin_single"]: Refreshing state... [id=ai-gitops-gitops-test#arn:aws:iam::802019299867:role/ai-gitops-gitops-test-EKSClusterAdmin#arn:aws:eks::aws:cluster-access-policy/AmazonEKSClusterAdminPolicy][0m
[0m[1mmodule.eks.aws_eks_access_policy_association.this["EKSView_single"]: Refreshing state... [id=ai-gitops-gitops-test#arn:aws:iam::802019299867:role/ai-gitops-gitops-test-EKSView#arn:aws:eks::aws:cluster-access-policy/AmazonEKSViewPolicy][0m
[0m[1mmodule.eks.aws_eks_access_policy_association.this["EKSEdit_single"]: Refreshing state... [id=ai-gitops-gitops-test#arn:aws:iam::802019299867:role/ai-gitops-gitops-test-EKSEdit#arn:aws:eks::aws:cluster-access-policy/AmazonEKSEditPolicy][0m
[0m[1mmodule.eks.aws_eks_access_policy_association.this["cluster_creator_admin"]: Refreshing state... [id=ai-gitops-gitops-test#arn:aws:iam::802019299867:user/cli-user#arn:aws:eks::aws:cluster-access-policy/AmazonEKSClusterAdminPolicy][0m
[0m[1mmodule.eks.aws_eks_access_policy_association.this["EKSAdmin_single"]: Refreshing state... [id=ai-gitops-gitops-test#arn:aws:iam::802019299867:role/ai-gitops-gitops-test-EKSAdmin#arn:aws:eks::aws:cluster-access-policy/AmazonEKSAdminPolicy][0m
[0m[1mmodule.ebs_csi_driver_irsa[0].data.aws_iam_policy_document.this[0]: Reading...[0m[0m
[0m[1mmodule.ebs_csi_driver_irsa[0].data.aws_iam_policy_document.this[0]: Read complete after 0s [id=2915234183][0m
[0m[1mmodule.ebs_csi_driver_irsa[0].aws_iam_role.this[0]: Refreshing state... [id=ai-gitops-gitops-test-ebs-csi][0m
[0m[1mmodule.eks.module.eks_managed_node_group["ai-gitops-gitops-test-criticaladdons"].data.aws_ssm_parameter.ami[0]: Read complete after 0s [id=/aws/service/eks/optimized-ami/1.35/amazon-linux-2023/arm64/standard/recommended/release_version][0m
[0m[1mmodule.eks.module.eks_managed_node_group["ai-gitops-gitops-test-criticaladdons"].aws_eks_node_group.this[0]: Refreshing state... [id=ai-gitops-gitops-test:ai-gitops-gitops-test-criticaladdons-20260224175626238000000006][0m
[0m[1mdata.kubectl_path_documents.karpenter_manifests_dummy[0]: Reading...[0m[0m
[0m[1mdata.kubectl_path_documents.karpenter_manifests_dummy[0]: Read complete after 0s [id=6f9bd90b0f83a49344299094e58678647b2644cbed778621e735b75f8a6ba2d9][0m
[0m[1mmodule.ebs_csi_driver_irsa[0].aws_iam_role_policy_attachment.this["policy"]: Refreshing state... [id=ai-gitops-gitops-test-ebs-csi/arn:aws:iam::aws:policy/service-role/AmazonEBSCSIDriverPolicy][0m
[0m[1mmodule.eks.data.aws_eks_addon_version.this["kube-proxy"]: Reading...[0m[0m
[0m[1mmodule.eks.data.aws_eks_addon_version.this["vpc-cni"]: Reading...[0m[0m
[0m[1mmodule.eks.data.aws_eks_addon_version.this["coredns"]: Reading...[0m[0m
[0m[1mmodule.eks.data.aws_eks_addon_version.this["eks-pod-identity-agent"]: Reading...[0m[0m
[0m[1mmodule.eks.data.aws_eks_addon_version.this["aws-ebs-csi-driver"]: Reading...[0m[0m
[0m[1mmodule.eks.data.aws_eks_addon_version.this["eks-pod-identity-agent"]: Read complete after 0s [id=eks-pod-identity-agent][0m
[0m[1mmodule.eks.data.aws_eks_addon_version.this["coredns"]: Read complete after 0s [id=coredns][0m
[0m[1mmodule.eks.data.aws_eks_addon_version.this["aws-ebs-csi-driver"]: Read complete after 0s [id=aws-ebs-csi-driver][0m
[0m[1mmodule.eks.data.aws_eks_addon_version.this["vpc-cni"]: Read complete after 0s [id=vpc-cni][0m
[0m[1mmodule.eks.data.aws_eks_addon_version.this["kube-proxy"]: Read complete after 0s [id=kube-proxy][0m
[0m[1mmodule.eks.aws_eks_addon.before_compute["vpc-cni"]: Refreshing state... [id=ai-gitops-gitops-test:vpc-cni][0m
[0m[1mmodule.eks.aws_eks_addon.before_compute["kube-proxy"]: Refreshing state... [id=ai-gitops-gitops-test:kube-proxy][0m
[0m[1mmodule.eks.aws_eks_addon.this["eks-pod-identity-agent"]: Refreshing state... [id=ai-gitops-gitops-test:eks-pod-identity-agent][0m
[0m[1mmodule.eks.aws_eks_addon.this["coredns"]: Refreshing state... [id=ai-gitops-gitops-test:coredns][0m
[0m[1mmodule.eks.aws_eks_addon.this["aws-ebs-csi-driver"]: Refreshing state... [id=ai-gitops-gitops-test:aws-ebs-csi-driver][0m
[0m[1mmodule.karpenter.data.aws_caller_identity.current: Reading...[0m[0m
[0m[1mmodule.karpenter.data.aws_partition.current: Reading...[0m[0m
[0m[1mmodule.karpenter.data.aws_partition.current: Read complete after 0s [id=aws][0m
[0m[1mnull_resource.update_kubeconfig: Refreshing state... [id=7549704703153483096][0m
[0m[1mmodule.karpenter.data.aws_region.current: Reading...[0m[0m
[0m[1maws_eks_capability.simple["ack"]: Refreshing state...[0m
[0m[1mmodule.karpenter.data.aws_region.current: Read complete after 0s [id=eu-central-1][0m
[0m[1maws_eks_capability.simple["kro"]: Refreshing state...[0m
[0m[1mmodule.karpenter.data.aws_iam_policy_document.controller_assume_role[0]: Reading...[0m[0m
[0m[1mkubernetes_annotations.gp2[0]: Refreshing state... [id=apiVersion=storage.k8s.io/v1,kind=StorageClass,name=gp2][0m
[0m[1mkubernetes_storage_class_v1.gp3[0]: Refreshing state... [id=gp3][0m
[0m[1mmodule.karpenter.aws_cloudwatch_event_rule.this["spot_interrupt"]: Refreshing state... [id=KarpenterSpotInterrupt-2026022417582887080000000d][0m
[0m[1mmodule.karpenter.data.aws_iam_policy_document.controller_assume_role[0]: Read complete after 0s [id=819195744][0m
[0m[1mmodule.karpenter.aws_cloudwatch_event_rule.this["health_event"]: Refreshing state... [id=KarpenterHealthEvent-2026022417582887010000000b][0m
[0m[1mmodule.karpenter.aws_cloudwatch_event_rule.this["instance_rebalance"]: Refreshing state... [id=KarpenterInstanceRebalance-2026022417582887560000000e][0m
[0m[1mmodule.karpenter.data.aws_iam_policy_document.node_assume_role[0]: Reading...[0m[0m
[0m[1mmodule.karpenter.data.aws_iam_policy_document.node_assume_role[0]: Read complete after 0s [id=2560088296][0m
[0m[1mmodule.karpenter.aws_cloudwatch_event_rule.this["instance_state_change"]: Refreshing state... [id=KarpenterInstanceStateChange-2026022417582887060000000c][0m
[0m[1mmodule.karpenter.aws_sqs_queue.this[0]: Refreshing state... [id=https://sqs.eu-central-1.amazonaws.com/802019299867/Karpenter-ai-gitops-gitops-test][0m
[0m[1mmodule.karpenter.data.aws_caller_identity.current: Read complete after 0s [id=802019299867][0m
[0m[1mmodule.karpenter.aws_iam_role.controller[0]: Refreshing state... [id=KarpenterController-ai-gitops-gitops-test][0m
[0m[1mmodule.karpenter.aws_iam_role.node[0]: Refreshing state... [id=KarpenterNode-ai-gitops-gitops-test][0m
[0m[1mmodule.karpenter.data.aws_iam_policy_document.queue[0]: Reading...[0m[0m
[0m[1mmodule.karpenter.data.aws_iam_policy_document.queue[0]: Read complete after 0s [id=4099633233][0m
[0m[1mmodule.karpenter.aws_sqs_queue_policy.this[0]: Refreshing state... [id=https://sqs.eu-central-1.amazonaws.com/802019299867/Karpenter-ai-gitops-gitops-test][0m
[0m[1mmodule.karpenter.aws_cloudwatch_event_target.this["spot_interrupt"]: Refreshing state... [id=KarpenterSpotInterrupt-2026022417582887080000000d-KarpenterInterruptionQueueTarget][0m
[0m[1mmodule.karpenter.aws_cloudwatch_event_target.this["health_event"]: Refreshing state... [id=KarpenterHealthEvent-2026022417582887010000000b-KarpenterInterruptionQueueTarget][0m
[0m[1mmodule.karpenter.aws_cloudwatch_event_target.this["instance_rebalance"]: Refreshing state... [id=KarpenterInstanceRebalance-2026022417582887560000000e-KarpenterInterruptionQueueTarget][0m
[0m[1mmodule.karpenter.aws_cloudwatch_event_target.this["instance_state_change"]: Refreshing state... [id=KarpenterInstanceStateChange-2026022417582887060000000c-KarpenterInterruptionQueueTarget][0m
[0m[1mmodule.karpenter.aws_eks_pod_identity_association.karpenter[0]: Refreshing state... [id=a-cl4jav55w1tybn99e][0m
[0m[1maws_eks_access_policy_association.kro_edit[0]: Refreshing state... [id=ai-gitops-gitops-test#arn:aws:iam::802019299867:role/ai-gitops-gitops-test-capability-kro#arn:aws:eks::aws:cluster-access-policy/AmazonEKSClusterAdminPolicy][0m
[0m[1mmodule.karpenter.aws_iam_role_policy_attachment.node_additional["AmazonSSMManagedInstanceCore"]: Refreshing state... [id=KarpenterNode-ai-gitops-gitops-test/arn:aws:iam::aws:policy/AmazonSSMManagedInstanceCore][0m
[0m[1mmodule.karpenter.aws_eks_access_entry.node[0]: Refreshing state... [id=ai-gitops-gitops-test:arn:aws:iam::802019299867:role/KarpenterNode-ai-gitops-gitops-test][0m
[0m[1mmodule.karpenter.aws_iam_role_policy_attachment.node["AmazonEC2ContainerRegistryReadOnly"]: Refreshing state... [id=KarpenterNode-ai-gitops-gitops-test/arn:aws:iam::aws:policy/AmazonEC2ContainerRegistryReadOnly][0m
[0m[1mmodule.karpenter.aws_iam_role_policy_attachment.node["AmazonEKS_CNI_Policy"]: Refreshing state... [id=KarpenterNode-ai-gitops-gitops-test/arn:aws:iam::aws:policy/AmazonEKS_CNI_Policy][0m
[0m[1mmodule.karpenter.aws_iam_role_policy_attachment.node["AmazonEKSWorkerNodePolicy"]: Refreshing state... [id=KarpenterNode-ai-gitops-gitops-test/arn:aws:iam::aws:policy/AmazonEKSWorkerNodePolicy][0m
[0m[1mmodule.karpenter.data.aws_iam_policy_document.v1[0]: Reading...[0m[0m
[0m[1mmodule.karpenter.data.aws_iam_policy_document.v1[0]: Read complete after 0s [id=3452318978][0m
[0m[1mmodule.karpenter.data.aws_iam_policy_document.v033[0]: Reading...[0m[0m
[0m[1mmodule.karpenter.data.aws_iam_policy_document.v033[0]: Read complete after 0s [id=325528123][0m
[0m[1mdata.kubectl_path_documents.karpenter_manifests[0]: Reading...[0m[0m
[0m[1mdata.kubectl_path_documents.karpenter_manifests[0]: Read complete after 0s [id=a0fdcdeb479f841e6eca61354a55acd9cfbb5c71c81817b20ba4c33e059d653f][0m
[0m[1mmodule.karpenter.data.aws_iam_policy_document.controller[0]: Reading...[0m[0m
[0m[1mmodule.karpenter.data.aws_iam_policy_document.controller[0]: Read complete after 0s [id=3452318978][0m
[0m[1mmodule.karpenter.aws_iam_policy.controller[0]: Refreshing state... [id=arn:aws:iam::802019299867:policy/KarpenterController-20260224175855328000000012][0m
[0m[1mmodule.karpenter.aws_iam_role_policy_attachment.controller[0]: Refreshing state... [id=KarpenterController-ai-gitops-gitops-test/arn:aws:iam::802019299867:policy/KarpenterController-20260224175855328000000012][0m
[0m[1mhelm_release.karpenter[0]: Refreshing state... [id=karpenter][0m
[0m[1mkubectl_manifest.karpenter_manifests[2]: Refreshing state... [id=/apis/karpenter.k8s.aws/v1/ec2nodeclasses/gpu-inference][0m
[0m[1mkubectl_manifest.karpenter_manifests[1]: Refreshing state... [id=/apis/karpenter.k8s.aws/v1/ec2nodeclasses/default][0m
[0m[1mkubectl_manifest.karpenter_manifests[0]: Refreshing state... [id=/apis/karpenter.sh/v1/nodepools/default][0m
[0m[1mkubectl_manifest.karpenter_manifests[3]: Refreshing state... [id=/apis/karpenter.sh/v1/nodepools/gpu-inference][0m

Terraform used the selected providers to generate the following execution
plan. Resource actions are indicated with the following symbols:
  [32m+[0m create[0m
  [33m~[0m update in-place[0m

Terraform will perform the following actions:

[1m  # aws_eks_capability.argocd[0][0m will be created
[0m  [32m+[0m[0m resource "aws_eks_capability" "argocd" {
      [32m+[0m[0m arn                       = (known after apply)
      [32m+[0m[0m capability_name           = "argocd"
      [32m+[0m[0m cluster_name              = "ai-gitops-gitops-test"
      [32m+[0m[0m delete_propagation_policy = "RETAIN"
      [32m+[0m[0m region                    = "eu-central-1"
      [32m+[0m[0m role_arn                  = (known after apply)
      [32m+[0m[0m tags                      = {
          [32m+[0m[0m "Environment"    = "gitops-test"
          [32m+[0m[0m "provisioned-by" = "aws-solutions-library-samples/guidance-for-automated-provisioning-of-application-ready-amazon-eks-clusters"
          [32m+[0m[0m "purpose"        = "ai-platform-validation"
        }
      [32m+[0m[0m tags_all                  = {
          [32m+[0m[0m "Environment"    = "gitops-test"
          [32m+[0m[0m "provisioned-by" = "aws-solutions-library-samples/guidance-for-automated-provisioning-of-application-ready-amazon-eks-clusters"
          [32m+[0m[0m "purpose"        = "ai-platform-validation"
        }
      [32m+[0m[0m type                      = "ARGOCD"
      [32m+[0m[0m version                   = (known after apply)

      [32m+[0m[0m configuration {
          [32m+[0m[0m argo_cd {
              [32m+[0m[0m namespace  = "argocd"
              [32m+[0m[0m server_url = (known after apply)

              [32m+[0m[0m aws_idc {
                  [32m+[0m[0m idc_instance_arn            = "arn:aws:sso:::instance/ssoins-7907801c96b8bc54"
                  [32m+[0m[0m idc_managed_application_arn = (known after apply)
                  [32m+[0m[0m idc_region                  = "us-west-2"
                }

              [32m+[0m[0m rbac_role_mapping {
                  [32m+[0m[0m role = "ADMIN"

                  [32m+[0m[0m identity {
                      [32m+[0m[0m id   = "a821e380-f011-7015-52ed-7842df600c7d"
                      [32m+[0m[0m type = "SSO_USER"
                    }
                }
            }
        }
    }

[1m  # aws_iam_role.capability["argocd"][0m will be created
[0m  [32m+[0m[0m resource "aws_iam_role" "capability" {
      [32m+[0m[0m arn                   = (known after apply)
      [32m+[0m[0m assume_role_policy    = jsonencode(
            {
              [32m+[0m[0m Statement = [
                  [32m+[0m[0m {
                      [32m+[0m[0m Action    = [
                          [32m+[0m[0m "sts:TagSession",
                          [32m+[0m[0m "sts:AssumeRole",
                        ]
                      [32m+[0m[0m Effect    = "Allow"
                      [32m+[0m[0m Principal = {
                          [32m+[0m[0m Service = "capabilities.eks.amazonaws.com"
                        }
                    },
                ]
              [32m+[0m[0m Version   = "2012-10-17"
            }
        )
      [32m+[0m[0m create_date           = (known after apply)
      [32m+[0m[0m force_detach_policies = false
      [32m+[0m[0m id                    = (known after apply)
      [32m+[0m[0m managed_policy_arns   = (known after apply)
      [32m+[0m[0m max_session_duration  = 3600
      [32m+[0m[0m name                  = "ai-gitops-gitops-test-capability-argocd"
      [32m+[0m[0m name_prefix           = (known after apply)
      [32m+[0m[0m path                  = "/"
      [32m+[0m[0m tags                  = {
          [32m+[0m[0m "Environment"    = "gitops-test"
          [32m+[0m[0m "provisioned-by" = "aws-solutions-library-samples/guidance-for-automated-provisioning-of-application-ready-amazon-eks-clusters"
          [32m+[0m[0m "purpose"        = "ai-platform-validation"
        }
      [32m+[0m[0m tags_all              = {
          [32m+[0m[0m "Environment"    = "gitops-test"
          [32m+[0m[0m "provisioned-by" = "aws-solutions-library-samples/guidance-for-automated-provisioning-of-application-ready-amazon-eks-clusters"
          [32m+[0m[0m "purpose"        = "ai-platform-validation"
        }
      [32m+[0m[0m unique_id             = (known after apply)
    }

[1m  # helm_release.karpenter[0][0m will be updated in-place
[0m  [33m~[0m[0m resource "helm_release" "karpenter" {
        id                         = "karpenter"
        name                       = "karpenter"
      [33m~[0m[0m repository_password        = (sensitive value)
        [90m# (29 unchanged attributes hidden)[0m[0m
    }

[1mPlan:[0m 2 to add, 1 to change, 0 to destroy.
[0m[0m[1maws_iam_role.capability["argocd"]: Creating...[0m[0m
[0m[1maws_iam_role.capability["argocd"]: Creation complete after 1s [id=ai-gitops-gitops-test-capability-argocd][0m
[0m[1maws_eks_capability.argocd[0]: Creating...[0m[0m
[0m[1mhelm_release.karpenter[0]: Modifying... [id=karpenter][0m[0m
[0m[1mhelm_release.karpenter[0]: Modifications complete after 8s [id=karpenter][0m
[33m╷[0m[0m
[33m│[0m [0m[1m[33mWarning: [0m[0m[1mValue for undeclared variable[0m
[33m│[0m [0m
[33m│[0m [0m[0mThe root module does not declare a variable named
[33m│[0m [0m"observability_configuration" but a value was found in file
[33m│[0m [0m"/Users/rdobrine/Work/PSA/LLMs-on-EKS-Initiative/ai-platform-gitops/terraform/00.global/vars/gitops-test.tfvars".
[33m│[0m [0mIf you meant to use this value, add a "variable" block to the
[33m│[0m [0mconfiguration.
[33m│[0m [0m
[33m│[0m [0mTo silence these warnings, use TF_VAR_... environment variables to provide
[33m│[0m [0mcertain "global" settings to all configurations in your organization. To
[33m│[0m [0mreduce the verbosity of these warnings, use the -compact-warnings option.
[33m╵[0m[0m
[33m╷[0m[0m
[33m│[0m [0m[1m[33mWarning: [0m[0m[1mValue for undeclared variable[0m
[33m│[0m [0m
[33m│[0m [0m[0mThe root module does not declare a variable named "vpc_cidr" but a value
[33m│[0m [0mwas found in file
[33m│[0m [0m"/Users/rdobrine/Work/PSA/LLMs-on-EKS-Initiative/ai-platform-gitops/terraform/00.global/vars/gitops-test.tfvars".
[33m│[0m [0mIf you meant to use this value, add a "variable" block to the
[33m│[0m [0mconfiguration.
[33m│[0m [0m
[33m│[0m [0mTo silence these warnings, use TF_VAR_... environment variables to provide
[33m│[0m [0mcertain "global" settings to all configurations in your organization. To
[33m│[0m [0mreduce the verbosity of these warnings, use the -compact-warnings option.
[33m╵[0m[0m
[33m╷[0m[0m
[33m│[0m [0m[1m[33mWarning: [0m[0m[1mDeprecated attribute[0m
[33m│[0m [0m
[33m│[0m [0m[0m  on .terraform/modules/ebs_csi_driver_irsa/modules/iam-role-for-service-accounts-eks/main.tf line 9, in locals:
[33m│[0m [0m   9:   region              = data.aws_region.current[4m.name[0m[0m
[33m│[0m [0m
[33m│[0m [0mThe attribute "name" is deprecated. Refer to the provider documentation for
[33m│[0m [0mdetails.
[33m│[0m [0m
[33m│[0m [0m(and 3 more similar warnings elsewhere)
[33m╵[0m[0m
[31m╷[0m[0m
[31m│[0m [0m[1m[31mError: [0m[0m[1mcreating EKS Capability (ai-gitops-gitops-test,argocd)[0m
[31m│[0m [0m
[31m│[0m [0m[0m  with aws_eks_capability.argocd[0],
[31m│[0m [0m  on capabilities.tf line 38, in resource "aws_eks_capability" "argocd":
[31m│[0m [0m  38: resource "aws_eks_capability" "argocd" [4m{[0m[0m
[31m│[0m [0m
[31m│[0m [0moperation error EKS: CreateCapability, https response error StatusCode:
[31m│[0m [0m400, RequestID: 86c2b0b8-f308-4845-a2a2-7833fccb0f6c,
[31m│[0m [0mInvalidParameterException: The trust policy for the provided role is
[31m│[0m [0minvalid. The policy must include sts:AssumeRole and sts:TagSession actions
[31m│[0m [0mgranting access to the AWS service capabilities.eks.amazonaws.com
[31m╵[0m[0m
[0m[1mdata.aws_region.current: Reading...[0m[0m
[0m[1mdata.aws_caller_identity.current: Reading...[0m[0m
[0m[1mmodule.ebs_csi_driver_irsa[0].data.aws_caller_identity.current: Reading...[0m[0m
[0m[1mmodule.ebs_csi_driver_irsa[0].data.aws_region.current: Reading...[0m[0m
[0m[1mmodule.eks.data.aws_caller_identity.current[0]: Reading...[0m[0m
[0m[1mdata.aws_region.current: Read complete after 0s [id=eu-central-1][0m
[0m[1mmodule.eks.module.kms.data.aws_partition.current[0]: Reading...[0m[0m
[0m[1mmodule.ebs_csi_driver_irsa[0].data.aws_region.current: Read complete after 0s [id=eu-central-1][0m
[0m[1mmodule.ebs_csi_driver_irsa[0].data.aws_partition.current: Reading...[0m[0m
[0m[1mmodule.eks.aws_cloudwatch_log_group.this[0]: Refreshing state... [id=/aws/eks/ai-gitops-gitops-test/cluster][0m
[0m[1mmodule.eks.data.aws_iam_policy_document.assume_role_policy[0]: Reading...[0m[0m
[0m[1mmodule.ebs_csi_driver_irsa[0].data.aws_partition.current: Read complete after 0s [id=aws][0m
[0m[1mmodule.eks.data.aws_iam_policy_document.assume_role_policy[0]: Read complete after 0s [id=2830595799][0m
[0m[1mmodule.eks.data.aws_partition.current[0]: Reading...[0m[0m
[0m[1mmodule.eks.module.kms.data.aws_caller_identity.current[0]: Reading...[0m[0m
[0m[1mmodule.eks.module.kms.data.aws_partition.current[0]: Read complete after 0s [id=aws][0m
[0m[1mmodule.eks.data.aws_partition.current[0]: Read complete after 0s [id=aws][0m
[0m[1mdata.aws_iam_policy_document.capability_trust[0]: Reading...[0m[0m
[0m[1mdata.aws_iam_policy_document.capability_trust[0]: Read complete after 0s [id=3176798964][0m
[0m[1mmodule.eks.aws_iam_role.this[0]: Refreshing state... [id=ai-gitops-gitops-test-cluster][0m
[0m[1maws_iam_role.capability["argocd"]: Refreshing state... [id=ai-gitops-gitops-test-capability-argocd][0m
[0m[1maws_iam_role.capability["ack"]: Refreshing state... [id=ai-gitops-gitops-test-capability-ack][0m
[0m[1maws_iam_role.capability["kro"]: Refreshing state... [id=ai-gitops-gitops-test-capability-kro][0m
[0m[1mmodule.ebs_csi_driver_irsa[0].data.aws_caller_identity.current: Read complete after 0s [id=802019299867][0m
[0m[1mdata.aws_caller_identity.current: Read complete after 0s [id=802019299867][0m
[0m[1mdata.terraform_remote_state.vpc: Reading...[0m[0m
[0m[1mdata.aws_iam_session_context.current: Reading...[0m[0m
[0m[1mdata.aws_iam_session_context.current: Read complete after 0s [id=arn:aws:iam::802019299867:user/cli-user][0m
[0m[1mdata.terraform_remote_state.iam: Reading...[0m[0m
[0m[1mmodule.eks.data.aws_caller_identity.current[0]: Read complete after 0s [id=802019299867][0m
[0m[1mmodule.eks.data.aws_iam_session_context.current[0]: Reading...[0m[0m
[0m[1mmodule.eks.data.aws_iam_session_context.current[0]: Read complete after 0s [id=arn:aws:iam::802019299867:user/cli-user][0m
[0m[1mmodule.eks.module.kms.data.aws_caller_identity.current[0]: Read complete after 0s [id=802019299867][0m
[0m[1mdata.aws_ecrpublic_authorization_token.token: Reading...[0m[0m
[0m[1mmodule.eks.aws_iam_role_policy_attachment.this["AmazonEKSClusterPolicy"]: Refreshing state... [id=ai-gitops-gitops-test-cluster/arn:aws:iam::aws:policy/AmazonEKSClusterPolicy][0m
[0m[1mmodule.eks.module.kms.data.aws_iam_policy_document.this[0]: Reading...[0m[0m
[0m[1mmodule.eks.module.kms.data.aws_iam_policy_document.this[0]: Read complete after 0s [id=1260526180][0m
[0m[1mmodule.eks.module.kms.aws_kms_key.this[0]: Refreshing state... [id=4e53e223-1740-49d6-a169-4897e19c898b][0m
[0m[1mdata.terraform_remote_state.iam: Read complete after 1s[0m
[0m[1mdata.terraform_remote_state.vpc: Read complete after 1s[0m
[0m[1mmodule.eks.module.eks_managed_node_group["ai-gitops-gitops-test-criticaladdons"].data.aws_iam_policy_document.assume_role_policy[0]: Reading...[0m[0m
[0m[1mmodule.eks.module.eks_managed_node_group["ai-gitops-gitops-test-criticaladdons"].data.aws_iam_policy_document.assume_role_policy[0]: Read complete after 0s [id=2560088296][0m
[0m[1mmodule.eks.module.eks_managed_node_group["ai-gitops-gitops-test-criticaladdons"].aws_iam_role.this[0]: Refreshing state... [id=ai-gitops-gitops-test-criticaladdons-eks-node-group][0m
[0m[1mdata.aws_ecrpublic_authorization_token.token: Read complete after 1s [id=us-east-1][0m
[0m[1mmodule.eks.module.kms.aws_kms_alias.this["cluster"]: Refreshing state... [id=alias/eks/ai-gitops-gitops-test][0m
[0m[1mmodule.eks.aws_iam_policy.cluster_encryption[0]: Refreshing state... [id=arn:aws:iam::802019299867:policy/ai-gitops-gitops-test-cluster-ClusterEncryption20260224174723468100000001][0m
[0m[1mmodule.eks.aws_eks_cluster.this[0]: Refreshing state... [id=ai-gitops-gitops-test][0m
[0m[1mmodule.eks.aws_eks_access_entry.this["EKSAdmin"]: Refreshing state... [id=ai-gitops-gitops-test:arn:aws:iam::802019299867:role/ai-gitops-gitops-test-EKSAdmin][0m
[0m[1maws_ec2_tag.cluster_primary_security_group[0]: Refreshing state... [id=sg-0c78a2dc972e8a609,karpenter.sh/discovery][0m
[0m[1mmodule.eks.aws_eks_access_entry.this["EKSEdit"]: Refreshing state... [id=ai-gitops-gitops-test:arn:aws:iam::802019299867:role/ai-gitops-gitops-test-EKSEdit][0m
[0m[1mmodule.eks.data.tls_certificate.this[0]: Reading...[0m[0m
[0m[1mmodule.eks.aws_eks_access_entry.this["EKSClusterAdmin"]: Refreshing state... [id=ai-gitops-gitops-test:arn:aws:iam::802019299867:role/ai-gitops-gitops-test-EKSClusterAdmin][0m
[0m[1mmodule.eks.aws_eks_access_entry.this["cluster_creator"]: Refreshing state... [id=ai-gitops-gitops-test:arn:aws:iam::802019299867:user/cli-user][0m
[0m[1mmodule.eks.aws_eks_access_entry.this["EKSView"]: Refreshing state... [id=ai-gitops-gitops-test:arn:aws:iam::802019299867:role/ai-gitops-gitops-test-EKSView][0m
[0m[1mmodule.eks.time_sleep.this[0]: Refreshing state... [id=2026-02-24T17:56:19Z][0m
[0m[1mmodule.eks.aws_ec2_tag.cluster_primary_security_group["provisioned-by"]: Refreshing state... [id=sg-0c78a2dc972e8a609,provisioned-by][0m
[0m[1mmodule.eks.aws_ec2_tag.cluster_primary_security_group["purpose"]: Refreshing state... [id=sg-0c78a2dc972e8a609,purpose][0m
[0m[1mmodule.eks.data.tls_certificate.this[0]: Read complete after 0s [id=38b12f081caa262d3c3b1b0f23fda4734317a14d][0m
[0m[1mmodule.eks.aws_ec2_tag.cluster_primary_security_group["Environment"]: Refreshing state... [id=sg-0c78a2dc972e8a609,Environment][0m
[0m[1mmodule.eks.aws_iam_role_policy_attachment.cluster_encryption[0]: Refreshing state... [id=ai-gitops-gitops-test-cluster/arn:aws:iam::802019299867:policy/ai-gitops-gitops-test-cluster-ClusterEncryption20260224174723468100000001][0m
[0m[1mmodule.eks.module.eks_managed_node_group["ai-gitops-gitops-test-criticaladdons"].aws_iam_role_policy_attachment.additional["SSM"]: Refreshing state... [id=ai-gitops-gitops-test-criticaladdons-eks-node-group/arn:aws:iam::aws:policy/AmazonSSMManagedInstanceCore][0m
[0m[1mmodule.eks.module.eks_managed_node_group["ai-gitops-gitops-test-criticaladdons"].aws_iam_role_policy_attachment.this["AmazonEKSWorkerNodePolicy"]: Refreshing state... [id=ai-gitops-gitops-test-criticaladdons-eks-node-group/arn:aws:iam::aws:policy/AmazonEKSWorkerNodePolicy][0m
[0m[1mmodule.eks.module.eks_managed_node_group["ai-gitops-gitops-test-criticaladdons"].aws_iam_role_policy_attachment.this["AmazonEC2ContainerRegistryReadOnly"]: Refreshing state... [id=ai-gitops-gitops-test-criticaladdons-eks-node-group/arn:aws:iam::aws:policy/AmazonEC2ContainerRegistryReadOnly][0m
[0m[1mmodule.eks.module.eks_managed_node_group["ai-gitops-gitops-test-criticaladdons"].aws_iam_role_policy_attachment.this["AmazonEKS_CNI_Policy"]: Refreshing state... [id=ai-gitops-gitops-test-criticaladdons-eks-node-group/arn:aws:iam::aws:policy/AmazonEKS_CNI_Policy][0m
[0m[1mmodule.eks.aws_iam_openid_connect_provider.oidc_provider[0]: Refreshing state... [id=arn:aws:iam::802019299867:oidc-provider/oidc.eks.eu-central-1.amazonaws.com/id/66A63C2C96F7D32A3A15AD17B41DCCC2][0m
[0m[1mmodule.eks.module.eks_managed_node_group["ai-gitops-gitops-test-criticaladdons"].module.user_data.null_resource.validate_cluster_service_cidr: Refreshing state... [id=7189296757144527084][0m
[0m[1mmodule.eks.aws_eks_access_policy_association.this["EKSAdmin_single"]: Refreshing state... [id=ai-gitops-gitops-test#arn:aws:iam::802019299867:role/ai-gitops-gitops-test-EKSAdmin#arn:aws:eks::aws:cluster-access-policy/AmazonEKSAdminPolicy][0m
[0m[1mmodule.eks.aws_eks_access_policy_association.this["EKSView_single"]: Refreshing state... [id=ai-gitops-gitops-test#arn:aws:iam::802019299867:role/ai-gitops-gitops-test-EKSView#arn:aws:eks::aws:cluster-access-policy/AmazonEKSViewPolicy][0m
[0m[1mmodule.eks.aws_eks_access_policy_association.this["cluster_creator_admin"]: Refreshing state... [id=ai-gitops-gitops-test#arn:aws:iam::802019299867:user/cli-user#arn:aws:eks::aws:cluster-access-policy/AmazonEKSClusterAdminPolicy][0m
[0m[1mmodule.eks.aws_eks_access_policy_association.this["EKSClusterAdmin_single"]: Refreshing state... [id=ai-gitops-gitops-test#arn:aws:iam::802019299867:role/ai-gitops-gitops-test-EKSClusterAdmin#arn:aws:eks::aws:cluster-access-policy/AmazonEKSClusterAdminPolicy][0m
[0m[1mmodule.eks.aws_eks_access_policy_association.this["EKSEdit_single"]: Refreshing state... [id=ai-gitops-gitops-test#arn:aws:iam::802019299867:role/ai-gitops-gitops-test-EKSEdit#arn:aws:eks::aws:cluster-access-policy/AmazonEKSEditPolicy][0m
[0m[1mmodule.eks.module.eks_managed_node_group["ai-gitops-gitops-test-criticaladdons"].data.aws_ssm_parameter.ami[0]: Reading...[0m[0m
[0m[1mmodule.eks.module.eks_managed_node_group["ai-gitops-gitops-test-criticaladdons"].aws_launch_template.this[0]: Refreshing state... [id=lt-05e6f78f61593666e][0m
[0m[1mmodule.ebs_csi_driver_irsa[0].data.aws_iam_policy_document.this[0]: Reading...[0m[0m
[0m[1mmodule.ebs_csi_driver_irsa[0].data.aws_iam_policy_document.this[0]: Read complete after 0s [id=2915234183][0m
[0m[1mmodule.ebs_csi_driver_irsa[0].aws_iam_role.this[0]: Refreshing state... [id=ai-gitops-gitops-test-ebs-csi][0m
[0m[1mmodule.eks.module.eks_managed_node_group["ai-gitops-gitops-test-criticaladdons"].data.aws_ssm_parameter.ami[0]: Read complete after 0s [id=/aws/service/eks/optimized-ami/1.35/amazon-linux-2023/arm64/standard/recommended/release_version][0m
[0m[1mmodule.eks.module.eks_managed_node_group["ai-gitops-gitops-test-criticaladdons"].aws_eks_node_group.this[0]: Refreshing state... [id=ai-gitops-gitops-test:ai-gitops-gitops-test-criticaladdons-20260224175626238000000006][0m
[0m[1mdata.kubectl_path_documents.karpenter_manifests_dummy[0]: Reading...[0m[0m
[0m[1mdata.kubectl_path_documents.karpenter_manifests_dummy[0]: Read complete after 0s [id=6f9bd90b0f83a49344299094e58678647b2644cbed778621e735b75f8a6ba2d9][0m
[0m[1mmodule.ebs_csi_driver_irsa[0].aws_iam_role_policy_attachment.this["policy"]: Refreshing state... [id=ai-gitops-gitops-test-ebs-csi/arn:aws:iam::aws:policy/service-role/AmazonEBSCSIDriverPolicy][0m
[0m[1mmodule.eks.data.aws_eks_addon_version.this["aws-ebs-csi-driver"]: Reading...[0m[0m
[0m[1mmodule.eks.data.aws_eks_addon_version.this["kube-proxy"]: Reading...[0m[0m
[0m[1mmodule.eks.data.aws_eks_addon_version.this["eks-pod-identity-agent"]: Reading...[0m[0m
[0m[1mmodule.eks.data.aws_eks_addon_version.this["vpc-cni"]: Reading...[0m[0m
[0m[1mmodule.eks.data.aws_eks_addon_version.this["coredns"]: Reading...[0m[0m
[0m[1mmodule.eks.data.aws_eks_addon_version.this["eks-pod-identity-agent"]: Read complete after 0s [id=eks-pod-identity-agent][0m
[0m[1mmodule.eks.data.aws_eks_addon_version.this["aws-ebs-csi-driver"]: Read complete after 0s [id=aws-ebs-csi-driver][0m
[0m[1mmodule.eks.data.aws_eks_addon_version.this["kube-proxy"]: Read complete after 0s [id=kube-proxy][0m
[0m[1mmodule.eks.data.aws_eks_addon_version.this["coredns"]: Read complete after 0s [id=coredns][0m
[0m[1mmodule.eks.data.aws_eks_addon_version.this["vpc-cni"]: Read complete after 0s [id=vpc-cni][0m
[0m[1mmodule.eks.aws_eks_addon.before_compute["kube-proxy"]: Refreshing state... [id=ai-gitops-gitops-test:kube-proxy][0m
[0m[1mmodule.eks.aws_eks_addon.before_compute["vpc-cni"]: Refreshing state... [id=ai-gitops-gitops-test:vpc-cni][0m
[0m[1mmodule.eks.aws_eks_addon.this["aws-ebs-csi-driver"]: Refreshing state... [id=ai-gitops-gitops-test:aws-ebs-csi-driver][0m
[0m[1mmodule.eks.aws_eks_addon.this["eks-pod-identity-agent"]: Refreshing state... [id=ai-gitops-gitops-test:eks-pod-identity-agent][0m
[0m[1mmodule.eks.aws_eks_addon.this["coredns"]: Refreshing state... [id=ai-gitops-gitops-test:coredns][0m
[0m[1mmodule.karpenter.data.aws_partition.current: Reading...[0m[0m
[0m[1mmodule.karpenter.data.aws_partition.current: Read complete after 0s [id=aws][0m
[0m[1mnull_resource.update_kubeconfig: Refreshing state... [id=7549704703153483096][0m
[0m[1mmodule.karpenter.data.aws_region.current: Reading...[0m[0m
[0m[1mmodule.karpenter.data.aws_caller_identity.current: Reading...[0m[0m
[0m[1mmodule.karpenter.data.aws_region.current: Read complete after 0s [id=eu-central-1][0m
[0m[1maws_eks_capability.simple["ack"]: Refreshing state...[0m
[0m[1maws_eks_capability.simple["kro"]: Refreshing state...[0m
[0m[1mmodule.karpenter.data.aws_iam_policy_document.controller_assume_role[0]: Reading...[0m[0m
[0m[1mmodule.karpenter.data.aws_iam_policy_document.node_assume_role[0]: Reading...[0m[0m
[0m[1mkubernetes_annotations.gp2[0]: Refreshing state... [id=apiVersion=storage.k8s.io/v1,kind=StorageClass,name=gp2][0m
[0m[1mmodule.karpenter.aws_sqs_queue.this[0]: Refreshing state... [id=https://sqs.eu-central-1.amazonaws.com/802019299867/Karpenter-ai-gitops-gitops-test][0m
[0m[1mkubernetes_storage_class_v1.gp3[0]: Refreshing state... [id=gp3][0m
[0m[1mmodule.karpenter.data.aws_iam_policy_document.controller_assume_role[0]: Read complete after 0s [id=819195744][0m
[0m[1mmodule.karpenter.data.aws_iam_policy_document.node_assume_role[0]: Read complete after 0s [id=2560088296][0m
[0m[1mmodule.karpenter.aws_cloudwatch_event_rule.this["health_event"]: Refreshing state... [id=KarpenterHealthEvent-2026022417582887010000000b][0m
[0m[1mmodule.karpenter.aws_cloudwatch_event_rule.this["instance_rebalance"]: Refreshing state... [id=KarpenterInstanceRebalance-2026022417582887560000000e][0m
[0m[1mmodule.karpenter.aws_cloudwatch_event_rule.this["instance_state_change"]: Refreshing state... [id=KarpenterInstanceStateChange-2026022417582887060000000c][0m
[0m[1mmodule.karpenter.aws_cloudwatch_event_rule.this["spot_interrupt"]: Refreshing state... [id=KarpenterSpotInterrupt-2026022417582887080000000d][0m
[0m[1mmodule.karpenter.data.aws_caller_identity.current: Read complete after 0s [id=802019299867][0m
[0m[1mmodule.karpenter.aws_iam_role.controller[0]: Refreshing state... [id=KarpenterController-ai-gitops-gitops-test][0m
[0m[1mmodule.karpenter.aws_iam_role.node[0]: Refreshing state... [id=KarpenterNode-ai-gitops-gitops-test][0m
[0m[1mmodule.karpenter.data.aws_iam_policy_document.queue[0]: Reading...[0m[0m
[0m[1mmodule.karpenter.data.aws_iam_policy_document.queue[0]: Read complete after 0s [id=4099633233][0m
[0m[1mmodule.karpenter.aws_sqs_queue_policy.this[0]: Refreshing state... [id=https://sqs.eu-central-1.amazonaws.com/802019299867/Karpenter-ai-gitops-gitops-test][0m
[0m[1mmodule.karpenter.aws_cloudwatch_event_target.this["instance_state_change"]: Refreshing state... [id=KarpenterInstanceStateChange-2026022417582887060000000c-KarpenterInterruptionQueueTarget][0m
[0m[1mmodule.karpenter.aws_cloudwatch_event_target.this["spot_interrupt"]: Refreshing state... [id=KarpenterSpotInterrupt-2026022417582887080000000d-KarpenterInterruptionQueueTarget][0m
[0m[1mmodule.karpenter.aws_cloudwatch_event_target.this["health_event"]: Refreshing state... [id=KarpenterHealthEvent-2026022417582887010000000b-KarpenterInterruptionQueueTarget][0m
[0m[1mmodule.karpenter.aws_cloudwatch_event_target.this["instance_rebalance"]: Refreshing state... [id=KarpenterInstanceRebalance-2026022417582887560000000e-KarpenterInterruptionQueueTarget][0m
[0m[1maws_eks_access_policy_association.kro_edit[0]: Refreshing state... [id=ai-gitops-gitops-test#arn:aws:iam::802019299867:role/ai-gitops-gitops-test-capability-kro#arn:aws:eks::aws:cluster-access-policy/AmazonEKSClusterAdminPolicy][0m
[0m[1mmodule.karpenter.aws_eks_pod_identity_association.karpenter[0]: Refreshing state... [id=a-cl4jav55w1tybn99e][0m
[0m[1mmodule.karpenter.aws_eks_access_entry.node[0]: Refreshing state... [id=ai-gitops-gitops-test:arn:aws:iam::802019299867:role/KarpenterNode-ai-gitops-gitops-test][0m
[0m[1mmodule.karpenter.aws_iam_role_policy_attachment.node_additional["AmazonSSMManagedInstanceCore"]: Refreshing state... [id=KarpenterNode-ai-gitops-gitops-test/arn:aws:iam::aws:policy/AmazonSSMManagedInstanceCore][0m
[0m[1mmodule.karpenter.aws_iam_role_policy_attachment.node["AmazonEKSWorkerNodePolicy"]: Refreshing state... [id=KarpenterNode-ai-gitops-gitops-test/arn:aws:iam::aws:policy/AmazonEKSWorkerNodePolicy][0m
[0m[1mmodule.karpenter.aws_iam_role_policy_attachment.node["AmazonEKS_CNI_Policy"]: Refreshing state... [id=KarpenterNode-ai-gitops-gitops-test/arn:aws:iam::aws:policy/AmazonEKS_CNI_Policy][0m
[0m[1mmodule.karpenter.aws_iam_role_policy_attachment.node["AmazonEC2ContainerRegistryReadOnly"]: Refreshing state... [id=KarpenterNode-ai-gitops-gitops-test/arn:aws:iam::aws:policy/AmazonEC2ContainerRegistryReadOnly][0m
[0m[1mdata.kubectl_path_documents.karpenter_manifests[0]: Reading...[0m[0m
[0m[1mmodule.karpenter.data.aws_iam_policy_document.v1[0]: Reading...[0m[0m
[0m[1mmodule.karpenter.data.aws_iam_policy_document.v033[0]: Reading...[0m[0m
[0m[1mdata.kubectl_path_documents.karpenter_manifests[0]: Read complete after 0s [id=a0fdcdeb479f841e6eca61354a55acd9cfbb5c71c81817b20ba4c33e059d653f][0m
[0m[1mmodule.karpenter.data.aws_iam_policy_document.v033[0]: Read complete after 0s [id=325528123][0m
[0m[1mmodule.karpenter.data.aws_iam_policy_document.v1[0]: Read complete after 0s [id=3452318978][0m
[0m[1mmodule.karpenter.data.aws_iam_policy_document.controller[0]: Reading...[0m[0m
[0m[1mmodule.karpenter.data.aws_iam_policy_document.controller[0]: Read complete after 0s [id=3452318978][0m
[0m[1mmodule.karpenter.aws_iam_policy.controller[0]: Refreshing state... [id=arn:aws:iam::802019299867:policy/KarpenterController-20260224175855328000000012][0m
[0m[1mmodule.karpenter.aws_iam_role_policy_attachment.controller[0]: Refreshing state... [id=KarpenterController-ai-gitops-gitops-test/arn:aws:iam::802019299867:policy/KarpenterController-20260224175855328000000012][0m
[0m[1mhelm_release.karpenter[0]: Refreshing state... [id=karpenter][0m
[0m[1mkubectl_manifest.karpenter_manifests[2]: Refreshing state... [id=/apis/karpenter.k8s.aws/v1/ec2nodeclasses/gpu-inference][0m
[0m[1mkubectl_manifest.karpenter_manifests[1]: Refreshing state... [id=/apis/karpenter.k8s.aws/v1/ec2nodeclasses/default][0m
[0m[1mkubectl_manifest.karpenter_manifests[3]: Refreshing state... [id=/apis/karpenter.sh/v1/nodepools/gpu-inference][0m
[0m[1mkubectl_manifest.karpenter_manifests[0]: Refreshing state... [id=/apis/karpenter.sh/v1/nodepools/default][0m

Terraform used the selected providers to generate the following execution
plan. Resource actions are indicated with the following symbols:
  [32m+[0m create[0m
  [33m~[0m update in-place[0m

Terraform will perform the following actions:

[1m  # aws_eks_capability.argocd[0][0m will be created
[0m  [32m+[0m[0m resource "aws_eks_capability" "argocd" {
      [32m+[0m[0m arn                       = (known after apply)
      [32m+[0m[0m capability_name           = "argocd"
      [32m+[0m[0m cluster_name              = "ai-gitops-gitops-test"
      [32m+[0m[0m delete_propagation_policy = "RETAIN"
      [32m+[0m[0m region                    = "eu-central-1"
      [32m+[0m[0m role_arn                  = "arn:aws:iam::802019299867:role/ai-gitops-gitops-test-capability-argocd"
      [32m+[0m[0m tags                      = {
          [32m+[0m[0m "Environment"    = "gitops-test"
          [32m+[0m[0m "provisioned-by" = "aws-solutions-library-samples/guidance-for-automated-provisioning-of-application-ready-amazon-eks-clusters"
          [32m+[0m[0m "purpose"        = "ai-platform-validation"
        }
      [32m+[0m[0m tags_all                  = {
          [32m+[0m[0m "Environment"    = "gitops-test"
          [32m+[0m[0m "provisioned-by" = "aws-solutions-library-samples/guidance-for-automated-provisioning-of-application-ready-amazon-eks-clusters"
          [32m+[0m[0m "purpose"        = "ai-platform-validation"
        }
      [32m+[0m[0m type                      = "ARGOCD"
      [32m+[0m[0m version                   = (known after apply)

      [32m+[0m[0m configuration {
          [32m+[0m[0m argo_cd {
              [32m+[0m[0m namespace  = "argocd"
              [32m+[0m[0m server_url = (known after apply)

              [32m+[0m[0m aws_idc {
                  [32m+[0m[0m idc_instance_arn            = "arn:aws:sso:::instance/ssoins-7907801c96b8bc54"
                  [32m+[0m[0m idc_managed_application_arn = (known after apply)
                  [32m+[0m[0m idc_region                  = "us-west-2"
                }

              [32m+[0m[0m rbac_role_mapping {
                  [32m+[0m[0m role = "ADMIN"

                  [32m+[0m[0m identity {
                      [32m+[0m[0m id   = "a821e380-f011-7015-52ed-7842df600c7d"
                      [32m+[0m[0m type = "SSO_USER"
                    }
                }
            }
        }
    }

[1m  # helm_release.karpenter[0][0m will be updated in-place
[0m  [33m~[0m[0m resource "helm_release" "karpenter" {
        id                         = "karpenter"
        name                       = "karpenter"
      [33m~[0m[0m repository_password        = (sensitive value)
        [90m# (29 unchanged attributes hidden)[0m[0m
    }

[1mPlan:[0m 1 to add, 1 to change, 0 to destroy.
[0m[0m[1maws_eks_capability.argocd[0]: Creating...[0m[0m
[0m[1mhelm_release.karpenter[0]: Modifying... [id=karpenter][0m[0m
[0m[1maws_eks_capability.argocd[0]: Still creating... [10s elapsed][0m[0m
[0m[1mhelm_release.karpenter[0]: Modifications complete after 9s [id=karpenter][0m
[0m[1maws_eks_capability.argocd[0]: Still creating... [20s elapsed][0m[0m
[0m[1maws_eks_capability.argocd[0]: Still creating... [30s elapsed][0m[0m
[0m[1maws_eks_capability.argocd[0]: Still creating... [40s elapsed][0m[0m
[0m[1maws_eks_capability.argocd[0]: Still creating... [50s elapsed][0m[0m
[0m[1maws_eks_capability.argocd[0]: Still creating... [1m0s elapsed][0m[0m
[0m[1maws_eks_capability.argocd[0]: Still creating... [1m10s elapsed][0m[0m
[0m[1maws_eks_capability.argocd[0]: Still creating... [1m20s elapsed][0m[0m
[0m[1maws_eks_capability.argocd[0]: Still creating... [1m30s elapsed][0m[0m
[0m[1maws_eks_capability.argocd[0]: Still creating... [1m40s elapsed][0m[0m
[0m[1maws_eks_capability.argocd[0]: Still creating... [1m50s elapsed][0m[0m
[0m[1maws_eks_capability.argocd[0]: Still creating... [2m0s elapsed][0m[0m
[0m[1maws_eks_capability.argocd[0]: Still creating... [2m10s elapsed][0m[0m
[0m[1maws_eks_capability.argocd[0]: Still creating... [2m20s elapsed][0m[0m
[0m[1maws_eks_capability.argocd[0]: Still creating... [2m30s elapsed][0m[0m
[0m[1maws_eks_capability.argocd[0]: Still creating... [2m40s elapsed][0m[0m
[0m[1maws_eks_capability.argocd[0]: Still creating... [2m50s elapsed][0m[0m
[0m[1maws_eks_capability.argocd[0]: Still creating... [3m0s elapsed][0m[0m
[0m[1maws_eks_capability.argocd[0]: Still creating... [3m10s elapsed][0m[0m
[0m[1maws_eks_capability.argocd[0]: Still creating... [3m20s elapsed][0m[0m
[0m[1maws_eks_capability.argocd[0]: Still creating... [3m30s elapsed][0m[0m
[0m[1maws_eks_capability.argocd[0]: Still creating... [3m40s elapsed][0m[0m
[0m[1maws_eks_capability.argocd[0]: Still creating... [3m50s elapsed][0m[0m
[0m[1maws_eks_capability.argocd[0]: Still creating... [4m0s elapsed][0m[0m
[0m[1maws_eks_capability.argocd[0]: Still creating... [4m10s elapsed][0m[0m
[0m[1maws_eks_capability.argocd[0]: Creation complete after 4m18s[0m

[1m[33mWarnings:[0m

[0m- Value for undeclared variable
- Value for undeclared variable
- Deprecated attribute
  on .terraform/modules/ebs_csi_driver_irsa/modules/iam-role-for-service-accounts-eks/main.tf line 9 (and 3 more)

To see the full warning notes, run Terraform without -compact-warnings.
[0m[1m[32m
Apply complete! Resources: 1 added, 1 changed, 0 destroyed.
[0m[0m[1m[32m
Outputs:

[0mcluster_certificate_authority_data = "LS0tLS1CRUdJTiBDRVJUSUZJQ0FURS0tLS0tCk1JSURCVENDQWUyZ0F3SUJBZ0lJRk5xa1gwdEFRd0V3RFFZSktvWklodmNOQVFFTEJRQXdGVEVUTUJFR0ExVUUKQXhNS2EzVmlaWEp1WlhSbGN6QWVGdzB5TmpBeU1qUXhOelEzTXpSYUZ3MHpOakF5TWpJeE56VXlNelJhTUJVeApFekFSQmdOVkJBTVRDbXQxWW1WeWJtVjBaWE13Z2dFaU1BMEdDU3FHU0liM0RRRUJBUVVBQTRJQkR3QXdnZ0VLCkFvSUJBUURTM1l2NzNOT3FrQnRER1ZKTUxRaStwTmJLaFplbG9QajMxMDRmbFdsYVBOZnZPaDUvQS9iSThiTWUKZEt6U0REbGZneEFFZ21nMHFQNU1kc1d1QVdPcE5sQnkzbU51YUVHS08zQnhHWm1Lei9BUC9xLzlsZXBaL0FyRwpJK3I5RVpJNTZMTEpUVXMveklRb0V6S1lEZlluWjl0eUQyNnk1bTNkZ08yQ05pQUdtMU4xZXV3VmFkTjRaRWVwCmlpSmhEMVV2NjlVdERKN3RFOGxWWkRCZUpQSm1WNzRoMVhkL0Y1TDQ2bHlIelVmOW9aRkZMVXFnaCt5MHdpRWMKZlRvUCtDOVlIWE9aOVlDU2RXSDRVb0Y3WWJ6VTR1RG1qZThhcDVYR00yT1BtYmpESm9teEZDNjFqaTJEM3BGdgpta29nT1hOTndDUTRsWWdBMVFTeUdxdFVGM1NmQWdNQkFBR2pXVEJYTUE0R0ExVWREd0VCL3dRRUF3SUNwREFQCkJnTlZIUk1CQWY4RUJUQURBUUgvTUIwR0ExVWREZ1FXQkJSME43aUdXbWdxWUt6dGY3VU1USGp6TUdOTmlUQVYKQmdOVkhSRUVEakFNZ2dwcmRXSmxjbTVsZEdWek1BMEdDU3FHU0liM0RRRUJDd1VBQTRJQkFRQitEdkFjRFM3cgpFZTRtb0VibzR1K0RmVHNlNkFrY2tWSmtCQ1l4Y2wzT2FiVDBUT3kxeTBOZVBNQjJGeDFSVWYzUmxjbTRoZ284CkNiVDQ2UlBZVnVmaTJFZWNEcm9HNUFGa0s0dWhuL1prOU8ya0F1SGh1bG9pTHZCelBoVkFkekNQY0pwV2NxRVYKNE54eU9YaFlhOUNuODB2eFdPUytFTnNSMEVmQW0vMmdMVTNsVjhOejYzY0wveDI4MFNVY0NHTVJ2L0RPMk1LYQozUGh5MlF1VTYvMWZOZWVDODEweGJCK0NuWmE1VTI5YzMxL3lDS0VZanBKNXBlV3BNd20rbVlrc3VuMkZJdkVzCnJpci9GVER4cFZ2MjJTaTJEcVpZcmdOdFBTTDFvOU82SFpwdDFiakdUUmtERXpMc1hxcDllU0JSRzVqZ2ZoUlYKUU1mRklCNXNUVlpMCi0tLS0tRU5EIENFUlRJRklDQVRFLS0tLS0K"
cluster_endpoint = "https://66A63C2C96F7D32A3A15AD17B41DCCC2.gr7.eu-central-1.eks.amazonaws.com"
cluster_name = "ai-gitops-gitops-test"
configure_kubectl = <<EOT
export KUBECONFIG="/tmp/ai-gitops-gitops-test"
aws eks --region eu-central-1 update-kubeconfig --name ai-gitops-gitops-test

EOT
control_plane_subnet_ids = [
  "subnet-0ebef846e7cd17006",
  "subnet-05dada338c3fd0e5f",
  "subnet-068cd5ae13150e6b5",
]
kubernetes_version = "1.35"
oidc_provider_arn = "arn:aws:iam::802019299867:oidc-provider/oidc.eks.eu-central-1.amazonaws.com/id/66A63C2C96F7D32A3A15AD17B41DCCC2"
