[0m[1mmodule.eks_blueprints_addons.data.aws_region.current: Reading...[0m[0m
[0m[1mmodule.eks_blueprints_addons.data.aws_region.current: Read complete after 0s [id=eu-central-1][0m
[0m[1mmodule.eks_blueprints_addons.data.aws_partition.current: Reading...[0m[0m
[0m[1mmodule.eks_blueprints_addons.data.aws_caller_identity.current: Reading...[0m[0m
[0m[1mmodule.eks_blueprints_addons.data.aws_partition.current: Read complete after 0s [id=aws][0m
[0m[1mdata.aws_region.current: Reading...[0m[0m
[0m[1mdata.aws_region.current: Read complete after 0s [id=eu-central-1][0m
[0m[1mdata.aws_caller_identity.current: Reading...[0m[0m
[0m[1mmodule.eks_blueprints_addons.data.aws_caller_identity.current: Read complete after 0s [id=802019299867][0m
[0m[1mdata.aws_caller_identity.current: Read complete after 0s [id=802019299867][0m
[0m[1mdata.terraform_remote_state.vpc: Reading...[0m[0m
[0m[1mdata.terraform_remote_state.eks: Reading...[0m[0m
[0m[1mdata.terraform_remote_state.vpc: Read complete after 1s[0m
[0m[1mmodule.eks_blueprints_addons.module.aws_load_balancer_controller.data.aws_partition.current[0]: Reading...[0m[0m
[0m[1mmodule.eks_blueprints_addons.module.aws_load_balancer_controller.data.aws_caller_identity.current[0]: Reading...[0m[0m
[0m[1mmodule.eks_blueprints_addons.module.aws_load_balancer_controller.data.aws_partition.current[0]: Read complete after 0s [id=aws][0m
[0m[1mmodule.eks_blueprints_addons.data.aws_iam_policy_document.aws_load_balancer_controller[0]: Reading...[0m[0m
[0m[1mmodule.eks_blueprints_addons.data.aws_iam_policy_document.aws_load_balancer_controller[0]: Read complete after 0s [id=481461162][0m
[0m[1mmodule.eks_blueprints_addons.module.aws_load_balancer_controller.data.aws_iam_policy_document.this[0]: Reading...[0m[0m
[0m[1mmodule.eks_blueprints_addons.module.aws_load_balancer_controller.data.aws_iam_policy_document.this[0]: Read complete after 0s [id=481461162][0m
[0m[1mmodule.eks_blueprints_addons.module.aws_load_balancer_controller.data.aws_caller_identity.current[0]: Read complete after 0s [id=802019299867][0m
[0m[1mdata.terraform_remote_state.eks: Read complete after 1s[0m
[0m[1mmodule.eks_blueprints_addons.module.aws_load_balancer_controller.data.aws_iam_policy_document.assume[0]: Reading...[0m[0m
[0m[1mmodule.eks_blueprints_addons.module.aws_load_balancer_controller.data.aws_iam_policy_document.assume[0]: Read complete after 0s [id=3284743129][0m

Terraform used the selected providers to generate the following execution
plan. Resource actions are indicated with the following symbols:
  [32m+[0m create[0m

Terraform will perform the following actions:

[1m  # module.eks_blueprints_addons.aws_cloudformation_stack.usage_telemetry[0][0m will be created
[0m  [32m+[0m[0m resource "aws_cloudformation_stack" "usage_telemetry" {
      [32m+[0m[0m id            = (known after apply)
      [32m+[0m[0m name          = (sensitive value)
      [32m+[0m[0m on_failure    = "DO_NOTHING"
      [32m+[0m[0m outputs       = (known after apply)
      [32m+[0m[0m parameters    = (known after apply)
      [32m+[0m[0m policy_body   = (known after apply)
      [32m+[0m[0m tags_all      = {
          [32m+[0m[0m "Environment"    = "gitops-test"
          [32m+[0m[0m "provisioned-by" = "aws-solutions-library-samples/guidance-for-automated-provisioning-of-application-ready-amazon-eks-clusters"
          [32m+[0m[0m "purpose"        = "ai-platform-validation"
        }
      [32m+[0m[0m template_body = jsonencode(
            {
              [32m+[0m[0m AWSTemplateFormatVersion = "2010-09-09"
              [32m+[0m[0m Description              = "Usage telemetry for EKS Blueprints. (qs-1ubotj5kl)"
              [32m+[0m[0m Resources                = {
                  [32m+[0m[0m EmptyResource = {
                      [32m+[0m[0m Type = "AWS::CloudFormation::WaitConditionHandle"
                    }
                }
            }
        )
    }

[1m  # module.eks_blueprints_addons.random_bytes.this[0m will be created
[0m  [32m+[0m[0m resource "random_bytes" "this" {
      [32m+[0m[0m base64 = (sensitive value)
      [32m+[0m[0m hex    = (sensitive value)
      [32m+[0m[0m length = 2
    }

[1m  # module.eks_blueprints_addons.time_sleep.this[0m will be created
[0m  [32m+[0m[0m resource "time_sleep" "this" {
      [32m+[0m[0m create_duration = "30s"
      [32m+[0m[0m id              = (known after apply)
      [32m+[0m[0m triggers        = {
          [32m+[0m[0m "cluster_endpoint"  = "https://66A63C2C96F7D32A3A15AD17B41DCCC2.gr7.eu-central-1.eks.amazonaws.com"
          [32m+[0m[0m "cluster_name"      = "ai-gitops-gitops-test"
          [32m+[0m[0m "custom"            = ""
          [32m+[0m[0m "oidc_provider_arn" = "arn:aws:iam::802019299867:oidc-provider/oidc.eks.eu-central-1.amazonaws.com/id/66A63C2C96F7D32A3A15AD17B41DCCC2"
        }
    }

[1m  # module.eks_blueprints_addons.module.aws_load_balancer_controller.aws_iam_policy.this[0][0m will be created
[0m  [32m+[0m[0m resource "aws_iam_policy" "this" {
      [32m+[0m[0m arn              = (known after apply)
      [32m+[0m[0m attachment_count = (known after apply)
      [32m+[0m[0m description      = "IAM Policy for AWS Load Balancer Controller"
      [32m+[0m[0m id               = (known after apply)
      [32m+[0m[0m name             = (known after apply)
      [32m+[0m[0m name_prefix      = "alb-controller-"
      [32m+[0m[0m path             = "/"
      [32m+[0m[0m policy           = jsonencode(
            {
              [32m+[0m[0m Statement = [
                  [32m+[0m[0m {
                      [32m+[0m[0m Action    = "iam:CreateServiceLinkedRole"
                      [32m+[0m[0m Condition = {
                          [32m+[0m[0m StringEquals = {
                              [32m+[0m[0m "iam:AWSServiceName" = "elasticloadbalancing.amazonaws.com"
                            }
                        }
                      [32m+[0m[0m Effect    = "Allow"
                      [32m+[0m[0m Resource  = "*"
                    },
                  [32m+[0m[0m {
                      [32m+[0m[0m Action   = [
                          [32m+[0m[0m "elasticloadbalancing:DescribeTrustStores",
                          [32m+[0m[0m "elasticloadbalancing:DescribeTargetHealth",
                          [32m+[0m[0m "elasticloadbalancing:DescribeTargetGroups",
                          [32m+[0m[0m "elasticloadbalancing:DescribeTargetGroupAttributes",
                          [32m+[0m[0m "elasticloadbalancing:DescribeTags",
                          [32m+[0m[0m "elasticloadbalancing:DescribeSSLPolicies",
                          [32m+[0m[0m "elasticloadbalancing:DescribeRules",
                          [32m+[0m[0m "elasticloadbalancing:DescribeLoadBalancers",
                          [32m+[0m[0m "elasticloadbalancing:DescribeLoadBalancerAttributes",
                          [32m+[0m[0m "elasticloadbalancing:DescribeListeners",
                          [32m+[0m[0m "elasticloadbalancing:DescribeListenerCertificates",
                          [32m+[0m[0m "elasticloadbalancing:DescribeListenerAttributes",
                          [32m+[0m[0m "elasticloadbalancing:DescribeCapacityReservation",
                          [32m+[0m[0m "ec2:GetSecurityGroupsForVpc",
                          [32m+[0m[0m "ec2:GetCoipPoolUsage",
                          [32m+[0m[0m "ec2:DescribeVpcs",
                          [32m+[0m[0m "ec2:DescribeVpcPeeringConnections",
                          [32m+[0m[0m "ec2:DescribeTags",
                          [32m+[0m[0m "ec2:DescribeSubnets",
                          [32m+[0m[0m "ec2:DescribeSecurityGroups",
                          [32m+[0m[0m "ec2:DescribeNetworkInterfaces",
                          [32m+[0m[0m "ec2:DescribeIpamPools",
                          [32m+[0m[0m "ec2:DescribeInternetGateways",
                          [32m+[0m[0m "ec2:DescribeInstances",
                          [32m+[0m[0m "ec2:DescribeCoipPools",
                          [32m+[0m[0m "ec2:DescribeAvailabilityZones",
                          [32m+[0m[0m "ec2:DescribeAddresses",
                          [32m+[0m[0m "ec2:DescribeAccountAttributes",
                        ]
                      [32m+[0m[0m Effect   = "Allow"
                      [32m+[0m[0m Resource = "*"
                    },
                  [32m+[0m[0m {
                      [32m+[0m[0m Action   = [
                          [32m+[0m[0m "wafv2:GetWebACLForResource",
                          [32m+[0m[0m "wafv2:GetWebACL",
                          [32m+[0m[0m "wafv2:DisassociateWebACL",
                          [32m+[0m[0m "wafv2:AssociateWebACL",
                          [32m+[0m[0m "waf-regional:GetWebACLForResource",
                          [32m+[0m[0m "waf-regional:GetWebACL",
                          [32m+[0m[0m "waf-regional:DisassociateWebACL",
                          [32m+[0m[0m "waf-regional:AssociateWebACL",
                          [32m+[0m[0m "shield:GetSubscriptionState",
                          [32m+[0m[0m "shield:DescribeProtection",
                          [32m+[0m[0m "shield:DeleteProtection",
                          [32m+[0m[0m "shield:CreateProtection",
                          [32m+[0m[0m "iam:ListServerCertificates",
                          [32m+[0m[0m "iam:GetServerCertificate",
                          [32m+[0m[0m "cognito-idp:DescribeUserPoolClient",
                          [32m+[0m[0m "acm:ListCertificates",
                          [32m+[0m[0m "acm:DescribeCertificate",
                        ]
                      [32m+[0m[0m Effect   = "Allow"
                      [32m+[0m[0m Resource = "*"
                    },
                  [32m+[0m[0m {
                      [32m+[0m[0m Action   = [
                          [32m+[0m[0m "ec2:RevokeSecurityGroupIngress",
                          [32m+[0m[0m "ec2:AuthorizeSecurityGroupIngress",
                        ]
                      [32m+[0m[0m Effect   = "Allow"
                      [32m+[0m[0m Resource = "*"
                    },
                  [32m+[0m[0m {
                      [32m+[0m[0m Action   = "ec2:CreateSecurityGroup"
                      [32m+[0m[0m Effect   = "Allow"
                      [32m+[0m[0m Resource = "*"
                    },
                  [32m+[0m[0m {
                      [32m+[0m[0m Action    = "ec2:CreateTags"
                      [32m+[0m[0m Condition = {
                          [32m+[0m[0m Null         = {
                              [32m+[0m[0m "aws:RequestTag/elbv2.k8s.aws/cluster" = "false"
                            }
                          [32m+[0m[0m StringEquals = {
                              [32m+[0m[0m "ec2:CreateAction" = "CreateSecurityGroup"
                            }
                        }
                      [32m+[0m[0m Effect    = "Allow"
                      [32m+[0m[0m Resource  = "arn:aws:ec2:*:*:security-group/*"
                    },
                  [32m+[0m[0m {
                      [32m+[0m[0m Action    = [
                          [32m+[0m[0m "ec2:DeleteTags",
                          [32m+[0m[0m "ec2:CreateTags",
                        ]
                      [32m+[0m[0m Condition = {
                          [32m+[0m[0m Null = {
                              [32m+[0m[0m "aws:RequestTag/elbv2.k8s.aws/cluster"  = "true"
                              [32m+[0m[0m "aws:ResourceTag/elbv2.k8s.aws/cluster" = "false"
                            }
                        }
                      [32m+[0m[0m Effect    = "Allow"
                      [32m+[0m[0m Resource  = "arn:aws:ec2:*:*:security-group/*"
                    },
                  [32m+[0m[0m {
                      [32m+[0m[0m Action    = [
                          [32m+[0m[0m "ec2:RevokeSecurityGroupIngress",
                          [32m+[0m[0m "ec2:DeleteSecurityGroup",
                          [32m+[0m[0m "ec2:AuthorizeSecurityGroupIngress",
                        ]
                      [32m+[0m[0m Condition = {
                          [32m+[0m[0m Null = {
                              [32m+[0m[0m "aws:ResourceTag/elbv2.k8s.aws/cluster" = "false"
                            }
                        }
                      [32m+[0m[0m Effect    = "Allow"
                      [32m+[0m[0m Resource  = "*"
                    },
                  [32m+[0m[0m {
                      [32m+[0m[0m Action    = [
                          [32m+[0m[0m "elasticloadbalancing:CreateTargetGroup",
                          [32m+[0m[0m "elasticloadbalancing:CreateLoadBalancer",
                        ]
                      [32m+[0m[0m Condition = {
                          [32m+[0m[0m Null = {
                              [32m+[0m[0m "aws:RequestTag/elbv2.k8s.aws/cluster" = "false"
                            }
                        }
                      [32m+[0m[0m Effect    = "Allow"
                      [32m+[0m[0m Resource  = "*"
                    },
                  [32m+[0m[0m {
                      [32m+[0m[0m Action   = [
                          [32m+[0m[0m "elasticloadbalancing:DeleteRule",
                          [32m+[0m[0m "elasticloadbalancing:DeleteListener",
                          [32m+[0m[0m "elasticloadbalancing:CreateRule",
                          [32m+[0m[0m "elasticloadbalancing:CreateListener",
                        ]
                      [32m+[0m[0m Effect   = "Allow"
                      [32m+[0m[0m Resource = "*"
                    },
                  [32m+[0m[0m {
                      [32m+[0m[0m Action    = [
                          [32m+[0m[0m "elasticloadbalancing:RemoveTags",
                          [32m+[0m[0m "elasticloadbalancing:AddTags",
                        ]
                      [32m+[0m[0m Condition = {
                          [32m+[0m[0m Null = {
                              [32m+[0m[0m "aws:RequestTag/elbv2.k8s.aws/cluster"  = "true"
                              [32m+[0m[0m "aws:ResourceTag/elbv2.k8s.aws/cluster" = "false"
                            }
                        }
                      [32m+[0m[0m Effect    = "Allow"
                      [32m+[0m[0m Resource  = [
                          [32m+[0m[0m "arn:aws:elasticloadbalancing:*:*:targetgroup/*/*",
                          [32m+[0m[0m "arn:aws:elasticloadbalancing:*:*:loadbalancer/net/*/*",
                          [32m+[0m[0m "arn:aws:elasticloadbalancing:*:*:loadbalancer/app/*/*",
                        ]
                    },
                  [32m+[0m[0m {
                      [32m+[0m[0m Action   = [
                          [32m+[0m[0m "elasticloadbalancing:RemoveTags",
                          [32m+[0m[0m "elasticloadbalancing:AddTags",
                        ]
                      [32m+[0m[0m Effect   = "Allow"
                      [32m+[0m[0m Resource = [
                          [32m+[0m[0m "arn:aws:elasticloadbalancing:*:*:listener/net/*/*/*",
                          [32m+[0m[0m "arn:aws:elasticloadbalancing:*:*:listener/app/*/*/*",
                          [32m+[0m[0m "arn:aws:elasticloadbalancing:*:*:listener-rule/net/*/*/*",
                          [32m+[0m[0m "arn:aws:elasticloadbalancing:*:*:listener-rule/app/*/*/*",
                        ]
                    },
                  [32m+[0m[0m {
                      [32m+[0m[0m Action    = [
                          [32m+[0m[0m "elasticloadbalancing:SetSubnets",
                          [32m+[0m[0m "elasticloadbalancing:SetSecurityGroups",
                          [32m+[0m[0m "elasticloadbalancing:SetIpAddressType",
                          [32m+[0m[0m "elasticloadbalancing:ModifyTargetGroupAttributes",
                          [32m+[0m[0m "elasticloadbalancing:ModifyTargetGroup",
                          [32m+[0m[0m "elasticloadbalancing:ModifyLoadBalancerAttributes",
                          [32m+[0m[0m "elasticloadbalancing:ModifyListenerAttributes",
                          [32m+[0m[0m "elasticloadbalancing:ModifyIpPools",
                          [32m+[0m[0m "elasticloadbalancing:ModifyCapacityReservation",
                          [32m+[0m[0m "elasticloadbalancing:DeleteTargetGroup",
                          [32m+[0m[0m "elasticloadbalancing:DeleteLoadBalancer",
                        ]
                      [32m+[0m[0m Condition = {
                          [32m+[0m[0m Null = {
                              [32m+[0m[0m "aws:ResourceTag/elbv2.k8s.aws/cluster" = "false"
                            }
                        }
                      [32m+[0m[0m Effect    = "Allow"
                      [32m+[0m[0m Resource  = "*"
                    },
                  [32m+[0m[0m {
                      [32m+[0m[0m Action    = "elasticloadbalancing:AddTags"
                      [32m+[0m[0m Condition = {
                          [32m+[0m[0m Null         = {
                              [32m+[0m[0m "aws:RequestTag/elbv2.k8s.aws/cluster" = "false"
                            }
                          [32m+[0m[0m StringEquals = {
                              [32m+[0m[0m "elasticloadbalancing:CreateAction" = [
                                  [32m+[0m[0m "CreateTargetGroup",
                                  [32m+[0m[0m "CreateLoadBalancer",
                                ]
                            }
                        }
                      [32m+[0m[0m Effect    = "Allow"
                      [32m+[0m[0m Resource  = [
                          [32m+[0m[0m "arn:aws:elasticloadbalancing:*:*:targetgroup/*/*",
                          [32m+[0m[0m "arn:aws:elasticloadbalancing:*:*:loadbalancer/net/*/*",
                          [32m+[0m[0m "arn:aws:elasticloadbalancing:*:*:loadbalancer/app/*/*",
                        ]
                    },
                  [32m+[0m[0m {
                      [32m+[0m[0m Action   = [
                          [32m+[0m[0m "elasticloadbalancing:RegisterTargets",
                          [32m+[0m[0m "elasticloadbalancing:DeregisterTargets",
                        ]
                      [32m+[0m[0m Effect   = "Allow"
                      [32m+[0m[0m Resource = "arn:aws:elasticloadbalancing:*:*:targetgroup/*/*"
                    },
                  [32m+[0m[0m {
                      [32m+[0m[0m Action   = [
                          [32m+[0m[0m "elasticloadbalancing:SetWebAcl",
                          [32m+[0m[0m "elasticloadbalancing:SetRulePriorities",
                          [32m+[0m[0m "elasticloadbalancing:RemoveListenerCertificates",
                          [32m+[0m[0m "elasticloadbalancing:ModifyRule",
                          [32m+[0m[0m "elasticloadbalancing:ModifyListener",
                          [32m+[0m[0m "elasticloadbalancing:AddListenerCertificates",
                        ]
                      [32m+[0m[0m Effect   = "Allow"
                      [32m+[0m[0m Resource = "*"
                    },
                ]
              [32m+[0m[0m Version   = "2012-10-17"
            }
        )
      [32m+[0m[0m policy_id        = (known after apply)
      [32m+[0m[0m tags_all         = {
          [32m+[0m[0m "Environment"    = "gitops-test"
          [32m+[0m[0m "provisioned-by" = "aws-solutions-library-samples/guidance-for-automated-provisioning-of-application-ready-amazon-eks-clusters"
          [32m+[0m[0m "purpose"        = "ai-platform-validation"
        }
    }

[1m  # module.eks_blueprints_addons.module.aws_load_balancer_controller.aws_iam_role.this[0][0m will be created
[0m  [32m+[0m[0m resource "aws_iam_role" "this" {
      [32m+[0m[0m arn                   = (known after apply)
      [32m+[0m[0m assume_role_policy    = jsonencode(
            {
              [32m+[0m[0m Statement = [
                  [32m+[0m[0m {
                      [32m+[0m[0m Action    = "sts:AssumeRoleWithWebIdentity"
                      [32m+[0m[0m Condition = {
                          [32m+[0m[0m StringEquals = {
                              [32m+[0m[0m "oidc.eks.eu-central-1.amazonaws.com/id/66A63C2C96F7D32A3A15AD17B41DCCC2:aud" = "sts.amazonaws.com"
                              [32m+[0m[0m "oidc.eks.eu-central-1.amazonaws.com/id/66A63C2C96F7D32A3A15AD17B41DCCC2:sub" = "system:serviceaccount:kube-system:aws-load-balancer-controller-sa"
                            }
                        }
                      [32m+[0m[0m Effect    = "Allow"
                      [32m+[0m[0m Principal = {
                          [32m+[0m[0m Federated = "arn:aws:iam::802019299867:oidc-provider/oidc.eks.eu-central-1.amazonaws.com/id/66A63C2C96F7D32A3A15AD17B41DCCC2"
                        }
                    },
                ]
              [32m+[0m[0m Version   = "2012-10-17"
            }
        )
      [32m+[0m[0m create_date           = (known after apply)
      [32m+[0m[0m description           = "IRSA for aws-load-balancer-controller project"
      [32m+[0m[0m force_detach_policies = true
      [32m+[0m[0m id                    = (known after apply)
      [32m+[0m[0m managed_policy_arns   = (known after apply)
      [32m+[0m[0m max_session_duration  = 3600
      [32m+[0m[0m name                  = (known after apply)
      [32m+[0m[0m name_prefix           = "alb-controller-"
      [32m+[0m[0m path                  = "/"
      [32m+[0m[0m tags_all              = {
          [32m+[0m[0m "Environment"    = "gitops-test"
          [32m+[0m[0m "provisioned-by" = "aws-solutions-library-samples/guidance-for-automated-provisioning-of-application-ready-amazon-eks-clusters"
          [32m+[0m[0m "purpose"        = "ai-platform-validation"
        }
      [32m+[0m[0m unique_id             = (known after apply)
    }

[1m  # module.eks_blueprints_addons.module.aws_load_balancer_controller.aws_iam_role_policy_attachment.this[0][0m will be created
[0m  [32m+[0m[0m resource "aws_iam_role_policy_attachment" "this" {
      [32m+[0m[0m id         = (known after apply)
      [32m+[0m[0m policy_arn = (known after apply)
      [32m+[0m[0m role       = (known after apply)
    }

[1m  # module.eks_blueprints_addons.module.aws_load_balancer_controller.helm_release.this[0][0m will be created
[0m  [32m+[0m[0m resource "helm_release" "this" {
      [32m+[0m[0m atomic                     = false
      [32m+[0m[0m chart                      = "aws-load-balancer-controller"
      [32m+[0m[0m cleanup_on_fail            = false
      [32m+[0m[0m create_namespace           = false
      [32m+[0m[0m dependency_update          = false
      [32m+[0m[0m description                = "A Helm chart to deploy aws-load-balancer-controller for ingress resources"
      [32m+[0m[0m disable_crd_hooks          = false
      [32m+[0m[0m disable_openapi_validation = false
      [32m+[0m[0m disable_webhooks           = false
      [32m+[0m[0m force_update               = false
      [32m+[0m[0m id                         = (known after apply)
      [32m+[0m[0m lint                       = false
      [32m+[0m[0m manifest                   = (known after apply)
      [32m+[0m[0m max_history                = 0
      [32m+[0m[0m metadata                   = (known after apply)
      [32m+[0m[0m name                       = "aws-load-balancer-controller"
      [32m+[0m[0m namespace                  = "kube-system"
      [32m+[0m[0m pass_credentials           = false
      [32m+[0m[0m recreate_pods              = false
      [32m+[0m[0m render_subchart_notes      = true
      [32m+[0m[0m replace                    = false
      [32m+[0m[0m repository                 = "https://aws.github.io/eks-charts"
      [32m+[0m[0m reset_values               = false
      [32m+[0m[0m reuse_values               = false
      [32m+[0m[0m skip_crds                  = false
      [32m+[0m[0m status                     = "deployed"
      [32m+[0m[0m timeout                    = 300
      [32m+[0m[0m values                     = [
          [32m+[0m[0m <<-EOT
                "tolerations":
                - "effect": "NoSchedule"
                  "key": "CriticalAddonsOnly"
                  "operator": "Exists"
            EOT,
        ]
      [32m+[0m[0m verify                     = false
      [32m+[0m[0m version                    = "1.7.1"
      [32m+[0m[0m wait                       = false
      [32m+[0m[0m wait_for_jobs              = false

      [32m+[0m[0m set {
          [32m+[0m[0m name  = "clusterName"
          [32m+[0m[0m value = "ai-gitops-gitops-test"
        }
      [32m+[0m[0m set {
          [32m+[0m[0m name  = "serviceAccount.annotations.eks\\.amazonaws\\.com/role-arn"
          [32m+[0m[0m value = (known after apply)
        }
      [32m+[0m[0m set {
          [32m+[0m[0m name  = "serviceAccount.name"
          [32m+[0m[0m value = "aws-load-balancer-controller-sa"
        }
      [32m+[0m[0m set {
          [32m+[0m[0m name  = "vpcId"
          [32m+[0m[0m value = "vpc-0507279412316f43b"
        }
    }

[1mPlan:[0m 7 to add, 0 to change, 0 to destroy.
[0m[0m[1mmodule.eks_blueprints_addons.time_sleep.this: Creating...[0m[0m
[0m[1mmodule.eks_blueprints_addons.random_bytes.this: Creating...[0m[0m
[0m[1mmodule.eks_blueprints_addons.random_bytes.this: Creation complete after 0s[0m
[0m[1mmodule.eks_blueprints_addons.aws_cloudformation_stack.usage_telemetry[0]: Creating...[0m[0m
[0m[1mmodule.eks_blueprints_addons.module.aws_load_balancer_controller.aws_iam_role.this[0]: Creating...[0m[0m
[0m[1mmodule.eks_blueprints_addons.module.aws_load_balancer_controller.aws_iam_policy.this[0]: Creating...[0m[0m
[0m[1mmodule.eks_blueprints_addons.module.aws_load_balancer_controller.aws_iam_policy.this[0]: Creation complete after 1s [id=arn:aws:iam::802019299867:policy/alb-controller-20260224180221177000000003][0m
[0m[1mmodule.eks_blueprints_addons.module.aws_load_balancer_controller.aws_iam_role.this[0]: Creation complete after 1s [id=alb-controller-20260224180221176100000002][0m
[0m[1mmodule.eks_blueprints_addons.module.aws_load_balancer_controller.aws_iam_role_policy_attachment.this[0]: Creating...[0m[0m
[0m[1mmodule.eks_blueprints_addons.module.aws_load_balancer_controller.aws_iam_role_policy_attachment.this[0]: Creation complete after 1s [id=alb-controller-20260224180221176100000002-20260224180222574100000004][0m
[0m[1mmodule.eks_blueprints_addons.time_sleep.this: Still creating... [10s elapsed][0m[0m
[0m[1mmodule.eks_blueprints_addons.aws_cloudformation_stack.usage_telemetry[0]: Still creating... [10s elapsed][0m[0m
[0m[1mmodule.eks_blueprints_addons.aws_cloudformation_stack.usage_telemetry[0]: Creation complete after 11s [id=arn:aws:cloudformation:eu-central-1:802019299867:stack/ai-gitops-gitops-test-3274/f72e5f80-11aa-11f1-a605-0a725f189c1b][0m
[0m[1mmodule.eks_blueprints_addons.time_sleep.this: Still creating... [20s elapsed][0m[0m
[0m[1mmodule.eks_blueprints_addons.time_sleep.this: Still creating... [30s elapsed][0m[0m
[0m[1mmodule.eks_blueprints_addons.time_sleep.this: Creation complete after 30s [id=2026-02-24T18:02:50Z][0m
[0m[1mmodule.eks_blueprints_addons.module.aws_load_balancer_controller.helm_release.this[0]: Creating...[0m[0m
[0m[1mmodule.eks_blueprints_addons.module.aws_load_balancer_controller.helm_release.this[0]: Still creating... [10s elapsed][0m[0m
[0m[1mmodule.eks_blueprints_addons.module.aws_load_balancer_controller.helm_release.this[0]: Creation complete after 16s [id=aws-load-balancer-controller][0m

[1m[33mWarnings:[0m

[0m- Value for undeclared variable
- Value for undeclared variable

To see the full warning notes, run Terraform without -compact-warnings.
[0m[1m[32m
Apply complete! Resources: 7 added, 0 changed, 0 destroyed.
[0m